// !$*UTF8*$!
{
	archiveVersion = 1;
	classes = {
	};
	objectVersion = 48;
	objects = {

/* Begin PBXBuildFile section */
		009181DB2C30EA37DC459373993A2344 /* Errors.swift in Sources */ = {isa = PBXBuildFile; fileRef = F6FFAFD36DBFADF2E51D872BAD526DF6 /* Errors.swift */; };
		01F1C5695D20C27942DFECED1195107B /* Nimble.framework in Copy Frameworks */ = {isa = PBXBuildFile; fileRef = 946A02D8E49A74EDBEBD78F9E7F24730 /* Nimble.framework */; settings = {ATTRIBUTES = (CodeSignOnCopy, RemoveHeadersOnCopy, ); }; };
		03DDF840DFFB1F8DF385C0AC572B5532 /* AtlasMockAPI.framework in Frameworks */ = {isa = PBXBuildFile; fileRef = F6772A4535AED1B118CFDB67D8CAF8A7 /* AtlasMockAPI.framework */; };
		04F8BD9D88669AAD2D215A947CD3A3EA /* JSONJsonsTests.swift in Sources */ = {isa = PBXBuildFile; fileRef = BAFDFB24147F9376858D374351D13716 /* JSONJsonsTests.swift */; };
		067FC4466FFDF3D1F9A54EAAB43FA3B7 /* GuestPaymentMethod.swift in Sources */ = {isa = PBXBuildFile; fileRef = 88271BCC31E360BEF49D8115AE83264E /* GuestPaymentMethod.swift */; };
		06E5C0933C2D59ECB6AF221DC82004F3 /* CheckAddressRequest.swift in Sources */ = {isa = PBXBuildFile; fileRef = A8FC4AE03906C5C3860F5055CDD3232B /* CheckAddressRequest.swift */; };
		08F3649E71AE56162E4D2266EDB26CD9 /* JSONTests.json in Resources */ = {isa = PBXBuildFile; fileRef = A023616F03693A66D2C05C77C12B5C02 /* JSONTests.json */; };
		19052EC3C88FE3710B358C8A009122EF /* PickupPoint.swift in Sources */ = {isa = PBXBuildFile; fileRef = 1F74E6F0CBCE6D7E27184F239E9438F9 /* PickupPoint.swift */; };
		1911CC114DB83B6E06B990E5F8CD42AA /* APICustomerTests.swift in Sources */ = {isa = PBXBuildFile; fileRef = 56A61783B05CE0621331D112E3EA078E /* APICustomerTests.swift */; };
		1D26760B7E14BE76D4825E15D1CE6604 /* Results.swift in Sources */ = {isa = PBXBuildFile; fileRef = E66C12B2F7FF31BDDE37B71F9F021EE1 /* Results.swift */; };
		228DA1EE31068C25FB7BA695A50E5DDD /* JSONResponse.swift in Sources */ = {isa = PBXBuildFile; fileRef = 78BD428C28C6631A27A6BCEB01F1A7AD /* JSONResponse.swift */; };
		23D41A051054E2DD90ACA36561D502C5 /* DatesTests.swift in Sources */ = {isa = PBXBuildFile; fileRef = 3D86297961B3CB48A28C5C9C92308D89 /* DatesTests.swift */; };
		240228124E25E1CCE455B8FD3E3F9A92 /* Order.swift in Sources */ = {isa = PBXBuildFile; fileRef = 7CDE9B266DF0DAFAF1BB3ED0A00D2609 /* Order.swift */; };
		2498AE792D1A990EC46EBE236CDFD94A /* KeychainTests.swift in Sources */ = {isa = PBXBuildFile; fileRef = 451081DBEABD8FC9EB00C2974FF0D08B /* KeychainTests.swift */; };
		24FFD22FC660CB12AA036D615B422072 /* CheckAddress.swift in Sources */ = {isa = PBXBuildFile; fileRef = 550185D4F6E3EBAB878EAFC9701AC441 /* CheckAddress.swift */; };
		261B28B342B4AB0AC459145308E87C48 /* GuestOrder.swift in Sources */ = {isa = PBXBuildFile; fileRef = 06F04274C9DF91FEABFDD5EE482E7553 /* GuestOrder.swift */; };
		311D737B343AE828AB1B3EEB2CE5288B /* APIGuestCheckoutTests.swift in Sources */ = {isa = PBXBuildFile; fileRef = B5C2998687DC09E5F86BE3B73A6E1809 /* APIGuestCheckoutTests.swift */; };
		3139D922EE3790EF2597975C5046EDA2 /* GuestCheckout.swift in Sources */ = {isa = PBXBuildFile; fileRef = 439BC5F5E13583D27A6EC5B0EB9C41AB /* GuestCheckout.swift */; };
		330E18182E0C10228CC4E286B36052C3 /* Notifications.swift in Sources */ = {isa = PBXBuildFile; fileRef = C0087275FE972E40F0FD28AA1FA1F838 /* Notifications.swift */; };
		34D565D1422FDFE1F9B482005F88216B /* GuestCartRequest.swift in Sources */ = {isa = PBXBuildFile; fileRef = 1E03081CC39663E90CE41C2416C19A80 /* GuestCartRequest.swift */; };
		3661CE1711B766793BA29B6189BB55FA /* TestsHostAppDelegate.swift in Sources */ = {isa = PBXBuildFile; fileRef = 764FF3CFABC50779538307F379F9209A /* TestsHostAppDelegate.swift */; };
		371BA527F3D8669EDC98C9D6106983FE /* JSONTestCase.swift in Sources */ = {isa = PBXBuildFile; fileRef = C41C6EADE9745542A5F4A34F1963336F /* JSONTestCase.swift */; };
		3823DD4454949B70FF3FC6C6B81BACA1 /* Checkout.swift in Sources */ = {isa = PBXBuildFile; fileRef = 5B5B140809815AB229E44B61389E3F9A /* Checkout.swift */; };
		3841A82752EA65F967C32AE54098426F /* Delivery.swift in Sources */ = {isa = PBXBuildFile; fileRef = D4C60BDB698E3B89D0450DE4DB2F3089 /* Delivery.swift */; };
		3940FAA5D55562AEF721993EBB765652 /* JSONUrlsTests.swift in Sources */ = {isa = PBXBuildFile; fileRef = 218CA5D99F9F1668810924EA53C3BC17 /* JSONUrlsTests.swift */; };
		428559EF37CA4B894BA1D3848DF3DFA8 /* JSONNullsTests.swift in Sources */ = {isa = PBXBuildFile; fileRef = 412C700E4FE8BABA48CA1E5F4D5393A4 /* JSONNullsTests.swift */; };
		42FE443682EE4DA2863C9C7772E77128 /* SKU.swift in Sources */ = {isa = PBXBuildFile; fileRef = 9714951FDF30A6E73B76FEDF02064493 /* SKU.swift */; };
		431276925D480DC7748824D0419AEF97 /* URLSessionMock.swift in Sources */ = {isa = PBXBuildFile; fileRef = A1C1C5E4F032ED7537CF602510CE63DD /* URLSessionMock.swift */; };
		46FFDA6E904A20E7E20B9D17AD0328D3 /* JSONEquatableTests.swift in Sources */ = {isa = PBXBuildFile; fileRef = 15C4B63D7B53B96338D73419E01FF4F6 /* JSONEquatableTests.swift */; };
		4721FC3613C4D4210054C2143D31A9CF /* JSONInitializable.swift in Sources */ = {isa = PBXBuildFile; fileRef = D01A373DFE9983DFFD566CB3529AB23D /* JSONInitializable.swift */; };
		4B10BA7F4980C14CCFD91482E6A8B060 /* Gender.swift in Sources */ = {isa = PBXBuildFile; fileRef = 747A73447DC8ACA0F246CCD8C6D0B513 /* Gender.swift */; };
		4BC8CDC1AD957136AAC451EE348F7895 /* SelectedArticle.swift in Sources */ = {isa = PBXBuildFile; fileRef = 9D1916F693D8F7C8E0E0A08191AFF5AE /* SelectedArticle.swift */; };
		4ECD28F2D5A9072AB04B4E0EFEBB432D /* Options.swift in Sources */ = {isa = PBXBuildFile; fileRef = CC1C1684D882CE9C7E63BB89AA4FBD28 /* Options.swift */; };
		50CBB4EC05164E66790A5149FDA6B1FA /* APIGuestOrderTests.swift in Sources */ = {isa = PBXBuildFile; fileRef = 1C97E9B02046C24CDCACA08685BCF05A /* APIGuestOrderTests.swift */; };
		574121D2711D03274749CD460C82F91A /* APIClientErrorsTests.swift in Sources */ = {isa = PBXBuildFile; fileRef = F3010BEF9FDD14A69B158A003FB4CEC7 /* APIClientErrorsTests.swift */; };
		59B8C60AAF47816AC013834D5807A81F /* GuestOrderRequest.swift in Sources */ = {isa = PBXBuildFile; fileRef = CD8AC71F74ABB8BC7D76407B3A9FCF0D /* GuestOrderRequest.swift */; };
		59E61FC35023F5B1380A55E4F55309ED /* APIAddressesTests.swift in Sources */ = {isa = PBXBuildFile; fileRef = E2D3A26D9E8E95E41B272A10706E062A /* APIAddressesTests.swift */; };
		5D6A3370F54739B5DCF111D194514204 /* CreateAddressRequest.swift in Sources */ = {isa = PBXBuildFile; fileRef = 4944BCDF87800B1F61B9A15A08C0FAC7 /* CreateAddressRequest.swift */; };
		5D74671F0FF99D2161C47A5468886D14 /* JSONStringsTests.swift in Sources */ = {isa = PBXBuildFile; fileRef = 09B246C665C39A98B2FAA6DB8BA3ACDF /* JSONStringsTests.swift */; };
		60737DDB8B3B1121E9A7C0FDDE2B30A3 /* TestOptions.swift in Sources */ = {isa = PBXBuildFile; fileRef = E9B412D145F5B4C92805CCECE14A2892 /* TestOptions.swift */; };
		613D8FF85E470947466AB8AC54D4F3DD /* Catalog.swift in Sources */ = {isa = PBXBuildFile; fileRef = 5122324D4A85204EB38F54BF29FEB024 /* Catalog.swift */; };
		61F07F9373EF70129617D9490C0A085B /* Customer.swift in Sources */ = {isa = PBXBuildFile; fileRef = CA70871321348430C46B108ED24D0827 /* Customer.swift */; };
		620E4FDCAEF5EB433ECC27903529F2E1 /* CheckoutAddresses.swift in Sources */ = {isa = PBXBuildFile; fileRef = 6CF4A6E890DD1042419DC11B39812630 /* CheckoutAddresses.swift */; };
		62A336C02D05C2CF32FCAB761D1CC0CC /* APIGetAddressesEndpointTests.swift in Sources */ = {isa = PBXBuildFile; fileRef = 4EC242C27C538FFF87174759C5187E2F /* APIGetAddressesEndpointTests.swift */; };
		62C7EA7D66821EC79C278B60C3907983 /* GuestCheckoutAddress.swift in Sources */ = {isa = PBXBuildFile; fileRef = 15AB716AB81A1EB750046BA350B059AA /* GuestCheckoutAddress.swift */; };
		6314391419F5F35C66EBFC2ECE79303E /* SystemInfo.swift in Sources */ = {isa = PBXBuildFile; fileRef = E528A14D9CC64F177BA37FDBCF6268E2 /* SystemInfo.swift */; };
		631E37F9CE441F2D010BCA3C44A5A572 /* AtlasAPIClientBaseTests.swift in Sources */ = {isa = PBXBuildFile; fileRef = 9BABF45D96EF6A78461923D239DDCC57 /* AtlasAPIClientBaseTests.swift */; };
		631E7EE031D5A6418FB7DD60074278A7 /* Cart.swift in Sources */ = {isa = PBXBuildFile; fileRef = 4684381074A4798A9C76F19A7002341C /* Cart.swift */; };
		63BD6D5AB647CD11815ABCDCD2724601 /* Payment.swift in Sources */ = {isa = PBXBuildFile; fileRef = A04E7980997323086729450F65FEEF1D /* Payment.swift */; };
		6504D8872E69CAF240F5CC4CD6BEF61A /* GuestCart.swift in Sources */ = {isa = PBXBuildFile; fileRef = BFD0DD80C9475A24C46A54BDD042269C /* GuestCart.swift */; };
		6506392A605FACF4557D0FCDD47ED7E6 /* Config.swift in Sources */ = {isa = PBXBuildFile; fileRef = F5F8397816D421255C10AE0737FAAA41 /* Config.swift */; };
		69CF42E66809D4D6B64EB38068A17ACE /* Default-568h@2x.png in Resources */ = {isa = PBXBuildFile; fileRef = E8D64CF13F8B6EB096F17811FA204DA7 /* Default-568h@2x.png */; };
		705832CFD4ABB43EFDB427959C77B882 /* AtlasTests.swift in Sources */ = {isa = PBXBuildFile; fileRef = CD4835C116AE50B88A092335E1E1D18E /* AtlasTests.swift */; };
		71AA3AC175F71D21D0E992F642EBDA34 /* RFC3339DateFormatter.swift in Sources */ = {isa = PBXBuildFile; fileRef = 8F7431EDD7B7A9CD9C934F540FE32E5E /* RFC3339DateFormatter.swift */; };
		71CA5C7010DC6C89C45532550D24F931 /* CreateCheckoutRequest.swift in Sources */ = {isa = PBXBuildFile; fileRef = A50CA5CE843366FDF5FC08D7C381BBDC /* CreateCheckoutRequest.swift */; };
		727D825FC085BDA1D717C197FDABF439 /* StreetAddress.swift in Sources */ = {isa = PBXBuildFile; fileRef = 402AD2052AB32129CFB12ED77B1D048C /* StreetAddress.swift */; };
		7842AF368F906588908661C4E9C4DB74 /* Atlas.swift in Sources */ = {isa = PBXBuildFile; fileRef = 5FF657CDB5BDD715ADE83432FD427E27 /* Atlas.swift */; };
		7C497E48E41E8F3AA43D7A53390C2793 /* GuestCustomerRequest.swift in Sources */ = {isa = PBXBuildFile; fileRef = F46B45B4F9D975874090BEB8522D81C0 /* GuestCustomerRequest.swift */; };
		7D9992E58F4E287BC6EE7AD30338862F /* FormattableAddress.swift in Sources */ = {isa = PBXBuildFile; fileRef = 34A2E3D95B370914C7B19A3B81E80190 /* FormattableAddress.swift */; };
		7FA480C61E43BF7DB2304C5358FED2D3 /* SKUTest.swift in Sources */ = {isa = PBXBuildFile; fileRef = FC81C5B65FBB101428E48B21872C1121 /* SKUTest.swift */; };
		811AA1F682BDEBB36FAA84B0921AEFBE /* GuestAddressRequest.swift in Sources */ = {isa = PBXBuildFile; fileRef = 0245341CC5B1CB0CF50BF8ACC958B65F /* GuestAddressRequest.swift */; };
		81319D2A1E5EE8DE00A39FE0 /* APIAccessToken.swift in Sources */ = {isa = PBXBuildFile; fileRef = 81319D101E5EE8DE00A39FE0 /* APIAccessToken.swift */; };
		81319D2B1E5EE8DE00A39FE0 /* APIRequest.swift in Sources */ = {isa = PBXBuildFile; fileRef = 81319D111E5EE8DE00A39FE0 /* APIRequest.swift */; };
		81319D2C1E5EE8DE00A39FE0 /* APIClient.swift in Sources */ = {isa = PBXBuildFile; fileRef = 81319D121E5EE8DE00A39FE0 /* APIClient.swift */; };
		81319D2E1E5EE8DE00A39FE0 /* ConfigClient.swift in Sources */ = {isa = PBXBuildFile; fileRef = 81319D141E5EE8DE00A39FE0 /* ConfigClient.swift */; };
		81319D2F1E5EE8DE00A39FE0 /* DataTaskResponse.swift in Sources */ = {isa = PBXBuildFile; fileRef = 81319D151E5EE8DE00A39FE0 /* DataTaskResponse.swift */; };
		81319D301E5EE8DE00A39FE0 /* CheckAddressEndpoint.swift in Sources */ = {isa = PBXBuildFile; fileRef = 81319D171E5EE8DE00A39FE0 /* CheckAddressEndpoint.swift */; };
		81319D311E5EE8DE00A39FE0 /* CompleteGuestOrderEndpoint.swift in Sources */ = {isa = PBXBuildFile; fileRef = 81319D181E5EE8DE00A39FE0 /* CompleteGuestOrderEndpoint.swift */; };
		81319D321E5EE8DE00A39FE0 /* ConfigurableEndpoint.swift in Sources */ = {isa = PBXBuildFile; fileRef = 81319D191E5EE8DE00A39FE0 /* ConfigurableEndpoint.swift */; };
		81319D331E5EE8DE00A39FE0 /* CreateAddressEndpoint.swift in Sources */ = {isa = PBXBuildFile; fileRef = 81319D1A1E5EE8DE00A39FE0 /* CreateAddressEndpoint.swift */; };
		81319D341E5EE8DE00A39FE0 /* CreateCartEndpoint.swift in Sources */ = {isa = PBXBuildFile; fileRef = 81319D1B1E5EE8DE00A39FE0 /* CreateCartEndpoint.swift */; };
		81319D351E5EE8DE00A39FE0 /* CreateCheckoutEndpoint.swift in Sources */ = {isa = PBXBuildFile; fileRef = 81319D1C1E5EE8DE00A39FE0 /* CreateCheckoutEndpoint.swift */; };
		81319D361E5EE8DE00A39FE0 /* CreateGuestOrderEndpoint.swift in Sources */ = {isa = PBXBuildFile; fileRef = 81319D1D1E5EE8DE00A39FE0 /* CreateGuestOrderEndpoint.swift */; };
		81319D371E5EE8DE00A39FE0 /* CreateOrderEndpoint.swift in Sources */ = {isa = PBXBuildFile; fileRef = 81319D1E1E5EE8DE00A39FE0 /* CreateOrderEndpoint.swift */; };
		81319D381E5EE8DE00A39FE0 /* DeleteAddressEndpoint.swift in Sources */ = {isa = PBXBuildFile; fileRef = 81319D1F1E5EE8DE00A39FE0 /* DeleteAddressEndpoint.swift */; };
		81319D391E5EE8DE00A39FE0 /* Endpoint.swift in Sources */ = {isa = PBXBuildFile; fileRef = 81319D201E5EE8DE00A39FE0 /* Endpoint.swift */; };
		81319D3A1E5EE8DE00A39FE0 /* GetAddressesEndpoint.swift in Sources */ = {isa = PBXBuildFile; fileRef = 81319D211E5EE8DE00A39FE0 /* GetAddressesEndpoint.swift */; };
		81319D3B1E5EE8DE00A39FE0 /* GetArticlesEndpoint.swift in Sources */ = {isa = PBXBuildFile; fileRef = 81319D221E5EE8DE00A39FE0 /* GetArticlesEndpoint.swift */; };
		81319D3C1E5EE8DE00A39FE0 /* GetConfigEndpoint.swift in Sources */ = {isa = PBXBuildFile; fileRef = 81319D231E5EE8DE00A39FE0 /* GetConfigEndpoint.swift */; };
		81319D3D1E5EE8DE00A39FE0 /* GetCustomerEndpoint.swift in Sources */ = {isa = PBXBuildFile; fileRef = 81319D241E5EE8DE00A39FE0 /* GetCustomerEndpoint.swift */; };
		81319D3E1E5EE8DE00A39FE0 /* GetGuestCheckoutEndpoint.swift in Sources */ = {isa = PBXBuildFile; fileRef = 81319D251E5EE8DE00A39FE0 /* GetGuestCheckoutEndpoint.swift */; };
		81319D3F1E5EE8DE00A39FE0 /* UpdateAddressEndpoint.swift in Sources */ = {isa = PBXBuildFile; fileRef = 81319D261E5EE8DE00A39FE0 /* UpdateAddressEndpoint.swift */; };
		81319D401E5EE8DE00A39FE0 /* UpdateCheckoutEndpoint.swift in Sources */ = {isa = PBXBuildFile; fileRef = 81319D271E5EE8DE00A39FE0 /* UpdateCheckoutEndpoint.swift */; };
		81319D411E5EE8DE00A39FE0 /* RequestBuilder.swift in Sources */ = {isa = PBXBuildFile; fileRef = 81319D281E5EE8DE00A39FE0 /* RequestBuilder.swift */; };
		81319D421E5EE8DE00A39FE0 /* ResponseParser.swift in Sources */ = {isa = PBXBuildFile; fileRef = 81319D291E5EE8DE00A39FE0 /* ResponseParser.swift */; };
		81319D441E5EE8FC00A39FE0 /* AtlasAPI.swift in Sources */ = {isa = PBXBuildFile; fileRef = 81319D431E5EE8FC00A39FE0 /* AtlasAPI.swift */; };
		81319D5D1E5F07BB00A39FE0 /* Data.swift in Sources */ = {isa = PBXBuildFile; fileRef = 81319D5C1E5F07BB00A39FE0 /* Data.swift */; };
		81AFC5771E5EE58900A1C411 /* Bundle.swift in Sources */ = {isa = PBXBuildFile; fileRef = 81AFC56B1E5EE58900A1C411 /* Bundle.swift */; };
		81AFC5791E5EE58900A1C411 /* Debug.swift in Sources */ = {isa = PBXBuildFile; fileRef = 81AFC56D1E5EE58900A1C411 /* Debug.swift */; };
		81AFC57A1E5EE58900A1C411 /* HTTP.swift in Sources */ = {isa = PBXBuildFile; fileRef = 81AFC56E1E5EE58900A1C411 /* HTTP.swift */; };
		81AFC57B1E5EE58900A1C411 /* HTTPURLResponse.swift in Sources */ = {isa = PBXBuildFile; fileRef = 81AFC56F1E5EE58900A1C411 /* HTTPURLResponse.swift */; };
		81AFC57C1E5EE58900A1C411 /* String.swift in Sources */ = {isa = PBXBuildFile; fileRef = 81AFC5701E5EE58900A1C411 /* String.swift */; };
		81AFC57E1E5EE58900A1C411 /* URL.swift in Sources */ = {isa = PBXBuildFile; fileRef = 81AFC5721E5EE58900A1C411 /* URL.swift */; };
		81AFC57F1E5EE58900A1C411 /* URLComponents.swift in Sources */ = {isa = PBXBuildFile; fileRef = 81AFC5731E5EE58900A1C411 /* URLComponents.swift */; };
		81AFC5801E5EE58900A1C411 /* URLQueryItem.swift in Sources */ = {isa = PBXBuildFile; fileRef = 81AFC5741E5EE58900A1C411 /* URLQueryItem.swift */; };
		81AFC5811E5EE58900A1C411 /* URLRequest.swift in Sources */ = {isa = PBXBuildFile; fileRef = 81AFC5751E5EE58900A1C411 /* URLRequest.swift */; };
		81AFC5821E5EE58900A1C411 /* URLStringConvertible.swift in Sources */ = {isa = PBXBuildFile; fileRef = 81AFC5761E5EE58900A1C411 /* URLStringConvertible.swift */; };
		81AFC5881E5EE68600A1C411 /* Logger.swift in Sources */ = {isa = PBXBuildFile; fileRef = 81AFC5841E5EE68600A1C411 /* Logger.swift */; };
		81AFC58A1E5EE68600A1C411 /* OutputStreams.swift in Sources */ = {isa = PBXBuildFile; fileRef = 81AFC5861E5EE68600A1C411 /* OutputStreams.swift */; };
		81AFC58B1E5EE68600A1C411 /* PrintLogger.swift in Sources */ = {isa = PBXBuildFile; fileRef = 81AFC5871E5EE68600A1C411 /* PrintLogger.swift */; };
		81FFBE461E5F28A0009D5D85 /* Array.swift in Sources */ = {isa = PBXBuildFile; fileRef = 81FFBE451E5F28A0009D5D85 /* Array.swift */; };
		81FFBE481E5F3407009D5D85 /* AppLogSeverity.swift in Sources */ = {isa = PBXBuildFile; fileRef = 81FFBE471E5F3407009D5D85 /* AppLogSeverity.swift */; };
		8387789B675CAC41D88C59F7CD9A49D5 /* CartRequest.swift in Sources */ = {isa = PBXBuildFile; fileRef = 6C37D256F81316476AD1BB1CFB1D350D /* CartRequest.swift */; };
		871861043470F7B6A72F34B73CC67714 /* GuestPaymentRequest.swift in Sources */ = {isa = PBXBuildFile; fileRef = 37B69DF001037C24E6BD4E0B378BFC01 /* GuestPaymentRequest.swift */; };
		89249A1EFD86FFC8B561A9F9DF7EC2F7 /* JSONDatesTests.swift in Sources */ = {isa = PBXBuildFile; fileRef = 7861F68B638F59C599C7CF6F6C14DF37 /* JSONDatesTests.swift */; };
		8ED0E01242F9CD1BD78E59F43A38EDDA /* URLRequestTests.swift in Sources */ = {isa = PBXBuildFile; fileRef = 98FD0823D2FB8C419C75E4E8C619CA4C /* URLRequestTests.swift */; };
		963AE70DD87A3C9A75FB0231D2130E7F /* PaymentMethod.swift in Sources */ = {isa = PBXBuildFile; fileRef = F6CF52ED3F20B2F59D5E6096E498A18B /* PaymentMethod.swift */; };
		96D8C896819BF0D75A206348D011CA74 /* OptionsTests.swift in Sources */ = {isa = PBXBuildFile; fileRef = A7373D8759DBC5DB0F094B007B9252C3 /* OptionsTests.swift */; };
		A07B3B353458D68EE35EC7D9DBEBA739 /* APIUpdateCheckoutTests.swift in Sources */ = {isa = PBXBuildFile; fileRef = 14641D3458F5F2AA1790B9C08DF75BB0 /* APIUpdateCheckoutTests.swift */; };
		A0EFD6474DCE215941273DBFE9FB064B /* OrderAddress.swift in Sources */ = {isa = PBXBuildFile; fileRef = 73A02961F55508B3B15CEC53112BFE4D /* OrderAddress.swift */; };
		A25FD1253C92C3BBFD7353EC785752AB /* Typealiases.swift in Sources */ = {isa = PBXBuildFile; fileRef = D143E68BFCF2038813F5C7A2AE3EAD50 /* Typealiases.swift */; };
		A3714A092B6A233908B1BDAA98B777B6 /* JSONCollectionsTests.swift in Sources */ = {isa = PBXBuildFile; fileRef = 5EB80CD52DF3450C353CA05743012A5F /* JSONCollectionsTests.swift */; };
		A45694A465415724991904EBB4C5DC3D /* CartItemRequest.swift in Sources */ = {isa = PBXBuildFile; fileRef = 51B0CE819B745B123AB209C20DB0A0D6 /* CartItemRequest.swift */; };
		A617C549065FE3447ADCC97DFF9DDC69 /* JSON.swift in Sources */ = {isa = PBXBuildFile; fileRef = 241BF92EE4C5A69B1FCD9B77B4533EDB /* JSON.swift */; };
		AA5AF9E73DB31053A9F4115CC7A951D4 /* APICreateCheckoutTests.swift in Sources */ = {isa = PBXBuildFile; fileRef = 80A20F90F85243250BFBE7AB2A1E14CC /* APICreateCheckoutTests.swift */; };
		AC215172F16F97964966D8804AF1585F /* ConfigTests.swift in Sources */ = {isa = PBXBuildFile; fileRef = 90DF829AE4AB1806AE87109E1541C53C /* ConfigTests.swift */; };
		AFA5480D32447A330ADEB69346021F8C /* CheckoutAddress.swift in Sources */ = {isa = PBXBuildFile; fileRef = 88C730D69D82840A7774CF4846D833BC /* CheckoutAddress.swift */; };
		B33B756E36A1075A2EC6DCD9822DA9D1 /* JSONRepresentable.swift in Sources */ = {isa = PBXBuildFile; fileRef = DA165667BA3C72987F13563E3CB874B7 /* JSONRepresentable.swift */; };
		B66B644C530E41D683DBA1D5F907336F /* AtlasSDK.framework in Frameworks */ = {isa = PBXBuildFile; fileRef = BF2DD2D803D006BDEAB6C294E238C72D /* AtlasSDK.framework */; };
		B760B0603070F9558115F9AF15FEF6B1 /* Article.swift in Sources */ = {isa = PBXBuildFile; fileRef = 5ADBF1E8B3FDBFAAE434240E7212C5FF /* Article.swift */; };
		B8419F217F076553054D230EEFF60341 /* OrderRequest.swift in Sources */ = {isa = PBXBuildFile; fileRef = 99C8EE9549DB6BC3760D2AE2B30E6D48 /* OrderRequest.swift */; };
		B92A67EF0F82CF324E49637EF91AAFF5 /* APIArticleTests.swift in Sources */ = {isa = PBXBuildFile; fileRef = 8CE6AE34B690C623FF049B322AE3FE3D /* APIArticleTests.swift */; };
		BA9A6116F3F8E3E87EB16B0D06DB6235 /* LoggerTests.swift in Sources */ = {isa = PBXBuildFile; fileRef = C69141283EBF13CFEA9EDC20661B9078 /* LoggerTests.swift */; };
		C5F2258C0426CD3E508675FBCF90B5C8 /* APIOrderTests.swift in Sources */ = {isa = PBXBuildFile; fileRef = 46267A0501D2255983C3C68C1F2D5AF2 /* APIOrderTests.swift */; };
		CAF49B6A3DAD4C68FF77D18AAB3B91A2 /* UpdateAddressRequest.swift in Sources */ = {isa = PBXBuildFile; fileRef = FDE577A4B9190386AD2FD21D7815E6FD /* UpdateAddressRequest.swift */; };
		CD95843AB621F485E4FF907CBA1AAE92 /* JSONParseTests.swift in Sources */ = {isa = PBXBuildFile; fileRef = AAEA5213BFAC4F2959D8E0B4F92DD99E /* JSONParseTests.swift */; };
		D7D95B53EC353B847DEF517DC07B7A6F /* CheckAddressResponse.swift in Sources */ = {isa = PBXBuildFile; fileRef = 74306941AF9B87B8F6BBAF13C752AD8A /* CheckAddressResponse.swift */; };
		DAB2BC46B777931E022DF54F2FE8937F /* Nimble.framework in Frameworks */ = {isa = PBXBuildFile; fileRef = 946A02D8E49A74EDBEBD78F9E7F24730 /* Nimble.framework */; };
		DBCA129EC731279D9FA223EC80AB0CB4 /* JSONNumbersTests.swift in Sources */ = {isa = PBXBuildFile; fileRef = E035DC1272BF730B56102EABFFAA1657 /* JSONNumbersTests.swift */; };
		DC686314A72D004D8057657BAE386E00 /* PaymentMethodType.swift in Sources */ = {isa = PBXBuildFile; fileRef = 76F8647251682173E489D77B55EB0097 /* PaymentMethodType.swift */; };
		E60DF7D7F10F43424ADAE4E7203169D0 /* JSONPathsTests.swift in Sources */ = {isa = PBXBuildFile; fileRef = 7AEFE69E3F2F85D571840E8B40B72D70 /* JSONPathsTests.swift */; };
		E6A17887BC6BA4C25B2D758C44514B80 /* Money.swift in Sources */ = {isa = PBXBuildFile; fileRef = 15D788B8AFA05BF3BB7559752D777933 /* Money.swift */; };
		E7561BB0527C36A7FA74020C228AF322 /* JSONSubscript.swift in Sources */ = {isa = PBXBuildFile; fileRef = 8804A49A711E3E291A3634007CA610A0 /* JSONSubscript.swift */; };
		E87BA028C53FD040DB27878DCC189623 /* APICartTests.swift in Sources */ = {isa = PBXBuildFile; fileRef = 87E0CBDAE3A5B1288455C6E176B852B6 /* APICartTests.swift */; };
		E8FE522BEFADC682C935905FFA0AC529 /* GuestPaymentSelectionRequest.swift in Sources */ = {isa = PBXBuildFile; fileRef = 27C60F07A8CC8109EF845A9860B79828 /* GuestPaymentSelectionRequest.swift */; };
		EA88C1248E9EF27B25014C7A20389FB5 /* TestConsts.swift in Sources */ = {isa = PBXBuildFile; fileRef = C13C425956021FE1BA72AD165E0A678D /* TestConsts.swift */; };
		ECE8DEFDB2A85FBCD15B77C89EA5EF4A /* Keychain.swift in Sources */ = {isa = PBXBuildFile; fileRef = 69384BDB0D3D26DA7967C229EF6CF14A /* Keychain.swift */; };
		F0FBE44409A85786DEFC3D7CD60EEFE9 /* CartItem.swift in Sources */ = {isa = PBXBuildFile; fileRef = 51C62414756DA20D0C2756D3C2891656 /* CartItem.swift */; };
		FAC365C5DB2783665E2E8BEA1CAF1AFA /* JSONBoolsTests.swift in Sources */ = {isa = PBXBuildFile; fileRef = 1307669C0BA4D3E1FD0AD6BDD787D200 /* JSONBoolsTests.swift */; };
		FC0655AC5517BC20F13B9DA9D181A142 /* UpdateCheckoutRequest.swift in Sources */ = {isa = PBXBuildFile; fileRef = 6900B5912E42BB6129BCDE39649CE361 /* UpdateCheckoutRequest.swift */; };
		FC4DC88516E339E12FB7E0B70724A3C5 /* UserAddress.swift in Sources */ = {isa = PBXBuildFile; fileRef = A0C240A1E0049D934FB15689BA1417E9 /* UserAddress.swift */; };
		FC4E16F61AC2CD41E0A6CC848336E204 /* TestConfig.swift in Sources */ = {isa = PBXBuildFile; fileRef = A5F2353A3FDDAD2F9D28E3050EA0CE29 /* TestConfig.swift */; };
/* End PBXBuildFile section */

/* Begin PBXContainerItemProxy section */
		55BDBECCCFA2E13FED91A8C226F432E2 /* PBXContainerItemProxy */ = {
			isa = PBXContainerItemProxy;
			containerPortal = CF97571A7484C47635A53E809C53B7ED /* Project object */;
			proxyType = 1;
			remoteGlobalIDString = E59A11A5E0347028AC04CEEACDF57D88;
			remoteInfo = AtlasSDK;
		};
		5674F4AACF3972C221FB06B1C5B3302F /* PBXContainerItemProxy */ = {
			isa = PBXContainerItemProxy;
			containerPortal = CF97571A7484C47635A53E809C53B7ED /* Project object */;
			proxyType = 1;
			remoteGlobalIDString = 4C40501591B44F17B94996E914C5F583;
			remoteInfo = AtlasSDKTestsHostApp;
		};
/* End PBXContainerItemProxy section */

/* Begin PBXCopyFilesBuildPhase section */
		B83C0648A94FC8E2D698170AFE23C106 /* Copy Frameworks */ = {
			isa = PBXCopyFilesBuildPhase;
			buildActionMask = 2147483647;
			dstPath = "";
			dstSubfolderSpec = 10;
			files = (
				01F1C5695D20C27942DFECED1195107B /* Nimble.framework in Copy Frameworks */,
			);
			name = "Copy Frameworks";
			runOnlyForDeploymentPostprocessing = 0;
		};
/* End PBXCopyFilesBuildPhase section */

/* Begin PBXFileReference section */
		0245341CC5B1CB0CF50BF8ACC958B65F /* GuestAddressRequest.swift */ = {isa = PBXFileReference; fileEncoding = 4; lastKnownFileType = sourcecode.swift; path = GuestAddressRequest.swift; sourceTree = "<group>"; };
		06F04274C9DF91FEABFDD5EE482E7553 /* GuestOrder.swift */ = {isa = PBXFileReference; fileEncoding = 4; lastKnownFileType = sourcecode.swift; path = GuestOrder.swift; sourceTree = "<group>"; };
		09B246C665C39A98B2FAA6DB8BA3ACDF /* JSONStringsTests.swift */ = {isa = PBXFileReference; fileEncoding = 4; lastKnownFileType = sourcecode.swift; path = JSONStringsTests.swift; sourceTree = "<group>"; };
		0CC91537EB5A7953F79594AB77AF2B4D /* Info.plist */ = {isa = PBXFileReference; fileEncoding = 4; lastKnownFileType = text.plist.xml; name = Info.plist; path = AtlasSDKTests/Info.plist; sourceTree = SOURCE_ROOT; };
		0D89792D814554CD8DB67D0A0F6DC39F /* Info.plist */ = {isa = PBXFileReference; fileEncoding = 4; lastKnownFileType = text.plist.xml; name = Info.plist; path = AtlasSDK/Info.plist; sourceTree = SOURCE_ROOT; };
		1307669C0BA4D3E1FD0AD6BDD787D200 /* JSONBoolsTests.swift */ = {isa = PBXFileReference; fileEncoding = 4; lastKnownFileType = sourcecode.swift; path = JSONBoolsTests.swift; sourceTree = "<group>"; };
		14641D3458F5F2AA1790B9C08DF75BB0 /* APIUpdateCheckoutTests.swift */ = {isa = PBXFileReference; fileEncoding = 4; lastKnownFileType = sourcecode.swift; name = APIUpdateCheckoutTests.swift; path = AtlasSDKTests/APIUpdateCheckoutTests.swift; sourceTree = SOURCE_ROOT; };
		15AB716AB81A1EB750046BA350B059AA /* GuestCheckoutAddress.swift */ = {isa = PBXFileReference; fileEncoding = 4; lastKnownFileType = sourcecode.swift; path = GuestCheckoutAddress.swift; sourceTree = "<group>"; };
		15C4B63D7B53B96338D73419E01FF4F6 /* JSONEquatableTests.swift */ = {isa = PBXFileReference; fileEncoding = 4; lastKnownFileType = sourcecode.swift; path = JSONEquatableTests.swift; sourceTree = "<group>"; };
		15D788B8AFA05BF3BB7559752D777933 /* Money.swift */ = {isa = PBXFileReference; fileEncoding = 4; lastKnownFileType = sourcecode.swift; path = Money.swift; sourceTree = "<group>"; };
		1C97E9B02046C24CDCACA08685BCF05A /* APIGuestOrderTests.swift */ = {isa = PBXFileReference; fileEncoding = 4; lastKnownFileType = sourcecode.swift; name = APIGuestOrderTests.swift; path = AtlasSDKTests/APIGuestOrderTests.swift; sourceTree = SOURCE_ROOT; };
		1E03081CC39663E90CE41C2416C19A80 /* GuestCartRequest.swift */ = {isa = PBXFileReference; fileEncoding = 4; lastKnownFileType = sourcecode.swift; path = GuestCartRequest.swift; sourceTree = "<group>"; };
		1F74E6F0CBCE6D7E27184F239E9438F9 /* PickupPoint.swift */ = {isa = PBXFileReference; fileEncoding = 4; lastKnownFileType = sourcecode.swift; path = PickupPoint.swift; sourceTree = "<group>"; };
		218CA5D99F9F1668810924EA53C3BC17 /* JSONUrlsTests.swift */ = {isa = PBXFileReference; fileEncoding = 4; lastKnownFileType = sourcecode.swift; path = JSONUrlsTests.swift; sourceTree = "<group>"; };
		241BF92EE4C5A69B1FCD9B77B4533EDB /* JSON.swift */ = {isa = PBXFileReference; fileEncoding = 4; lastKnownFileType = sourcecode.swift; path = JSON.swift; sourceTree = "<group>"; };
		27C60F07A8CC8109EF845A9860B79828 /* GuestPaymentSelectionRequest.swift */ = {isa = PBXFileReference; fileEncoding = 4; lastKnownFileType = sourcecode.swift; path = GuestPaymentSelectionRequest.swift; sourceTree = "<group>"; };
		34A2E3D95B370914C7B19A3B81E80190 /* FormattableAddress.swift */ = {isa = PBXFileReference; fileEncoding = 4; lastKnownFileType = sourcecode.swift; path = FormattableAddress.swift; sourceTree = "<group>"; };
		37B69DF001037C24E6BD4E0B378BFC01 /* GuestPaymentRequest.swift */ = {isa = PBXFileReference; fileEncoding = 4; lastKnownFileType = sourcecode.swift; path = GuestPaymentRequest.swift; sourceTree = "<group>"; };
		3D86297961B3CB48A28C5C9C92308D89 /* DatesTests.swift */ = {isa = PBXFileReference; fileEncoding = 4; lastKnownFileType = sourcecode.swift; name = DatesTests.swift; path = AtlasSDKTests/DatesTests.swift; sourceTree = SOURCE_ROOT; };
		3E05F60B2B93FBE0DCC2ADDCB25843AC /* AtlasSDKTestsHostApp.app */ = {isa = PBXFileReference; explicitFileType = wrapper.application; includeInIndex = 0; path = AtlasSDKTestsHostApp.app; sourceTree = BUILT_PRODUCTS_DIR; };
		402AD2052AB32129CFB12ED77B1D048C /* StreetAddress.swift */ = {isa = PBXFileReference; fileEncoding = 4; lastKnownFileType = sourcecode.swift; path = StreetAddress.swift; sourceTree = "<group>"; };
		412C700E4FE8BABA48CA1E5F4D5393A4 /* JSONNullsTests.swift */ = {isa = PBXFileReference; fileEncoding = 4; lastKnownFileType = sourcecode.swift; path = JSONNullsTests.swift; sourceTree = "<group>"; };
		439BC5F5E13583D27A6EC5B0EB9C41AB /* GuestCheckout.swift */ = {isa = PBXFileReference; fileEncoding = 4; lastKnownFileType = sourcecode.swift; path = GuestCheckout.swift; sourceTree = "<group>"; };
		451081DBEABD8FC9EB00C2974FF0D08B /* KeychainTests.swift */ = {isa = PBXFileReference; fileEncoding = 4; lastKnownFileType = sourcecode.swift; name = KeychainTests.swift; path = AtlasSDKTests/KeychainTests.swift; sourceTree = SOURCE_ROOT; };
		46267A0501D2255983C3C68C1F2D5AF2 /* APIOrderTests.swift */ = {isa = PBXFileReference; fileEncoding = 4; lastKnownFileType = sourcecode.swift; name = APIOrderTests.swift; path = AtlasSDKTests/APIOrderTests.swift; sourceTree = SOURCE_ROOT; };
		4684381074A4798A9C76F19A7002341C /* Cart.swift */ = {isa = PBXFileReference; fileEncoding = 4; lastKnownFileType = sourcecode.swift; path = Cart.swift; sourceTree = "<group>"; };
		4944BCDF87800B1F61B9A15A08C0FAC7 /* CreateAddressRequest.swift */ = {isa = PBXFileReference; fileEncoding = 4; lastKnownFileType = sourcecode.swift; path = CreateAddressRequest.swift; sourceTree = "<group>"; };
		4EC242C27C538FFF87174759C5187E2F /* APIGetAddressesEndpointTests.swift */ = {isa = PBXFileReference; fileEncoding = 4; lastKnownFileType = sourcecode.swift; name = APIGetAddressesEndpointTests.swift; path = AtlasSDKTests/APIGetAddressesEndpointTests.swift; sourceTree = SOURCE_ROOT; };
		5122324D4A85204EB38F54BF29FEB024 /* Catalog.swift */ = {isa = PBXFileReference; fileEncoding = 4; lastKnownFileType = sourcecode.swift; path = Catalog.swift; sourceTree = "<group>"; };
		51B0CE819B745B123AB209C20DB0A0D6 /* CartItemRequest.swift */ = {isa = PBXFileReference; fileEncoding = 4; lastKnownFileType = sourcecode.swift; path = CartItemRequest.swift; sourceTree = "<group>"; };
		51C62414756DA20D0C2756D3C2891656 /* CartItem.swift */ = {isa = PBXFileReference; fileEncoding = 4; lastKnownFileType = sourcecode.swift; path = CartItem.swift; sourceTree = "<group>"; };
		550185D4F6E3EBAB878EAFC9701AC441 /* CheckAddress.swift */ = {isa = PBXFileReference; fileEncoding = 4; lastKnownFileType = sourcecode.swift; path = CheckAddress.swift; sourceTree = "<group>"; };
		56A61783B05CE0621331D112E3EA078E /* APICustomerTests.swift */ = {isa = PBXFileReference; fileEncoding = 4; lastKnownFileType = sourcecode.swift; name = APICustomerTests.swift; path = AtlasSDKTests/APICustomerTests.swift; sourceTree = SOURCE_ROOT; };
		5ADBF1E8B3FDBFAAE434240E7212C5FF /* Article.swift */ = {isa = PBXFileReference; fileEncoding = 4; lastKnownFileType = sourcecode.swift; path = Article.swift; sourceTree = "<group>"; };
		5B5B140809815AB229E44B61389E3F9A /* Checkout.swift */ = {isa = PBXFileReference; fileEncoding = 4; lastKnownFileType = sourcecode.swift; path = Checkout.swift; sourceTree = "<group>"; };
		5EB80CD52DF3450C353CA05743012A5F /* JSONCollectionsTests.swift */ = {isa = PBXFileReference; fileEncoding = 4; lastKnownFileType = sourcecode.swift; path = JSONCollectionsTests.swift; sourceTree = "<group>"; };
		5FF657CDB5BDD715ADE83432FD427E27 /* Atlas.swift */ = {isa = PBXFileReference; fileEncoding = 4; lastKnownFileType = sourcecode.swift; name = Atlas.swift; path = AtlasSDK/Atlas.swift; sourceTree = SOURCE_ROOT; };
		6900B5912E42BB6129BCDE39649CE361 /* UpdateCheckoutRequest.swift */ = {isa = PBXFileReference; fileEncoding = 4; lastKnownFileType = sourcecode.swift; path = UpdateCheckoutRequest.swift; sourceTree = "<group>"; };
		69384BDB0D3D26DA7967C229EF6CF14A /* Keychain.swift */ = {isa = PBXFileReference; fileEncoding = 4; lastKnownFileType = sourcecode.swift; path = Keychain.swift; sourceTree = "<group>"; };
		6C37D256F81316476AD1BB1CFB1D350D /* CartRequest.swift */ = {isa = PBXFileReference; fileEncoding = 4; lastKnownFileType = sourcecode.swift; path = CartRequest.swift; sourceTree = "<group>"; };
		6CF4A6E890DD1042419DC11B39812630 /* CheckoutAddresses.swift */ = {isa = PBXFileReference; fileEncoding = 4; lastKnownFileType = sourcecode.swift; path = CheckoutAddresses.swift; sourceTree = "<group>"; };
		73A02961F55508B3B15CEC53112BFE4D /* OrderAddress.swift */ = {isa = PBXFileReference; fileEncoding = 4; lastKnownFileType = sourcecode.swift; path = OrderAddress.swift; sourceTree = "<group>"; };
		74306941AF9B87B8F6BBAF13C752AD8A /* CheckAddressResponse.swift */ = {isa = PBXFileReference; fileEncoding = 4; lastKnownFileType = sourcecode.swift; path = CheckAddressResponse.swift; sourceTree = "<group>"; };
		747A73447DC8ACA0F246CCD8C6D0B513 /* Gender.swift */ = {isa = PBXFileReference; fileEncoding = 4; lastKnownFileType = sourcecode.swift; path = Gender.swift; sourceTree = "<group>"; };
		764FF3CFABC50779538307F379F9209A /* TestsHostAppDelegate.swift */ = {isa = PBXFileReference; lastKnownFileType = sourcecode.swift; path = TestsHostAppDelegate.swift; sourceTree = "<group>"; };
		76D8786A1A0E25F620A6FDC8EEB941AD /* AtlasSDKTests.xctest */ = {isa = PBXFileReference; explicitFileType = wrapper.cfbundle; includeInIndex = 0; path = AtlasSDKTests.xctest; sourceTree = BUILT_PRODUCTS_DIR; };
		76F8647251682173E489D77B55EB0097 /* PaymentMethodType.swift */ = {isa = PBXFileReference; fileEncoding = 4; lastKnownFileType = sourcecode.swift; path = PaymentMethodType.swift; sourceTree = "<group>"; };
		7861F68B638F59C599C7CF6F6C14DF37 /* JSONDatesTests.swift */ = {isa = PBXFileReference; fileEncoding = 4; lastKnownFileType = sourcecode.swift; path = JSONDatesTests.swift; sourceTree = "<group>"; };
		78BD428C28C6631A27A6BCEB01F1A7AD /* JSONResponse.swift */ = {isa = PBXFileReference; fileEncoding = 4; lastKnownFileType = sourcecode.swift; path = JSONResponse.swift; sourceTree = "<group>"; };
		7AEFE69E3F2F85D571840E8B40B72D70 /* JSONPathsTests.swift */ = {isa = PBXFileReference; fileEncoding = 4; lastKnownFileType = sourcecode.swift; path = JSONPathsTests.swift; sourceTree = "<group>"; };
		7CDE9B266DF0DAFAF1BB3ED0A00D2609 /* Order.swift */ = {isa = PBXFileReference; fileEncoding = 4; lastKnownFileType = sourcecode.swift; path = Order.swift; sourceTree = "<group>"; };
		80A20F90F85243250BFBE7AB2A1E14CC /* APICreateCheckoutTests.swift */ = {isa = PBXFileReference; fileEncoding = 4; lastKnownFileType = sourcecode.swift; name = APICreateCheckoutTests.swift; path = AtlasSDKTests/APICreateCheckoutTests.swift; sourceTree = SOURCE_ROOT; };
		81319D101E5EE8DE00A39FE0 /* APIAccessToken.swift */ = {isa = PBXFileReference; fileEncoding = 4; lastKnownFileType = sourcecode.swift; path = APIAccessToken.swift; sourceTree = "<group>"; };
		81319D111E5EE8DE00A39FE0 /* APIRequest.swift */ = {isa = PBXFileReference; fileEncoding = 4; lastKnownFileType = sourcecode.swift; path = APIRequest.swift; sourceTree = "<group>"; };
		81319D121E5EE8DE00A39FE0 /* APIClient.swift */ = {isa = PBXFileReference; fileEncoding = 4; lastKnownFileType = sourcecode.swift; path = APIClient.swift; sourceTree = "<group>"; };
		81319D141E5EE8DE00A39FE0 /* ConfigClient.swift */ = {isa = PBXFileReference; fileEncoding = 4; lastKnownFileType = sourcecode.swift; path = ConfigClient.swift; sourceTree = "<group>"; };
		81319D151E5EE8DE00A39FE0 /* DataTaskResponse.swift */ = {isa = PBXFileReference; fileEncoding = 4; lastKnownFileType = sourcecode.swift; path = DataTaskResponse.swift; sourceTree = "<group>"; };
		81319D171E5EE8DE00A39FE0 /* CheckAddressEndpoint.swift */ = {isa = PBXFileReference; fileEncoding = 4; lastKnownFileType = sourcecode.swift; path = CheckAddressEndpoint.swift; sourceTree = "<group>"; };
		81319D181E5EE8DE00A39FE0 /* CompleteGuestOrderEndpoint.swift */ = {isa = PBXFileReference; fileEncoding = 4; lastKnownFileType = sourcecode.swift; path = CompleteGuestOrderEndpoint.swift; sourceTree = "<group>"; };
		81319D191E5EE8DE00A39FE0 /* ConfigurableEndpoint.swift */ = {isa = PBXFileReference; fileEncoding = 4; lastKnownFileType = sourcecode.swift; path = ConfigurableEndpoint.swift; sourceTree = "<group>"; };
		81319D1A1E5EE8DE00A39FE0 /* CreateAddressEndpoint.swift */ = {isa = PBXFileReference; fileEncoding = 4; lastKnownFileType = sourcecode.swift; path = CreateAddressEndpoint.swift; sourceTree = "<group>"; };
		81319D1B1E5EE8DE00A39FE0 /* CreateCartEndpoint.swift */ = {isa = PBXFileReference; fileEncoding = 4; lastKnownFileType = sourcecode.swift; path = CreateCartEndpoint.swift; sourceTree = "<group>"; };
		81319D1C1E5EE8DE00A39FE0 /* CreateCheckoutEndpoint.swift */ = {isa = PBXFileReference; fileEncoding = 4; lastKnownFileType = sourcecode.swift; path = CreateCheckoutEndpoint.swift; sourceTree = "<group>"; };
		81319D1D1E5EE8DE00A39FE0 /* CreateGuestOrderEndpoint.swift */ = {isa = PBXFileReference; fileEncoding = 4; lastKnownFileType = sourcecode.swift; path = CreateGuestOrderEndpoint.swift; sourceTree = "<group>"; };
		81319D1E1E5EE8DE00A39FE0 /* CreateOrderEndpoint.swift */ = {isa = PBXFileReference; fileEncoding = 4; lastKnownFileType = sourcecode.swift; path = CreateOrderEndpoint.swift; sourceTree = "<group>"; };
		81319D1F1E5EE8DE00A39FE0 /* DeleteAddressEndpoint.swift */ = {isa = PBXFileReference; fileEncoding = 4; lastKnownFileType = sourcecode.swift; path = DeleteAddressEndpoint.swift; sourceTree = "<group>"; };
		81319D201E5EE8DE00A39FE0 /* Endpoint.swift */ = {isa = PBXFileReference; fileEncoding = 4; lastKnownFileType = sourcecode.swift; path = Endpoint.swift; sourceTree = "<group>"; };
		81319D211E5EE8DE00A39FE0 /* GetAddressesEndpoint.swift */ = {isa = PBXFileReference; fileEncoding = 4; lastKnownFileType = sourcecode.swift; path = GetAddressesEndpoint.swift; sourceTree = "<group>"; };
		81319D221E5EE8DE00A39FE0 /* GetArticlesEndpoint.swift */ = {isa = PBXFileReference; fileEncoding = 4; lastKnownFileType = sourcecode.swift; path = GetArticlesEndpoint.swift; sourceTree = "<group>"; };
		81319D231E5EE8DE00A39FE0 /* GetConfigEndpoint.swift */ = {isa = PBXFileReference; fileEncoding = 4; lastKnownFileType = sourcecode.swift; path = GetConfigEndpoint.swift; sourceTree = "<group>"; };
		81319D241E5EE8DE00A39FE0 /* GetCustomerEndpoint.swift */ = {isa = PBXFileReference; fileEncoding = 4; lastKnownFileType = sourcecode.swift; path = GetCustomerEndpoint.swift; sourceTree = "<group>"; };
		81319D251E5EE8DE00A39FE0 /* GetGuestCheckoutEndpoint.swift */ = {isa = PBXFileReference; fileEncoding = 4; lastKnownFileType = sourcecode.swift; path = GetGuestCheckoutEndpoint.swift; sourceTree = "<group>"; };
		81319D261E5EE8DE00A39FE0 /* UpdateAddressEndpoint.swift */ = {isa = PBXFileReference; fileEncoding = 4; lastKnownFileType = sourcecode.swift; path = UpdateAddressEndpoint.swift; sourceTree = "<group>"; };
		81319D271E5EE8DE00A39FE0 /* UpdateCheckoutEndpoint.swift */ = {isa = PBXFileReference; fileEncoding = 4; lastKnownFileType = sourcecode.swift; path = UpdateCheckoutEndpoint.swift; sourceTree = "<group>"; };
		81319D281E5EE8DE00A39FE0 /* RequestBuilder.swift */ = {isa = PBXFileReference; fileEncoding = 4; lastKnownFileType = sourcecode.swift; path = RequestBuilder.swift; sourceTree = "<group>"; };
		81319D291E5EE8DE00A39FE0 /* ResponseParser.swift */ = {isa = PBXFileReference; fileEncoding = 4; lastKnownFileType = sourcecode.swift; path = ResponseParser.swift; sourceTree = "<group>"; };
		81319D431E5EE8FC00A39FE0 /* AtlasAPI.swift */ = {isa = PBXFileReference; fileEncoding = 4; lastKnownFileType = sourcecode.swift; name = AtlasAPI.swift; path = AtlasSDK/AtlasAPI.swift; sourceTree = SOURCE_ROOT; };
		81319D5C1E5F07BB00A39FE0 /* Data.swift */ = {isa = PBXFileReference; fileEncoding = 4; lastKnownFileType = sourcecode.swift; path = Data.swift; sourceTree = "<group>"; };
		81AFC56B1E5EE58900A1C411 /* Bundle.swift */ = {isa = PBXFileReference; fileEncoding = 4; lastKnownFileType = sourcecode.swift; path = Bundle.swift; sourceTree = "<group>"; };
		81AFC56D1E5EE58900A1C411 /* Debug.swift */ = {isa = PBXFileReference; fileEncoding = 4; lastKnownFileType = sourcecode.swift; path = Debug.swift; sourceTree = "<group>"; };
		81AFC56E1E5EE58900A1C411 /* HTTP.swift */ = {isa = PBXFileReference; fileEncoding = 4; lastKnownFileType = sourcecode.swift; path = HTTP.swift; sourceTree = "<group>"; };
		81AFC56F1E5EE58900A1C411 /* HTTPURLResponse.swift */ = {isa = PBXFileReference; fileEncoding = 4; lastKnownFileType = sourcecode.swift; path = HTTPURLResponse.swift; sourceTree = "<group>"; };
		81AFC5701E5EE58900A1C411 /* String.swift */ = {isa = PBXFileReference; fileEncoding = 4; lastKnownFileType = sourcecode.swift; path = String.swift; sourceTree = "<group>"; };
		81AFC5721E5EE58900A1C411 /* URL.swift */ = {isa = PBXFileReference; fileEncoding = 4; lastKnownFileType = sourcecode.swift; path = URL.swift; sourceTree = "<group>"; };
		81AFC5731E5EE58900A1C411 /* URLComponents.swift */ = {isa = PBXFileReference; fileEncoding = 4; lastKnownFileType = sourcecode.swift; path = URLComponents.swift; sourceTree = "<group>"; };
		81AFC5741E5EE58900A1C411 /* URLQueryItem.swift */ = {isa = PBXFileReference; fileEncoding = 4; lastKnownFileType = sourcecode.swift; path = URLQueryItem.swift; sourceTree = "<group>"; };
		81AFC5751E5EE58900A1C411 /* URLRequest.swift */ = {isa = PBXFileReference; fileEncoding = 4; lastKnownFileType = sourcecode.swift; path = URLRequest.swift; sourceTree = "<group>"; };
		81AFC5761E5EE58900A1C411 /* URLStringConvertible.swift */ = {isa = PBXFileReference; fileEncoding = 4; lastKnownFileType = sourcecode.swift; path = URLStringConvertible.swift; sourceTree = "<group>"; };
		81AFC5841E5EE68600A1C411 /* Logger.swift */ = {isa = PBXFileReference; fileEncoding = 4; lastKnownFileType = sourcecode.swift; path = Logger.swift; sourceTree = "<group>"; };
		81AFC5861E5EE68600A1C411 /* OutputStreams.swift */ = {isa = PBXFileReference; fileEncoding = 4; lastKnownFileType = sourcecode.swift; path = OutputStreams.swift; sourceTree = "<group>"; };
		81AFC5871E5EE68600A1C411 /* PrintLogger.swift */ = {isa = PBXFileReference; fileEncoding = 4; lastKnownFileType = sourcecode.swift; path = PrintLogger.swift; sourceTree = "<group>"; };
		81FFBE451E5F28A0009D5D85 /* Array.swift */ = {isa = PBXFileReference; fileEncoding = 4; lastKnownFileType = sourcecode.swift; path = Array.swift; sourceTree = "<group>"; };
		81FFBE471E5F3407009D5D85 /* AppLogSeverity.swift */ = {isa = PBXFileReference; fileEncoding = 4; lastKnownFileType = sourcecode.swift; path = AppLogSeverity.swift; sourceTree = "<group>"; };
		87E0CBDAE3A5B1288455C6E176B852B6 /* APICartTests.swift */ = {isa = PBXFileReference; fileEncoding = 4; lastKnownFileType = sourcecode.swift; name = APICartTests.swift; path = AtlasSDKTests/APICartTests.swift; sourceTree = SOURCE_ROOT; };
		8804A49A711E3E291A3634007CA610A0 /* JSONSubscript.swift */ = {isa = PBXFileReference; fileEncoding = 4; lastKnownFileType = sourcecode.swift; path = JSONSubscript.swift; sourceTree = "<group>"; };
		88271BCC31E360BEF49D8115AE83264E /* GuestPaymentMethod.swift */ = {isa = PBXFileReference; fileEncoding = 4; lastKnownFileType = sourcecode.swift; path = GuestPaymentMethod.swift; sourceTree = "<group>"; };
		88C730D69D82840A7774CF4846D833BC /* CheckoutAddress.swift */ = {isa = PBXFileReference; fileEncoding = 4; lastKnownFileType = sourcecode.swift; path = CheckoutAddress.swift; sourceTree = "<group>"; };
		8CE6AE34B690C623FF049B322AE3FE3D /* APIArticleTests.swift */ = {isa = PBXFileReference; fileEncoding = 4; lastKnownFileType = sourcecode.swift; name = APIArticleTests.swift; path = AtlasSDKTests/APIArticleTests.swift; sourceTree = SOURCE_ROOT; };
		8F7431EDD7B7A9CD9C934F540FE32E5E /* RFC3339DateFormatter.swift */ = {isa = PBXFileReference; fileEncoding = 4; lastKnownFileType = sourcecode.swift; path = RFC3339DateFormatter.swift; sourceTree = "<group>"; };
		90DF829AE4AB1806AE87109E1541C53C /* ConfigTests.swift */ = {isa = PBXFileReference; fileEncoding = 4; lastKnownFileType = sourcecode.swift; name = ConfigTests.swift; path = AtlasSDKTests/ConfigTests.swift; sourceTree = SOURCE_ROOT; };
		946A02D8E49A74EDBEBD78F9E7F24730 /* Nimble.framework */ = {isa = PBXFileReference; lastKnownFileType = wrapper.framework; name = Nimble.framework; path = ../Carthage/Build/iOS/Nimble.framework; sourceTree = "<group>"; };
		9714951FDF30A6E73B76FEDF02064493 /* SKU.swift */ = {isa = PBXFileReference; fileEncoding = 4; lastKnownFileType = sourcecode.swift; path = SKU.swift; sourceTree = "<group>"; };
		98FD0823D2FB8C419C75E4E8C619CA4C /* URLRequestTests.swift */ = {isa = PBXFileReference; fileEncoding = 4; lastKnownFileType = sourcecode.swift; name = URLRequestTests.swift; path = AtlasSDKTests/URLRequestTests.swift; sourceTree = SOURCE_ROOT; };
		99C8EE9549DB6BC3760D2AE2B30E6D48 /* OrderRequest.swift */ = {isa = PBXFileReference; fileEncoding = 4; lastKnownFileType = sourcecode.swift; path = OrderRequest.swift; sourceTree = "<group>"; };
		9BABF45D96EF6A78461923D239DDCC57 /* AtlasAPIClientBaseTests.swift */ = {isa = PBXFileReference; fileEncoding = 4; lastKnownFileType = sourcecode.swift; lineEnding = 0; name = AtlasAPIClientBaseTests.swift; path = AtlasSDKTests/AtlasAPIClientBaseTests.swift; sourceTree = SOURCE_ROOT; xcLanguageSpecificationIdentifier = xcode.lang.swift; };
		9D1916F693D8F7C8E0E0A08191AFF5AE /* SelectedArticle.swift */ = {isa = PBXFileReference; fileEncoding = 4; lastKnownFileType = sourcecode.swift; path = SelectedArticle.swift; sourceTree = "<group>"; };
		A023616F03693A66D2C05C77C12B5C02 /* JSONTests.json */ = {isa = PBXFileReference; fileEncoding = 4; lastKnownFileType = text.json; path = JSONTests.json; sourceTree = "<group>"; };
		A04E7980997323086729450F65FEEF1D /* Payment.swift */ = {isa = PBXFileReference; fileEncoding = 4; lastKnownFileType = sourcecode.swift; path = Payment.swift; sourceTree = "<group>"; };
		A0C240A1E0049D934FB15689BA1417E9 /* UserAddress.swift */ = {isa = PBXFileReference; fileEncoding = 4; lastKnownFileType = sourcecode.swift; path = UserAddress.swift; sourceTree = "<group>"; };
		A1C1C5E4F032ED7537CF602510CE63DD /* URLSessionMock.swift */ = {isa = PBXFileReference; fileEncoding = 4; lastKnownFileType = sourcecode.swift; name = URLSessionMock.swift; path = AtlasSDKTests/URLSessionMock.swift; sourceTree = SOURCE_ROOT; };
		A3676ABC81099E48C5AB84D2A5EFEB9C /* AtlasSDKTestsHostApp.entitlements */ = {isa = PBXFileReference; lastKnownFileType = text.plist.entitlements; path = AtlasSDKTestsHostApp.entitlements; sourceTree = "<group>"; };
		A49B3838A57F3C502C7213E4448E8456 /* Info.plist */ = {isa = PBXFileReference; lastKnownFileType = text.plist.xml; path = Info.plist; sourceTree = "<group>"; };
		A50CA5CE843366FDF5FC08D7C381BBDC /* CreateCheckoutRequest.swift */ = {isa = PBXFileReference; fileEncoding = 4; lastKnownFileType = sourcecode.swift; path = CreateCheckoutRequest.swift; sourceTree = "<group>"; };
		A5F2353A3FDDAD2F9D28E3050EA0CE29 /* TestConfig.swift */ = {isa = PBXFileReference; fileEncoding = 4; lastKnownFileType = sourcecode.swift; name = TestConfig.swift; path = AtlasSDKTests/TestConfig.swift; sourceTree = SOURCE_ROOT; };
		A7373D8759DBC5DB0F094B007B9252C3 /* OptionsTests.swift */ = {isa = PBXFileReference; fileEncoding = 4; lastKnownFileType = sourcecode.swift; name = OptionsTests.swift; path = AtlasSDKTests/OptionsTests.swift; sourceTree = SOURCE_ROOT; };
		A8FC4AE03906C5C3860F5055CDD3232B /* CheckAddressRequest.swift */ = {isa = PBXFileReference; fileEncoding = 4; lastKnownFileType = sourcecode.swift; path = CheckAddressRequest.swift; sourceTree = "<group>"; };
		AAEA5213BFAC4F2959D8E0B4F92DD99E /* JSONParseTests.swift */ = {isa = PBXFileReference; fileEncoding = 4; lastKnownFileType = sourcecode.swift; path = JSONParseTests.swift; sourceTree = "<group>"; };
		B5C2998687DC09E5F86BE3B73A6E1809 /* APIGuestCheckoutTests.swift */ = {isa = PBXFileReference; fileEncoding = 4; lastKnownFileType = sourcecode.swift; name = APIGuestCheckoutTests.swift; path = AtlasSDKTests/APIGuestCheckoutTests.swift; sourceTree = SOURCE_ROOT; };
		BAFDFB24147F9376858D374351D13716 /* JSONJsonsTests.swift */ = {isa = PBXFileReference; fileEncoding = 4; lastKnownFileType = sourcecode.swift; path = JSONJsonsTests.swift; sourceTree = "<group>"; };
		BF2DD2D803D006BDEAB6C294E238C72D /* AtlasSDK.framework */ = {isa = PBXFileReference; explicitFileType = wrapper.framework; includeInIndex = 0; path = AtlasSDK.framework; sourceTree = BUILT_PRODUCTS_DIR; };
		BFD0DD80C9475A24C46A54BDD042269C /* GuestCart.swift */ = {isa = PBXFileReference; fileEncoding = 4; lastKnownFileType = sourcecode.swift; path = GuestCart.swift; sourceTree = "<group>"; };
		C0087275FE972E40F0FD28AA1FA1F838 /* Notifications.swift */ = {isa = PBXFileReference; fileEncoding = 4; lastKnownFileType = sourcecode.swift; name = Notifications.swift; path = AtlasSDK/Notifications.swift; sourceTree = SOURCE_ROOT; };
		C13C425956021FE1BA72AD165E0A678D /* TestConsts.swift */ = {isa = PBXFileReference; fileEncoding = 4; lastKnownFileType = sourcecode.swift; name = TestConsts.swift; path = AtlasSDKTests/TestConsts.swift; sourceTree = SOURCE_ROOT; };
		C41C6EADE9745542A5F4A34F1963336F /* JSONTestCase.swift */ = {isa = PBXFileReference; fileEncoding = 4; lastKnownFileType = sourcecode.swift; path = JSONTestCase.swift; sourceTree = "<group>"; };
		C69141283EBF13CFEA9EDC20661B9078 /* LoggerTests.swift */ = {isa = PBXFileReference; fileEncoding = 4; lastKnownFileType = sourcecode.swift; name = LoggerTests.swift; path = AtlasSDKTests/LoggerTests.swift; sourceTree = SOURCE_ROOT; };
		CA70871321348430C46B108ED24D0827 /* Customer.swift */ = {isa = PBXFileReference; fileEncoding = 4; lastKnownFileType = sourcecode.swift; path = Customer.swift; sourceTree = "<group>"; };
		CC1C1684D882CE9C7E63BB89AA4FBD28 /* Options.swift */ = {isa = PBXFileReference; fileEncoding = 4; lastKnownFileType = sourcecode.swift; name = Options.swift; path = AtlasSDK/Options.swift; sourceTree = SOURCE_ROOT; };
		CD4835C116AE50B88A092335E1E1D18E /* AtlasTests.swift */ = {isa = PBXFileReference; fileEncoding = 4; lastKnownFileType = sourcecode.swift; name = AtlasTests.swift; path = AtlasSDKTests/AtlasTests.swift; sourceTree = SOURCE_ROOT; };
		CD8AC71F74ABB8BC7D76407B3A9FCF0D /* GuestOrderRequest.swift */ = {isa = PBXFileReference; fileEncoding = 4; lastKnownFileType = sourcecode.swift; path = GuestOrderRequest.swift; sourceTree = "<group>"; };
		D01A373DFE9983DFFD566CB3529AB23D /* JSONInitializable.swift */ = {isa = PBXFileReference; fileEncoding = 4; lastKnownFileType = sourcecode.swift; path = JSONInitializable.swift; sourceTree = "<group>"; };
		D143E68BFCF2038813F5C7A2AE3EAD50 /* Typealiases.swift */ = {isa = PBXFileReference; fileEncoding = 4; lastKnownFileType = sourcecode.swift; name = Typealiases.swift; path = AtlasSDK/Typealiases.swift; sourceTree = SOURCE_ROOT; };
		D4C60BDB698E3B89D0450DE4DB2F3089 /* Delivery.swift */ = {isa = PBXFileReference; fileEncoding = 4; lastKnownFileType = sourcecode.swift; path = Delivery.swift; sourceTree = "<group>"; };
		DA165667BA3C72987F13563E3CB874B7 /* JSONRepresentable.swift */ = {isa = PBXFileReference; fileEncoding = 4; lastKnownFileType = sourcecode.swift; path = JSONRepresentable.swift; sourceTree = "<group>"; };
		E035DC1272BF730B56102EABFFAA1657 /* JSONNumbersTests.swift */ = {isa = PBXFileReference; fileEncoding = 4; lastKnownFileType = sourcecode.swift; path = JSONNumbersTests.swift; sourceTree = "<group>"; };
		E2D3A26D9E8E95E41B272A10706E062A /* APIAddressesTests.swift */ = {isa = PBXFileReference; fileEncoding = 4; lastKnownFileType = sourcecode.swift; name = APIAddressesTests.swift; path = AtlasSDKTests/APIAddressesTests.swift; sourceTree = SOURCE_ROOT; };
		E528A14D9CC64F177BA37FDBCF6268E2 /* SystemInfo.swift */ = {isa = PBXFileReference; fileEncoding = 4; lastKnownFileType = sourcecode.swift; path = SystemInfo.swift; sourceTree = "<group>"; };
		E66C12B2F7FF31BDDE37B71F9F021EE1 /* Results.swift */ = {isa = PBXFileReference; fileEncoding = 4; lastKnownFileType = sourcecode.swift; name = Results.swift; path = AtlasSDK/Results.swift; sourceTree = SOURCE_ROOT; };
		E8D64CF13F8B6EB096F17811FA204DA7 /* Default-568h@2x.png */ = {isa = PBXFileReference; lastKnownFileType = image.png; path = "Default-568h@2x.png"; sourceTree = "<group>"; };
		E9B412D145F5B4C92805CCECE14A2892 /* TestOptions.swift */ = {isa = PBXFileReference; fileEncoding = 4; lastKnownFileType = sourcecode.swift; name = TestOptions.swift; path = AtlasSDKTests/TestOptions.swift; sourceTree = SOURCE_ROOT; };
		F3010BEF9FDD14A69B158A003FB4CEC7 /* APIClientErrorsTests.swift */ = {isa = PBXFileReference; fileEncoding = 4; lastKnownFileType = sourcecode.swift; lineEnding = 0; name = APIClientErrorsTests.swift; path = AtlasSDKTests/APIClientErrorsTests.swift; sourceTree = SOURCE_ROOT; xcLanguageSpecificationIdentifier = xcode.lang.swift; };
		F46B45B4F9D975874090BEB8522D81C0 /* GuestCustomerRequest.swift */ = {isa = PBXFileReference; fileEncoding = 4; lastKnownFileType = sourcecode.swift; path = GuestCustomerRequest.swift; sourceTree = "<group>"; };
		F5F8397816D421255C10AE0737FAAA41 /* Config.swift */ = {isa = PBXFileReference; fileEncoding = 4; lastKnownFileType = sourcecode.swift; path = Config.swift; sourceTree = "<group>"; };
		F6772A4535AED1B118CFDB67D8CAF8A7 /* AtlasMockAPI.framework */ = {isa = PBXFileReference; lastKnownFileType = wrapper.framework; path = AtlasMockAPI.framework; sourceTree = BUILT_PRODUCTS_DIR; };
		F6CF52ED3F20B2F59D5E6096E498A18B /* PaymentMethod.swift */ = {isa = PBXFileReference; fileEncoding = 4; lastKnownFileType = sourcecode.swift; path = PaymentMethod.swift; sourceTree = "<group>"; };
		F6FFAFD36DBFADF2E51D872BAD526DF6 /* Errors.swift */ = {isa = PBXFileReference; fileEncoding = 4; lastKnownFileType = sourcecode.swift; name = Errors.swift; path = AtlasSDK/Errors.swift; sourceTree = SOURCE_ROOT; };
		FC81C5B65FBB101428E48B21872C1121 /* SKUTest.swift */ = {isa = PBXFileReference; fileEncoding = 4; lastKnownFileType = sourcecode.swift; name = SKUTest.swift; path = AtlasSDKTests/SKUTest.swift; sourceTree = SOURCE_ROOT; };
		FDE577A4B9190386AD2FD21D7815E6FD /* UpdateAddressRequest.swift */ = {isa = PBXFileReference; fileEncoding = 4; lastKnownFileType = sourcecode.swift; path = UpdateAddressRequest.swift; sourceTree = "<group>"; };
/* End PBXFileReference section */

/* Begin PBXFrameworksBuildPhase section */
		4DBC0D4EA8029555240C91D63A78636A /* Frameworks */ = {
			isa = PBXFrameworksBuildPhase;
			buildActionMask = 2147483647;
			files = (
				B66B644C530E41D683DBA1D5F907336F /* AtlasSDK.framework in Frameworks */,
				DAB2BC46B777931E022DF54F2FE8937F /* Nimble.framework in Frameworks */,
				03DDF840DFFB1F8DF385C0AC572B5532 /* AtlasMockAPI.framework in Frameworks */,
			);
			runOnlyForDeploymentPostprocessing = 0;
		};
		6DEA12AB4B50D4911E2395E6DF09F6A1 /* Frameworks */ = {
			isa = PBXFrameworksBuildPhase;
			buildActionMask = 2147483647;
			files = (
			);
			runOnlyForDeploymentPostprocessing = 0;
		};
		FF10D7295D4699053CC6722CEC202506 /* Frameworks */ = {
			isa = PBXFrameworksBuildPhase;
			buildActionMask = 2147483647;
			files = (
			);
			runOnlyForDeploymentPostprocessing = 0;
		};
/* End PBXFrameworksBuildPhase section */

/* Begin PBXGroup section */
		02B3D0B088D148969180C104AE3AE50A /* Guest Checkout */ = {
			isa = PBXGroup;
			children = (
				410FB0239353429EAECD851641CA4556 /* Requests */,
				BFD0DD80C9475A24C46A54BDD042269C /* GuestCart.swift */,
				439BC5F5E13583D27A6EC5B0EB9C41AB /* GuestCheckout.swift */,
				15AB716AB81A1EB750046BA350B059AA /* GuestCheckoutAddress.swift */,
				06F04274C9DF91FEABFDD5EE482E7553 /* GuestOrder.swift */,
				88271BCC31E360BEF49D8115AE83264E /* GuestPaymentMethod.swift */,
			);
			name = "Guest Checkout";
			sourceTree = "<group>";
		};
		12B6E63D1A13BD44FBA93809D684A166 /* Payment */ = {
			isa = PBXGroup;
			children = (
			);
			name = Payment;
			sourceTree = "<group>";
		};
		17FBA9D0114360557F0730AB955A38C2 /* Utils */ = {
			isa = PBXGroup;
			children = (
				81319D5C1E5F07BB00A39FE0 /* Data.swift */,
				8F7431EDD7B7A9CD9C934F540FE32E5E /* RFC3339DateFormatter.swift */,
				69384BDB0D3D26DA7967C229EF6CF14A /* Keychain.swift */,
				E528A14D9CC64F177BA37FDBCF6268E2 /* SystemInfo.swift */,
			);
			name = Utils;
			path = AtlasSDK/Utils;
			sourceTree = SOURCE_ROOT;
		};
		3D8FD04D7F66A80EE1FE5532406AE047 /* Frameworks */ = {
			isa = PBXGroup;
			children = (
				F6772A4535AED1B118CFDB67D8CAF8A7 /* AtlasMockAPI.framework */,
				946A02D8E49A74EDBEBD78F9E7F24730 /* Nimble.framework */,
			);
			name = Frameworks;
			sourceTree = "<group>";
		};
		410FB0239353429EAECD851641CA4556 /* Requests */ = {
			isa = PBXGroup;
			children = (
				0245341CC5B1CB0CF50BF8ACC958B65F /* GuestAddressRequest.swift */,
				1E03081CC39663E90CE41C2416C19A80 /* GuestCartRequest.swift */,
				F46B45B4F9D975874090BEB8522D81C0 /* GuestCustomerRequest.swift */,
				CD8AC71F74ABB8BC7D76407B3A9FCF0D /* GuestOrderRequest.swift */,
				37B69DF001037C24E6BD4E0B378BFC01 /* GuestPaymentRequest.swift */,
				27C60F07A8CC8109EF845A9860B79828 /* GuestPaymentSelectionRequest.swift */,
			);
			name = Requests;
			sourceTree = "<group>";
		};
		4E2A11B7EBC8E4EEA0457E1D93E0A1F0 /* JSON */ = {
			isa = PBXGroup;
			children = (
				241BF92EE4C5A69B1FCD9B77B4533EDB /* JSON.swift */,
				8804A49A711E3E291A3634007CA610A0 /* JSONSubscript.swift */,
				D01A373DFE9983DFFD566CB3529AB23D /* JSONInitializable.swift */,
				DA165667BA3C72987F13563E3CB874B7 /* JSONRepresentable.swift */,
				78BD428C28C6631A27A6BCEB01F1A7AD /* JSONResponse.swift */,
			);
			name = JSON;
			path = AtlasSDK/JSON;
			sourceTree = SOURCE_ROOT;
		};
		63075449FCB8DF8B5FB1DF58F073BE13 /* Responses */ = {
			isa = PBXGroup;
			children = (
				74306941AF9B87B8F6BBAF13C752AD8A /* CheckAddressResponse.swift */,
			);
			name = Responses;
			sourceTree = "<group>";
		};
		75D3D341CD1A816A0E6B63CB55C81BF2 /* AtlasSDK */ = {
			isa = PBXGroup;
			children = (
				81AFC56A1E5EE58900A1C411 /* Commons */,
				81AFC5831E5EE68600A1C411 /* AtlasLogger */,
				81319D0F1E5EE8DE00A39FE0 /* API */,
				4E2A11B7EBC8E4EEA0457E1D93E0A1F0 /* JSON */,
				763A6645A072E811EFADC02074D72E7B /* Models */,
				D4B1BA8DB7C3102EC22C0246D8DAACDB /* Other */,
				17FBA9D0114360557F0730AB955A38C2 /* Utils */,
				5FF657CDB5BDD715ADE83432FD427E27 /* Atlas.swift */,
				81319D431E5EE8FC00A39FE0 /* AtlasAPI.swift */,
				F6FFAFD36DBFADF2E51D872BAD526DF6 /* Errors.swift */,
				D143E68BFCF2038813F5C7A2AE3EAD50 /* Typealiases.swift */,
				CC1C1684D882CE9C7E63BB89AA4FBD28 /* Options.swift */,
				C0087275FE972E40F0FD28AA1FA1F838 /* Notifications.swift */,
				E66C12B2F7FF31BDDE37B71F9F021EE1 /* Results.swift */,
			);
			name = AtlasSDK;
			path = AtlasSDK/AtlasSDK;
			sourceTree = "<group>";
		};
		763A6645A072E811EFADC02074D72E7B /* Models */ = {
			isa = PBXGroup;
			children = (
				DFE4E09245E4C2D081775266DC9E3364 /* Addresses */,
				02B3D0B088D148969180C104AE3AE50A /* Guest Checkout */,
				C5A74D07FB57566754688019A86DAB5D /* Cart */,
				E9ECE5A2A329CEFB89C24E53DED3403D /* Checkout */,
				12B6E63D1A13BD44FBA93809D684A166 /* Payment */,
				F52B1BDDBB0AAA8B723B78601817791D /* Order */,
				9D1916F693D8F7C8E0E0A08191AFF5AE /* SelectedArticle.swift */,
				5ADBF1E8B3FDBFAAE434240E7212C5FF /* Article.swift */,
				5122324D4A85204EB38F54BF29FEB024 /* Catalog.swift */,
				F5F8397816D421255C10AE0737FAAA41 /* Config.swift */,
				CA70871321348430C46B108ED24D0827 /* Customer.swift */,
				D4C60BDB698E3B89D0450DE4DB2F3089 /* Delivery.swift */,
				747A73447DC8ACA0F246CCD8C6D0B513 /* Gender.swift */,
				15D788B8AFA05BF3BB7559752D777933 /* Money.swift */,
				7CDE9B266DF0DAFAF1BB3ED0A00D2609 /* Order.swift */,
				A04E7980997323086729450F65FEEF1D /* Payment.swift */,
				F6CF52ED3F20B2F59D5E6096E498A18B /* PaymentMethod.swift */,
				1F74E6F0CBCE6D7E27184F239E9438F9 /* PickupPoint.swift */,
				76F8647251682173E489D77B55EB0097 /* PaymentMethodType.swift */,
				9714951FDF30A6E73B76FEDF02064493 /* SKU.swift */,
			);
			name = Models;
			path = AtlasSDK/Models;
			sourceTree = SOURCE_ROOT;
		};
		81319D0F1E5EE8DE00A39FE0 /* API */ = {
			isa = PBXGroup;
			children = (
				81319D161E5EE8DE00A39FE0 /* Endpoints */,
				81319D101E5EE8DE00A39FE0 /* APIAccessToken.swift */,
				81319D111E5EE8DE00A39FE0 /* APIRequest.swift */,
				81319D121E5EE8DE00A39FE0 /* APIClient.swift */,
				81319D141E5EE8DE00A39FE0 /* ConfigClient.swift */,
				81319D151E5EE8DE00A39FE0 /* DataTaskResponse.swift */,
				81319D281E5EE8DE00A39FE0 /* RequestBuilder.swift */,
				81319D291E5EE8DE00A39FE0 /* ResponseParser.swift */,
			);
			name = API;
			path = AtlasSDK/API;
			sourceTree = SOURCE_ROOT;
		};
		81319D161E5EE8DE00A39FE0 /* Endpoints */ = {
			isa = PBXGroup;
			children = (
				81319D171E5EE8DE00A39FE0 /* CheckAddressEndpoint.swift */,
				81319D181E5EE8DE00A39FE0 /* CompleteGuestOrderEndpoint.swift */,
				81319D191E5EE8DE00A39FE0 /* ConfigurableEndpoint.swift */,
				81319D1A1E5EE8DE00A39FE0 /* CreateAddressEndpoint.swift */,
				81319D1B1E5EE8DE00A39FE0 /* CreateCartEndpoint.swift */,
				81319D1C1E5EE8DE00A39FE0 /* CreateCheckoutEndpoint.swift */,
				81319D1D1E5EE8DE00A39FE0 /* CreateGuestOrderEndpoint.swift */,
				81319D1E1E5EE8DE00A39FE0 /* CreateOrderEndpoint.swift */,
				81319D1F1E5EE8DE00A39FE0 /* DeleteAddressEndpoint.swift */,
				81319D201E5EE8DE00A39FE0 /* Endpoint.swift */,
				81319D211E5EE8DE00A39FE0 /* GetAddressesEndpoint.swift */,
				81319D221E5EE8DE00A39FE0 /* GetArticlesEndpoint.swift */,
				81319D231E5EE8DE00A39FE0 /* GetConfigEndpoint.swift */,
				81319D241E5EE8DE00A39FE0 /* GetCustomerEndpoint.swift */,
				81319D251E5EE8DE00A39FE0 /* GetGuestCheckoutEndpoint.swift */,
				81319D261E5EE8DE00A39FE0 /* UpdateAddressEndpoint.swift */,
				81319D271E5EE8DE00A39FE0 /* UpdateCheckoutEndpoint.swift */,
			);
			path = Endpoints;
			sourceTree = "<group>";
		};
		81AFC56A1E5EE58900A1C411 /* Commons */ = {
			isa = PBXGroup;
			children = (
				81AFC56B1E5EE58900A1C411 /* Bundle.swift */,
				81AFC56D1E5EE58900A1C411 /* Debug.swift */,
				81AFC56E1E5EE58900A1C411 /* HTTP.swift */,
				81AFC56F1E5EE58900A1C411 /* HTTPURLResponse.swift */,
				81AFC5701E5EE58900A1C411 /* String.swift */,
				81AFC5721E5EE58900A1C411 /* URL.swift */,
				81AFC5731E5EE58900A1C411 /* URLComponents.swift */,
				81AFC5741E5EE58900A1C411 /* URLQueryItem.swift */,
				81AFC5751E5EE58900A1C411 /* URLRequest.swift */,
				81AFC5761E5EE58900A1C411 /* URLStringConvertible.swift */,
				81FFBE451E5F28A0009D5D85 /* Array.swift */,
			);
			path = Commons;
			sourceTree = SOURCE_ROOT;
		};
		81AFC5831E5EE68600A1C411 /* AtlasLogger */ = {
			isa = PBXGroup;
			children = (
				81AFC5841E5EE68600A1C411 /* Logger.swift */,
				81AFC5861E5EE68600A1C411 /* OutputStreams.swift */,
				81AFC5871E5EE68600A1C411 /* PrintLogger.swift */,
				81FFBE471E5F3407009D5D85 /* AppLogSeverity.swift */,
			);
			name = AtlasLogger;
			path = AtlasSDK/AtlasLogger;
			sourceTree = SOURCE_ROOT;
		};
		864F2AE731B222CF20825FFF5BF5E6DD /* AtlasSDKTestsHostApp */ = {
			isa = PBXGroup;
			children = (
				A3676ABC81099E48C5AB84D2A5EFEB9C /* AtlasSDKTestsHostApp.entitlements */,
				764FF3CFABC50779538307F379F9209A /* TestsHostAppDelegate.swift */,
				E8D64CF13F8B6EB096F17811FA204DA7 /* Default-568h@2x.png */,
				A49B3838A57F3C502C7213E4448E8456 /* Info.plist */,
			);
			path = AtlasSDKTestsHostApp;
			sourceTree = "<group>";
		};
		B2210A5DBC18E8A21572524B02FD2C87 /* APIClient */ = {
			isa = PBXGroup;
			children = (
				9BABF45D96EF6A78461923D239DDCC57 /* AtlasAPIClientBaseTests.swift */,
				4EC242C27C538FFF87174759C5187E2F /* APIGetAddressesEndpointTests.swift */,
				E2D3A26D9E8E95E41B272A10706E062A /* APIAddressesTests.swift */,
				8CE6AE34B690C623FF049B322AE3FE3D /* APIArticleTests.swift */,
				87E0CBDAE3A5B1288455C6E176B852B6 /* APICartTests.swift */,
				F3010BEF9FDD14A69B158A003FB4CEC7 /* APIClientErrorsTests.swift */,
				80A20F90F85243250BFBE7AB2A1E14CC /* APICreateCheckoutTests.swift */,
				56A61783B05CE0621331D112E3EA078E /* APICustomerTests.swift */,
				46267A0501D2255983C3C68C1F2D5AF2 /* APIOrderTests.swift */,
				14641D3458F5F2AA1790B9C08DF75BB0 /* APIUpdateCheckoutTests.swift */,
				B5C2998687DC09E5F86BE3B73A6E1809 /* APIGuestCheckoutTests.swift */,
				1C97E9B02046C24CDCACA08685BCF05A /* APIGuestOrderTests.swift */,
				98FD0823D2FB8C419C75E4E8C619CA4C /* URLRequestTests.swift */,
			);
			name = APIClient;
			sourceTree = "<group>";
		};
		B6873578BF036594821887D24AF53EC4 /* JSON */ = {
			isa = PBXGroup;
			children = (
				A023616F03693A66D2C05C77C12B5C02 /* JSONTests.json */,
				C41C6EADE9745542A5F4A34F1963336F /* JSONTestCase.swift */,
				5EB80CD52DF3450C353CA05743012A5F /* JSONCollectionsTests.swift */,
				1307669C0BA4D3E1FD0AD6BDD787D200 /* JSONBoolsTests.swift */,
				7861F68B638F59C599C7CF6F6C14DF37 /* JSONDatesTests.swift */,
				E035DC1272BF730B56102EABFFAA1657 /* JSONNumbersTests.swift */,
				412C700E4FE8BABA48CA1E5F4D5393A4 /* JSONNullsTests.swift */,
				AAEA5213BFAC4F2959D8E0B4F92DD99E /* JSONParseTests.swift */,
				7AEFE69E3F2F85D571840E8B40B72D70 /* JSONPathsTests.swift */,
				218CA5D99F9F1668810924EA53C3BC17 /* JSONUrlsTests.swift */,
				09B246C665C39A98B2FAA6DB8BA3ACDF /* JSONStringsTests.swift */,
				15C4B63D7B53B96338D73419E01FF4F6 /* JSONEquatableTests.swift */,
				BAFDFB24147F9376858D374351D13716 /* JSONJsonsTests.swift */,
			);
			name = JSON;
			path = AtlasSDKTests/JSON;
			sourceTree = SOURCE_ROOT;
		};
		BB132929F2D8393B4645C583B58634C5 /* Requests */ = {
			isa = PBXGroup;
			children = (
				A8FC4AE03906C5C3860F5055CDD3232B /* CheckAddressRequest.swift */,
				4944BCDF87800B1F61B9A15A08C0FAC7 /* CreateAddressRequest.swift */,
				FDE577A4B9190386AD2FD21D7815E6FD /* UpdateAddressRequest.swift */,
			);
			name = Requests;
			sourceTree = "<group>";
		};
		C2DE1761D061DCB09F87ABB9AFE9108C = {
			isa = PBXGroup;
			children = (
				3D8FD04D7F66A80EE1FE5532406AE047 /* Frameworks */,
				75D3D341CD1A816A0E6B63CB55C81BF2 /* AtlasSDK */,
				F963EFE65B6A40971D31F80FC766E5B8 /* AtlasSDKTests */,
				864F2AE731B222CF20825FFF5BF5E6DD /* AtlasSDKTestsHostApp */,
				F43D62FABF1E071CB5EDE91A6BC3D9A4 /* Products */,
			);
			sourceTree = "<group>";
		};
		C5A74D07FB57566754688019A86DAB5D /* Cart */ = {
			isa = PBXGroup;
			children = (
				51B0CE819B745B123AB209C20DB0A0D6 /* CartItemRequest.swift */,
				6C37D256F81316476AD1BB1CFB1D350D /* CartRequest.swift */,
				4684381074A4798A9C76F19A7002341C /* Cart.swift */,
				51C62414756DA20D0C2756D3C2891656 /* CartItem.swift */,
			);
			name = Cart;
			sourceTree = "<group>";
		};
		D4B1BA8DB7C3102EC22C0246D8DAACDB /* Other */ = {
			isa = PBXGroup;
			children = (
				0D89792D814554CD8DB67D0A0F6DC39F /* Info.plist */,
			);
			name = Other;
			sourceTree = "<group>";
		};
		DFE4E09245E4C2D081775266DC9E3364 /* Addresses */ = {
			isa = PBXGroup;
			children = (
				BB132929F2D8393B4645C583B58634C5 /* Requests */,
				63075449FCB8DF8B5FB1DF58F073BE13 /* Responses */,
				550185D4F6E3EBAB878EAFC9701AC441 /* CheckAddress.swift */,
				88C730D69D82840A7774CF4846D833BC /* CheckoutAddress.swift */,
				34A2E3D95B370914C7B19A3B81E80190 /* FormattableAddress.swift */,
				73A02961F55508B3B15CEC53112BFE4D /* OrderAddress.swift */,
				402AD2052AB32129CFB12ED77B1D048C /* StreetAddress.swift */,
				A0C240A1E0049D934FB15689BA1417E9 /* UserAddress.swift */,
				6CF4A6E890DD1042419DC11B39812630 /* CheckoutAddresses.swift */,
			);
			name = Addresses;
			sourceTree = "<group>";
		};
		DFF2E6EE0F67D372B549184B90678C61 /* Other */ = {
			isa = PBXGroup;
			children = (
				0CC91537EB5A7953F79594AB77AF2B4D /* Info.plist */,
			);
			name = Other;
			sourceTree = "<group>";
		};
		E9ECE5A2A329CEFB89C24E53DED3403D /* Checkout */ = {
			isa = PBXGroup;
			children = (
				5B5B140809815AB229E44B61389E3F9A /* Checkout.swift */,
				A50CA5CE843366FDF5FC08D7C381BBDC /* CreateCheckoutRequest.swift */,
				6900B5912E42BB6129BCDE39649CE361 /* UpdateCheckoutRequest.swift */,
			);
			name = Checkout;
			sourceTree = "<group>";
		};
		EF442BE1B17D7385C097A2B95501B93B /* Utils */ = {
			isa = PBXGroup;
			children = (
				A1C1C5E4F032ED7537CF602510CE63DD /* URLSessionMock.swift */,
			);
			name = Utils;
			sourceTree = "<group>";
		};
		F43D62FABF1E071CB5EDE91A6BC3D9A4 /* Products */ = {
			isa = PBXGroup;
			children = (
				BF2DD2D803D006BDEAB6C294E238C72D /* AtlasSDK.framework */,
				76D8786A1A0E25F620A6FDC8EEB941AD /* AtlasSDKTests.xctest */,
				3E05F60B2B93FBE0DCC2ADDCB25843AC /* AtlasSDKTestsHostApp.app */,
			);
			name = Products;
			sourceTree = "<group>";
		};
		F52B1BDDBB0AAA8B723B78601817791D /* Order */ = {
			isa = PBXGroup;
			children = (
				99C8EE9549DB6BC3760D2AE2B30E6D48 /* OrderRequest.swift */,
			);
			name = Order;
			sourceTree = "<group>";
		};
		F963EFE65B6A40971D31F80FC766E5B8 /* AtlasSDKTests */ = {
			isa = PBXGroup;
			children = (
				B2210A5DBC18E8A21572524B02FD2C87 /* APIClient */,
				B6873578BF036594821887D24AF53EC4 /* JSON */,
				DFF2E6EE0F67D372B549184B90678C61 /* Other */,
				EF442BE1B17D7385C097A2B95501B93B /* Utils */,
				CD4835C116AE50B88A092335E1E1D18E /* AtlasTests.swift */,
				90DF829AE4AB1806AE87109E1541C53C /* ConfigTests.swift */,
				3D86297961B3CB48A28C5C9C92308D89 /* DatesTests.swift */,
				451081DBEABD8FC9EB00C2974FF0D08B /* KeychainTests.swift */,
				C69141283EBF13CFEA9EDC20661B9078 /* LoggerTests.swift */,
				A7373D8759DBC5DB0F094B007B9252C3 /* OptionsTests.swift */,
				E9B412D145F5B4C92805CCECE14A2892 /* TestOptions.swift */,
				A5F2353A3FDDAD2F9D28E3050EA0CE29 /* TestConfig.swift */,
				C13C425956021FE1BA72AD165E0A678D /* TestConsts.swift */,
				FC81C5B65FBB101428E48B21872C1121 /* SKUTest.swift */,
			);
			name = AtlasSDKTests;
			path = AtlasSDK/AtlasSDKTests;
			sourceTree = "<group>";
		};
/* End PBXGroup section */

/* Begin PBXHeadersBuildPhase section */
		A8FFC22BCB70DCAFBF47C9180AE05CE9 /* Headers */ = {
			isa = PBXHeadersBuildPhase;
			buildActionMask = 2147483647;
			files = (
			);
			runOnlyForDeploymentPostprocessing = 0;
		};
/* End PBXHeadersBuildPhase section */

/* Begin PBXNativeTarget section */
		4850138AFD7E1EECC8F7F5FD3D02713F /* AtlasSDKTests */ = {
			isa = PBXNativeTarget;
			buildConfigurationList = 1CA8FB7B6BAE75CFB302EE27350203FE /* Build configuration list for PBXNativeTarget "AtlasSDKTests" */;
			buildPhases = (
				B83C0648A94FC8E2D698170AFE23C106 /* Copy Frameworks */,
				B37545D673CE521954A5224F45655F89 /* Sources */,
				4DBC0D4EA8029555240C91D63A78636A /* Frameworks */,
				688EA90A54C5C6DE1B9486F0B00704FC /* Resources */,
			);
			buildRules = (
			);
			dependencies = (
				106443A3317747D7605441288FEECEF6 /* PBXTargetDependency */,
				B6EBC7D4316714C907F27097DA7447D9 /* PBXTargetDependency */,
			);
			name = AtlasSDKTests;
			productName = AtlasSDKTests;
			productReference = 76D8786A1A0E25F620A6FDC8EEB941AD /* AtlasSDKTests.xctest */;
			productType = "com.apple.product-type.bundle.unit-test";
		};
		4C40501591B44F17B94996E914C5F583 /* AtlasSDKTestsHostApp */ = {
			isa = PBXNativeTarget;
			buildConfigurationList = CBBB166BB5792BD3CDFD400FED70CDC1 /* Build configuration list for PBXNativeTarget "AtlasSDKTestsHostApp" */;
			buildPhases = (
				3CF515C6DE1521B91F08903BA290372F /* Sources */,
				FF10D7295D4699053CC6722CEC202506 /* Frameworks */,
				7091D1D0CC48827DAB15DBEDF5424EAE /* Resources */,
			);
			buildRules = (
			);
			dependencies = (
			);
			name = AtlasSDKTestsHostApp;
			productName = AtlasSDKTestsHostApp;
			productReference = 3E05F60B2B93FBE0DCC2ADDCB25843AC /* AtlasSDKTestsHostApp.app */;
			productType = "com.apple.product-type.application";
		};
		E59A11A5E0347028AC04CEEACDF57D88 /* AtlasSDK */ = {
			isa = PBXNativeTarget;
			buildConfigurationList = D3F0B073081067B98ED27357101F429D /* Build configuration list for PBXNativeTarget "AtlasSDK" */;
			buildPhases = (
				C178D4723BB2D4B0D4FE167F6577854B /* Swift Lint */,
				0B1192CD1EB2549BD9FB11F5FCD0602B /* Sources */,
				A8FFC22BCB70DCAFBF47C9180AE05CE9 /* Headers */,
				A467BC90A9A6E2615A4DFBCAD996513E /* Resources */,
				6DEA12AB4B50D4911E2395E6DF09F6A1 /* Frameworks */,
			);
			buildRules = (
			);
			dependencies = (
			);
			name = AtlasSDK;
			productName = AtlasSDK;
			productReference = BF2DD2D803D006BDEAB6C294E238C72D /* AtlasSDK.framework */;
			productType = "com.apple.product-type.framework";
		};
/* End PBXNativeTarget section */

/* Begin PBXProject section */
		CF97571A7484C47635A53E809C53B7ED /* Project object */ = {
			isa = PBXProject;
			attributes = {
				LastSwiftUpdateCheck = 0800;
				LastUpgradeCheck = 0810;
				ORGANIZATIONNAME = "Zalando SE";
				TargetAttributes = {
					4850138AFD7E1EECC8F7F5FD3D02713F = {
						CreatedOnToolsVersion = 8.0;
						DevelopmentTeam = J67E9B6234;
						DevelopmentTeamName = "Zalando AG";
						LastSwiftMigration = 0810;
						ProvisioningStyle = Automatic;
						TestTargetID = 4C40501591B44F17B94996E914C5F583;
					};
					4C40501591B44F17B94996E914C5F583 = {
						CreatedOnToolsVersion = 8.0;
						DevelopmentTeam = J67E9B6234;
						LastSwiftMigration = 0810;
						ProvisioningStyle = Automatic;
						SystemCapabilities = {
							com.apple.Keychain = {
								enabled = 1;
							};
						};
					};
					E59A11A5E0347028AC04CEEACDF57D88 = {
						CreatedOnToolsVersion = 8.0;
						DevelopmentTeamName = "Zalando AG";
						LastSwiftMigration = 0810;
						ProvisioningStyle = Manual;
					};
				};
			};
			buildConfigurationList = 226A10D9FCDA329C87C7F902D21EB4C0 /* Build configuration list for PBXProject "AtlasSDK" */;
			compatibilityVersion = "Xcode 8.0";
			developmentRegion = English;
			hasScannedForEncodings = 0;
			knownRegions = (
				en,
				de,
				Base,
			);
			mainGroup = C2DE1761D061DCB09F87ABB9AFE9108C;
			productRefGroup = F43D62FABF1E071CB5EDE91A6BC3D9A4 /* Products */;
			projectDirPath = "";
			projectRoot = "";
			targets = (
				E59A11A5E0347028AC04CEEACDF57D88 /* AtlasSDK */,
				4850138AFD7E1EECC8F7F5FD3D02713F /* AtlasSDKTests */,
				4C40501591B44F17B94996E914C5F583 /* AtlasSDKTestsHostApp */,
			);
		};
/* End PBXProject section */

/* Begin PBXResourcesBuildPhase section */
		688EA90A54C5C6DE1B9486F0B00704FC /* Resources */ = {
			isa = PBXResourcesBuildPhase;
			buildActionMask = 2147483647;
			files = (
				08F3649E71AE56162E4D2266EDB26CD9 /* JSONTests.json in Resources */,
			);
			runOnlyForDeploymentPostprocessing = 0;
		};
		7091D1D0CC48827DAB15DBEDF5424EAE /* Resources */ = {
			isa = PBXResourcesBuildPhase;
			buildActionMask = 2147483647;
			files = (
				69CF42E66809D4D6B64EB38068A17ACE /* Default-568h@2x.png in Resources */,
			);
			runOnlyForDeploymentPostprocessing = 0;
		};
		A467BC90A9A6E2615A4DFBCAD996513E /* Resources */ = {
			isa = PBXResourcesBuildPhase;
			buildActionMask = 2147483647;
			files = (
			);
			runOnlyForDeploymentPostprocessing = 0;
		};
/* End PBXResourcesBuildPhase section */

/* Begin PBXShellScriptBuildPhase section */
		C178D4723BB2D4B0D4FE167F6577854B /* Swift Lint */ = {
			isa = PBXShellScriptBuildPhase;
			buildActionMask = 12;
			files = (
			);
			inputPaths = (
			);
			name = "Swift Lint";
			outputPaths = (
			);
			runOnlyForDeploymentPostprocessing = 0;
			shellPath = /bin/sh;
			shellScript = "if [[ -z \"$ATLAS_SKIP_SWIFT_LINT\" && -z \"$CARTHAGE_PATH\" && -z \"$PLATFORM_PRODUCT_BUILD_VERSION\" ]]; then\n  eval \"$(/usr/bin/which -s rbenv && rbenv init -)\"\n  ${PROJECT_DIR}/../calypso.rb lint check ${PROJECT_DIR}/${TARGET_NAME}\nfi";
		};
/* End PBXShellScriptBuildPhase section */

/* Begin PBXSourcesBuildPhase section */
		0B1192CD1EB2549BD9FB11F5FCD0602B /* Sources */ = {
			isa = PBXSourcesBuildPhase;
			buildActionMask = 2147483647;
			files = (
				81AFC57F1E5EE58900A1C411 /* URLComponents.swift in Sources */,
				34D565D1422FDFE1F9B482005F88216B /* GuestCartRequest.swift in Sources */,
				81AFC5771E5EE58900A1C411 /* Bundle.swift in Sources */,
				4BC8CDC1AD957136AAC451EE348F7895 /* SelectedArticle.swift in Sources */,
				DC686314A72D004D8057657BAE386E00 /* PaymentMethodType.swift in Sources */,
				B760B0603070F9558115F9AF15FEF6B1 /* Article.swift in Sources */,
				7842AF368F906588908661C4E9C4DB74 /* Atlas.swift in Sources */,
				62C7EA7D66821EC79C278B60C3907983 /* GuestCheckoutAddress.swift in Sources */,
				631E7EE031D5A6418FB7DD60074278A7 /* Cart.swift in Sources */,
				F0FBE44409A85786DEFC3D7CD60EEFE9 /* CartItem.swift in Sources */,
				A45694A465415724991904EBB4C5DC3D /* CartItemRequest.swift in Sources */,
				871861043470F7B6A72F34B73CC67714 /* GuestPaymentRequest.swift in Sources */,
				8387789B675CAC41D88C59F7CD9A49D5 /* CartRequest.swift in Sources */,
				613D8FF85E470947466AB8AC54D4F3DD /* Catalog.swift in Sources */,
				24FFD22FC660CB12AA036D615B422072 /* CheckAddress.swift in Sources */,
				81319D411E5EE8DE00A39FE0 /* RequestBuilder.swift in Sources */,
				81319D2C1E5EE8DE00A39FE0 /* APIClient.swift in Sources */,
				06E5C0933C2D59ECB6AF221DC82004F3 /* CheckAddressRequest.swift in Sources */,
				81319D3C1E5EE8DE00A39FE0 /* GetConfigEndpoint.swift in Sources */,
				228DA1EE31068C25FB7BA695A50E5DDD /* JSONResponse.swift in Sources */,
				81AFC5821E5EE58900A1C411 /* URLStringConvertible.swift in Sources */,
				81FFBE461E5F28A0009D5D85 /* Array.swift in Sources */,
				D7D95B53EC353B847DEF517DC07B7A6F /* CheckAddressResponse.swift in Sources */,
				81319D3B1E5EE8DE00A39FE0 /* GetArticlesEndpoint.swift in Sources */,
				3823DD4454949B70FF3FC6C6B81BACA1 /* Checkout.swift in Sources */,
				AFA5480D32447A330ADEB69346021F8C /* CheckoutAddress.swift in Sources */,
				81319D3A1E5EE8DE00A39FE0 /* GetAddressesEndpoint.swift in Sources */,
				6506392A605FACF4557D0FCDD47ED7E6 /* Config.swift in Sources */,
				81319D3F1E5EE8DE00A39FE0 /* UpdateAddressEndpoint.swift in Sources */,
				067FC4466FFDF3D1F9A54EAAB43FA3B7 /* GuestPaymentMethod.swift in Sources */,
				81319D361E5EE8DE00A39FE0 /* CreateGuestOrderEndpoint.swift in Sources */,
				81AFC5801E5EE58900A1C411 /* URLQueryItem.swift in Sources */,
				81319D381E5EE8DE00A39FE0 /* DeleteAddressEndpoint.swift in Sources */,
				81319D301E5EE8DE00A39FE0 /* CheckAddressEndpoint.swift in Sources */,
				7C497E48E41E8F3AA43D7A53390C2793 /* GuestCustomerRequest.swift in Sources */,
				81AFC5811E5EE58900A1C411 /* URLRequest.swift in Sources */,
				81319D401E5EE8DE00A39FE0 /* UpdateCheckoutEndpoint.swift in Sources */,
				59B8C60AAF47816AC013834D5807A81F /* GuestOrderRequest.swift in Sources */,
				81AFC57C1E5EE58900A1C411 /* String.swift in Sources */,
				81319D2B1E5EE8DE00A39FE0 /* APIRequest.swift in Sources */,
				81AFC5791E5EE58900A1C411 /* Debug.swift in Sources */,
				5D6A3370F54739B5DCF111D194514204 /* CreateAddressRequest.swift in Sources */,
				81319D3D1E5EE8DE00A39FE0 /* GetCustomerEndpoint.swift in Sources */,
				B33B756E36A1075A2EC6DCD9822DA9D1 /* JSONRepresentable.swift in Sources */,
				330E18182E0C10228CC4E286B36052C3 /* Notifications.swift in Sources */,
				71CA5C7010DC6C89C45532550D24F931 /* CreateCheckoutRequest.swift in Sources */,
				A25FD1253C92C3BBFD7353EC785752AB /* Typealiases.swift in Sources */,
				61F07F9373EF70129617D9490C0A085B /* Customer.swift in Sources */,
				71AA3AC175F71D21D0E992F642EBDA34 /* RFC3339DateFormatter.swift in Sources */,
				620E4FDCAEF5EB433ECC27903529F2E1 /* CheckoutAddresses.swift in Sources */,
				E8FE522BEFADC682C935905FFA0AC529 /* GuestPaymentSelectionRequest.swift in Sources */,
				3841A82752EA65F967C32AE54098426F /* Delivery.swift in Sources */,
				009181DB2C30EA37DC459373993A2344 /* Errors.swift in Sources */,
				81319D341E5EE8DE00A39FE0 /* CreateCartEndpoint.swift in Sources */,
				7D9992E58F4E287BC6EE7AD30338862F /* FormattableAddress.swift in Sources */,
				1D26760B7E14BE76D4825E15D1CE6604 /* Results.swift in Sources */,
				4B10BA7F4980C14CCFD91482E6A8B060 /* Gender.swift in Sources */,
				81319D2F1E5EE8DE00A39FE0 /* DataTaskResponse.swift in Sources */,
				A617C549065FE3447ADCC97DFF9DDC69 /* JSON.swift in Sources */,
				81319D421E5EE8DE00A39FE0 /* ResponseParser.swift in Sources */,
				81319D311E5EE8DE00A39FE0 /* CompleteGuestOrderEndpoint.swift in Sources */,
				81AFC58A1E5EE68600A1C411 /* OutputStreams.swift in Sources */,
				81AFC57E1E5EE58900A1C411 /* URL.swift in Sources */,
				81319D371E5EE8DE00A39FE0 /* CreateOrderEndpoint.swift in Sources */,
				42FE443682EE4DA2863C9C7772E77128 /* SKU.swift in Sources */,
				81319D441E5EE8FC00A39FE0 /* AtlasAPI.swift in Sources */,
				E7561BB0527C36A7FA74020C228AF322 /* JSONSubscript.swift in Sources */,
				ECE8DEFDB2A85FBCD15B77C89EA5EF4A /* Keychain.swift in Sources */,
				E6A17887BC6BA4C25B2D758C44514B80 /* Money.swift in Sources */,
				261B28B342B4AB0AC459145308E87C48 /* GuestOrder.swift in Sources */,
				81319D5D1E5F07BB00A39FE0 /* Data.swift in Sources */,
				81AFC57B1E5EE58900A1C411 /* HTTPURLResponse.swift in Sources */,
				81319D2A1E5EE8DE00A39FE0 /* APIAccessToken.swift in Sources */,
				4ECD28F2D5A9072AB04B4E0EFEBB432D /* Options.swift in Sources */,
				81319D321E5EE8DE00A39FE0 /* ConfigurableEndpoint.swift in Sources */,
				240228124E25E1CCE455B8FD3E3F9A92 /* Order.swift in Sources */,
				81319D331E5EE8DE00A39FE0 /* CreateAddressEndpoint.swift in Sources */,
				A0EFD6474DCE215941273DBFE9FB064B /* OrderAddress.swift in Sources */,
				B8419F217F076553054D230EEFF60341 /* OrderRequest.swift in Sources */,
				63BD6D5AB647CD11815ABCDCD2724601 /* Payment.swift in Sources */,
				81319D2E1E5EE8DE00A39FE0 /* ConfigClient.swift in Sources */,
				81AFC5881E5EE68600A1C411 /* Logger.swift in Sources */,
				6314391419F5F35C66EBFC2ECE79303E /* SystemInfo.swift in Sources */,
				963AE70DD87A3C9A75FB0231D2130E7F /* PaymentMethod.swift in Sources */,
				4721FC3613C4D4210054C2143D31A9CF /* JSONInitializable.swift in Sources */,
				19052EC3C88FE3710B358C8A009122EF /* PickupPoint.swift in Sources */,
				6504D8872E69CAF240F5CC4CD6BEF61A /* GuestCart.swift in Sources */,
				81AFC57A1E5EE58900A1C411 /* HTTP.swift in Sources */,
				727D825FC085BDA1D717C197FDABF439 /* StreetAddress.swift in Sources */,
				CAF49B6A3DAD4C68FF77D18AAB3B91A2 /* UpdateAddressRequest.swift in Sources */,
				FC0655AC5517BC20F13B9DA9D181A142 /* UpdateCheckoutRequest.swift in Sources */,
				81319D351E5EE8DE00A39FE0 /* CreateCheckoutEndpoint.swift in Sources */,
				81319D391E5EE8DE00A39FE0 /* Endpoint.swift in Sources */,
				FC4DC88516E339E12FB7E0B70724A3C5 /* UserAddress.swift in Sources */,
				81319D3E1E5EE8DE00A39FE0 /* GetGuestCheckoutEndpoint.swift in Sources */,
				3139D922EE3790EF2597975C5046EDA2 /* GuestCheckout.swift in Sources */,
				81AFC58B1E5EE68600A1C411 /* PrintLogger.swift in Sources */,
				81FFBE481E5F3407009D5D85 /* AppLogSeverity.swift in Sources */,
				811AA1F682BDEBB36FAA84B0921AEFBE /* GuestAddressRequest.swift in Sources */,
			);
			runOnlyForDeploymentPostprocessing = 0;
		};
		3CF515C6DE1521B91F08903BA290372F /* Sources */ = {
			isa = PBXSourcesBuildPhase;
			buildActionMask = 2147483647;
			files = (
				3661CE1711B766793BA29B6189BB55FA /* TestsHostAppDelegate.swift in Sources */,
			);
			runOnlyForDeploymentPostprocessing = 0;
		};
		B37545D673CE521954A5224F45655F89 /* Sources */ = {
			isa = PBXSourcesBuildPhase;
			buildActionMask = 2147483647;
			files = (
				60737DDB8B3B1121E9A7C0FDDE2B30A3 /* TestOptions.swift in Sources */,
				3940FAA5D55562AEF721993EBB765652 /* JSONUrlsTests.swift in Sources */,
				631E37F9CE441F2D010BCA3C44A5A572 /* AtlasAPIClientBaseTests.swift in Sources */,
				7FA480C61E43BF7DB2304C5358FED2D3 /* SKUTest.swift in Sources */,
				59E61FC35023F5B1380A55E4F55309ED /* APIAddressesTests.swift in Sources */,
				B92A67EF0F82CF324E49637EF91AAFF5 /* APIArticleTests.swift in Sources */,
				428559EF37CA4B894BA1D3848DF3DFA8 /* JSONNullsTests.swift in Sources */,
				E87BA028C53FD040DB27878DCC189623 /* APICartTests.swift in Sources */,
				574121D2711D03274749CD460C82F91A /* APIClientErrorsTests.swift in Sources */,
				5D74671F0FF99D2161C47A5468886D14 /* JSONStringsTests.swift in Sources */,
				AA5AF9E73DB31053A9F4115CC7A951D4 /* APICreateCheckoutTests.swift in Sources */,
				A3714A092B6A233908B1BDAA98B777B6 /* JSONCollectionsTests.swift in Sources */,
				1911CC114DB83B6E06B990E5F8CD42AA /* APICustomerTests.swift in Sources */,
				89249A1EFD86FFC8B561A9F9DF7EC2F7 /* JSONDatesTests.swift in Sources */,
				C5F2258C0426CD3E508675FBCF90B5C8 /* APIOrderTests.swift in Sources */,
				A07B3B353458D68EE35EC7D9DBEBA739 /* APIUpdateCheckoutTests.swift in Sources */,
				705832CFD4ABB43EFDB427959C77B882 /* AtlasTests.swift in Sources */,
				04F8BD9D88669AAD2D215A947CD3A3EA /* JSONJsonsTests.swift in Sources */,
				AC215172F16F97964966D8804AF1585F /* ConfigTests.swift in Sources */,
				23D41A051054E2DD90ACA36561D502C5 /* DatesTests.swift in Sources */,
				2498AE792D1A990EC46EBE236CDFD94A /* KeychainTests.swift in Sources */,
				BA9A6116F3F8E3E87EB16B0D06DB6235 /* LoggerTests.swift in Sources */,
				DBCA129EC731279D9FA223EC80AB0CB4 /* JSONNumbersTests.swift in Sources */,
				96D8C896819BF0D75A206348D011CA74 /* OptionsTests.swift in Sources */,
				62A336C02D05C2CF32FCAB761D1CC0CC /* APIGetAddressesEndpointTests.swift in Sources */,
				E60DF7D7F10F43424ADAE4E7203169D0 /* JSONPathsTests.swift in Sources */,
				FAC365C5DB2783665E2E8BEA1CAF1AFA /* JSONBoolsTests.swift in Sources */,
				CD95843AB621F485E4FF907CBA1AAE92 /* JSONParseTests.swift in Sources */,
				8ED0E01242F9CD1BD78E59F43A38EDDA /* URLRequestTests.swift in Sources */,
				EA88C1248E9EF27B25014C7A20389FB5 /* TestConsts.swift in Sources */,
				371BA527F3D8669EDC98C9D6106983FE /* JSONTestCase.swift in Sources */,
				FC4E16F61AC2CD41E0A6CC848336E204 /* TestConfig.swift in Sources */,
				46FFDA6E904A20E7E20B9D17AD0328D3 /* JSONEquatableTests.swift in Sources */,
				50CBB4EC05164E66790A5149FDA6B1FA /* APIGuestOrderTests.swift in Sources */,
				311D737B343AE828AB1B3EEB2CE5288B /* APIGuestCheckoutTests.swift in Sources */,
				431276925D480DC7748824D0419AEF97 /* URLSessionMock.swift in Sources */,
			);
			runOnlyForDeploymentPostprocessing = 0;
		};
/* End PBXSourcesBuildPhase section */

/* Begin PBXTargetDependency section */
		106443A3317747D7605441288FEECEF6 /* PBXTargetDependency */ = {
			isa = PBXTargetDependency;
			target = E59A11A5E0347028AC04CEEACDF57D88 /* AtlasSDK */;
			targetProxy = 55BDBECCCFA2E13FED91A8C226F432E2 /* PBXContainerItemProxy */;
		};
		B6EBC7D4316714C907F27097DA7447D9 /* PBXTargetDependency */ = {
			isa = PBXTargetDependency;
			target = 4C40501591B44F17B94996E914C5F583 /* AtlasSDKTestsHostApp */;
			targetProxy = 5674F4AACF3972C221FB06B1C5B3302F /* PBXContainerItemProxy */;
		};
/* End PBXTargetDependency section */

/* Begin XCBuildConfiguration section */
		366A30D8B0D05FEDCE76F5414E478ACC /* Release */ = {
			isa = XCBuildConfiguration;
			buildSettings = {
				"CODE_SIGN_IDENTITY[sdk=iphoneos*]" = "iPhone Developer";
				FRAMEWORK_SEARCH_PATHS = (
					"$(inherited)",
					"$(PROJECT_DIR)/../Carthage/Build/iOS",
				);
				INFOPLIST_FILE = AtlasSDKTests/Info.plist;
				LD_RUNPATH_SEARCH_PATHS = "$(inherited) @executable_path/Frameworks @loader_path/Frameworks";
				PRODUCT_BUNDLE_IDENTIFIER = de.zalando.atlas.AtlasSDKTests;
				PRODUCT_NAME = "$(TARGET_NAME)";
				TEST_HOST = "$(BUILT_PRODUCTS_DIR)/AtlasSDKTestsHostApp.app/AtlasSDKTestsHostApp";
			};
			name = Release;
		};
		3A69EC1774A618EEAA5DCEFA64FE7EF4 /* Debug */ = {
			isa = XCBuildConfiguration;
			buildSettings = {
				ALWAYS_SEARCH_USER_PATHS = NO;
				CLANG_ANALYZER_LOCALIZABILITY_NONLOCALIZED = YES;
				CLANG_ANALYZER_NONNULL = YES;
				CLANG_CXX_LANGUAGE_STANDARD = "gnu++0x";
				CLANG_CXX_LIBRARY = "libc++";
				CLANG_ENABLE_MODULES = YES;
				CLANG_ENABLE_OBJC_ARC = YES;
				CLANG_WARN_BOOL_CONVERSION = YES;
				CLANG_WARN_CONSTANT_CONVERSION = YES;
				CLANG_WARN_DIRECT_OBJC_ISA_USAGE = YES_ERROR;
				CLANG_WARN_DOCUMENTATION_COMMENTS = YES;
				CLANG_WARN_EMPTY_BODY = YES;
				CLANG_WARN_ENUM_CONVERSION = YES;
				CLANG_WARN_INFINITE_RECURSION = YES;
				CLANG_WARN_INT_CONVERSION = YES;
				CLANG_WARN_OBJC_ROOT_CLASS = YES_ERROR;
				CLANG_WARN_SUSPICIOUS_MOVE = YES;
				CLANG_WARN_UNREACHABLE_CODE = YES;
				CLANG_WARN__DUPLICATE_METHOD_MATCH = YES;
				COPY_PHASE_STRIP = NO;
				CURRENT_PROJECT_VERSION = 1.1.5;
				DEBUG_INFORMATION_FORMAT = dwarf;
				ENABLE_STRICT_OBJC_MSGSEND = YES;
				ENABLE_TESTABILITY = YES;
				GCC_C_LANGUAGE_STANDARD = gnu99;
				GCC_DYNAMIC_NO_PIC = NO;
				GCC_NO_COMMON_BLOCKS = YES;
				GCC_OPTIMIZATION_LEVEL = 0;
				GCC_PREPROCESSOR_DEFINITIONS = (
					"DEBUG=1",
					"$(inherited)",
				);
				GCC_WARN_64_TO_32_BIT_CONVERSION = YES;
				GCC_WARN_ABOUT_RETURN_TYPE = YES_ERROR;
				GCC_WARN_UNDECLARED_SELECTOR = YES;
				GCC_WARN_UNINITIALIZED_AUTOS = YES_AGGRESSIVE;
				GCC_WARN_UNUSED_FUNCTION = YES;
				GCC_WARN_UNUSED_VARIABLE = YES;
				INSTALL_GROUP = everyone;
				IPHONEOS_DEPLOYMENT_TARGET = 9.0;
				MTL_ENABLE_DEBUG_INFO = YES;
				ONLY_ACTIVE_ARCH = YES;
				OTHER_SWIFT_FLAGS = "-Xfrontend -debug-time-function-bodies $(inherited) -DDEBUG";
				SDKROOT = iphoneos;
				SWIFT_ACTIVE_COMPILATION_CONDITIONS = DEBUG;
				SWIFT_OPTIMIZATION_LEVEL = "-Onone";
				SWIFT_VERSION = 3.0;
				TARGETED_DEVICE_FAMILY = "1,2";
				VERSIONING_SYSTEM = "apple-generic";
				VERSION_INFO_PREFIX = "";
			};
			name = Debug;
		};
		3E89F095B2BA31C9F100216AE15904F5 /* Debug */ = {
			isa = XCBuildConfiguration;
			buildSettings = {
				CLANG_ENABLE_MODULES = YES;
				"CODE_SIGN_IDENTITY[sdk=iphoneos*]" = "";
				DEFINES_MODULE = YES;
				DEVELOPMENT_TEAM = "";
				DYLIB_COMPATIBILITY_VERSION = 1;
				DYLIB_CURRENT_VERSION = 1.1.5;
				DYLIB_INSTALL_NAME_BASE = "@rpath";
				INFOPLIST_FILE = AtlasSDK/Info.plist;
				INSTALL_PATH = "$(LOCAL_LIBRARY_DIR)/Frameworks";
				LD_RUNPATH_SEARCH_PATHS = "$(inherited) @executable_path/Frameworks @loader_path/Frameworks";
				PRODUCT_BUNDLE_IDENTIFIER = de.zalando.atlas.AtlasSDK;
				PRODUCT_NAME = "$(TARGET_NAME)";
				SKIP_INSTALL = YES;
			};
			name = Debug;
		};
		628FC980686C87D63097764874D19781 /* Debug */ = {
			isa = XCBuildConfiguration;
			buildSettings = {
				"CODE_SIGN_IDENTITY[sdk=iphoneos*]" = "iPhone Developer";
				FRAMEWORK_SEARCH_PATHS = (
					"$(inherited)",
					"$(PROJECT_DIR)/../Carthage/Build/iOS",
				);
				INFOPLIST_FILE = AtlasSDKTests/Info.plist;
				LD_RUNPATH_SEARCH_PATHS = "$(inherited) @executable_path/Frameworks @loader_path/Frameworks";
				PRODUCT_BUNDLE_IDENTIFIER = de.zalando.atlas.AtlasSDKTests;
				PRODUCT_NAME = "$(TARGET_NAME)";
				TEST_HOST = "$(BUILT_PRODUCTS_DIR)/AtlasSDKTestsHostApp.app/AtlasSDKTestsHostApp";
			};
			name = Debug;
		};
		7080CAF2E0F26E5CD3F01DC7DA23C03F /* Release */ = {
			isa = XCBuildConfiguration;
			buildSettings = {
				ALWAYS_SEARCH_USER_PATHS = NO;
				CLANG_ANALYZER_LOCALIZABILITY_NONLOCALIZED = YES;
				CLANG_ANALYZER_NONNULL = YES;
				CLANG_CXX_LANGUAGE_STANDARD = "gnu++0x";
				CLANG_CXX_LIBRARY = "libc++";
				CLANG_ENABLE_MODULES = YES;
				CLANG_ENABLE_OBJC_ARC = YES;
				CLANG_WARN_BOOL_CONVERSION = YES;
				CLANG_WARN_CONSTANT_CONVERSION = YES;
				CLANG_WARN_DIRECT_OBJC_ISA_USAGE = YES_ERROR;
				CLANG_WARN_DOCUMENTATION_COMMENTS = YES;
				CLANG_WARN_EMPTY_BODY = YES;
				CLANG_WARN_ENUM_CONVERSION = YES;
				CLANG_WARN_INFINITE_RECURSION = YES;
				CLANG_WARN_INT_CONVERSION = YES;
				CLANG_WARN_OBJC_ROOT_CLASS = YES_ERROR;
				CLANG_WARN_SUSPICIOUS_MOVE = YES;
				CLANG_WARN_UNREACHABLE_CODE = YES;
				CLANG_WARN__DUPLICATE_METHOD_MATCH = YES;
				COPY_PHASE_STRIP = NO;
				CURRENT_PROJECT_VERSION = 1.1.5;
				DEBUG_INFORMATION_FORMAT = "dwarf-with-dsym";
				ENABLE_NS_ASSERTIONS = NO;
				ENABLE_STRICT_OBJC_MSGSEND = YES;
				GCC_C_LANGUAGE_STANDARD = gnu99;
				GCC_NO_COMMON_BLOCKS = YES;
				GCC_WARN_64_TO_32_BIT_CONVERSION = YES;
				GCC_WARN_ABOUT_RETURN_TYPE = YES_ERROR;
				GCC_WARN_UNDECLARED_SELECTOR = YES;
				GCC_WARN_UNINITIALIZED_AUTOS = YES_AGGRESSIVE;
				GCC_WARN_UNUSED_FUNCTION = YES;
				GCC_WARN_UNUSED_VARIABLE = YES;
				INSTALL_GROUP = everyone;
				IPHONEOS_DEPLOYMENT_TARGET = 9.0;
				MTL_ENABLE_DEBUG_INFO = NO;
				SDKROOT = iphoneos;
				SWIFT_OPTIMIZATION_LEVEL = "-Owholemodule";
				SWIFT_VERSION = 3.0;
				TARGETED_DEVICE_FAMILY = "1,2";
				VALIDATE_PRODUCT = YES;
				VERSIONING_SYSTEM = "apple-generic";
				VERSION_INFO_PREFIX = "";
			};
			name = Release;
		};
		DEAEE9C9B9B1E6F348DF4707CFD72FB2 /* Debug */ = {
			isa = XCBuildConfiguration;
			buildSettings = {
				CLANG_WARN_SUSPICIOUS_MOVES = YES;
				CODE_SIGN_ENTITLEMENTS = AtlasSDKTestsHostApp/AtlasSDKTestsHostApp.entitlements;
				"CODE_SIGN_IDENTITY[sdk=iphoneos*]" = "iPhone Developer";
				DEVELOPMENT_TEAM = J67E9B6234;
				INFOPLIST_FILE = AtlasSDKTestsHostApp/Info.plist;
				IPHONEOS_DEPLOYMENT_TARGET = 9.0;
				LD_RUNPATH_SEARCH_PATHS = "$(inherited) @executable_path/Frameworks";
				PRODUCT_BUNDLE_IDENTIFIER = com.zalando.AtlasSDKTestsHostApp;
				PRODUCT_NAME = "$(TARGET_NAME)";
			};
			name = Debug;
		};
		EAE1BC10C1C3FA1B8971510721EEE1CC /* Release */ = {
			isa = XCBuildConfiguration;
			buildSettings = {
				CLANG_ENABLE_MODULES = YES;
				"CODE_SIGN_IDENTITY[sdk=iphoneos*]" = "";
				DEFINES_MODULE = YES;
				DEVELOPMENT_TEAM = "";
				DYLIB_COMPATIBILITY_VERSION = 1;
				DYLIB_CURRENT_VERSION = 1.1.5;
				DYLIB_INSTALL_NAME_BASE = "@rpath";
				INFOPLIST_FILE = AtlasSDK/Info.plist;
				INSTALL_PATH = "$(LOCAL_LIBRARY_DIR)/Frameworks";
				LD_RUNPATH_SEARCH_PATHS = "$(inherited) @executable_path/Frameworks @loader_path/Frameworks";
				PRODUCT_BUNDLE_IDENTIFIER = de.zalando.atlas.AtlasSDK;
				PRODUCT_NAME = "$(TARGET_NAME)";
				SKIP_INSTALL = YES;
			};
			name = Release;
		};
		F36700104107C8AD8E08A1171B3EECE0 /* Release */ = {
			isa = XCBuildConfiguration;
			buildSettings = {
				CLANG_WARN_SUSPICIOUS_MOVES = YES;
				CODE_SIGN_ENTITLEMENTS = AtlasSDKTestsHostApp/AtlasSDKTestsHostApp.entitlements;
				"CODE_SIGN_IDENTITY[sdk=iphoneos*]" = "iPhone Developer";
				DEVELOPMENT_TEAM = J67E9B6234;
				INFOPLIST_FILE = AtlasSDKTestsHostApp/Info.plist;
				IPHONEOS_DEPLOYMENT_TARGET = 9.0;
				LD_RUNPATH_SEARCH_PATHS = "$(inherited) @executable_path/Frameworks";
				PRODUCT_BUNDLE_IDENTIFIER = com.zalando.AtlasSDKTestsHostApp;
				PRODUCT_NAME = "$(TARGET_NAME)";
			};
			name = Release;
		};
/* End XCBuildConfiguration section */

/* Begin XCConfigurationList section */
		1CA8FB7B6BAE75CFB302EE27350203FE /* Build configuration list for PBXNativeTarget "AtlasSDKTests" */ = {
			isa = XCConfigurationList;
			buildConfigurations = (
				628FC980686C87D63097764874D19781 /* Debug */,
				366A30D8B0D05FEDCE76F5414E478ACC /* Release */,
			);
			defaultConfigurationIsVisible = 0;
			defaultConfigurationName = Release;
		};
		226A10D9FCDA329C87C7F902D21EB4C0 /* Build configuration list for PBXProject "AtlasSDK" */ = {
			isa = XCConfigurationList;
			buildConfigurations = (
				3A69EC1774A618EEAA5DCEFA64FE7EF4 /* Debug */,
				7080CAF2E0F26E5CD3F01DC7DA23C03F /* Release */,
			);
			defaultConfigurationIsVisible = 0;
			defaultConfigurationName = Release;
		};
		CBBB166BB5792BD3CDFD400FED70CDC1 /* Build configuration list for PBXNativeTarget "AtlasSDKTestsHostApp" */ = {
			isa = XCConfigurationList;
			buildConfigurations = (
				DEAEE9C9B9B1E6F348DF4707CFD72FB2 /* Debug */,
				F36700104107C8AD8E08A1171B3EECE0 /* Release */,
			);
			defaultConfigurationIsVisible = 0;
			defaultConfigurationName = Release;
		};
		D3F0B073081067B98ED27357101F429D /* Build configuration list for PBXNativeTarget "AtlasSDK" */ = {
			isa = XCConfigurationList;
			buildConfigurations = (
				3E89F095B2BA31C9F100216AE15904F5 /* Debug */,
				EAE1BC10C1C3FA1B8971510721EEE1CC /* Release */,
			);
			defaultConfigurationIsVisible = 0;
			defaultConfigurationName = Release;
		};
/* End XCConfigurationList section */
	};
	rootObject = CF97571A7484C47635A53E809C53B7ED /* Project object */;
}
