// !$*UTF8*$!
{
	archiveVersion = 1;
	classes = {
	};
	objectVersion = 48;
	objects = {

/* Begin PBXBuildFile section */
		030BAC267ECE5552034894F8727BC4C0 /* GET*|articles|AD541L009-G11.json in Resources */ = {isa = PBXBuildFile; fileRef = A804306971AB4D86B763854CFAF41D68 /* GET*|articles|AD541L009-G11.json */; };
		062E4BE07D2AC78A1CFA23BE1DA14633 /* POST*|address-checks.json in Resources */ = {isa = PBXBuildFile; fileRef = 2841CC657D79D120D56C0C0B83CC3B86 /* POST*|address-checks.json */; };
		065999EA890699562784FBA7EEE69A15 /* Swifter.framework in Frameworks */ = {isa = PBXBuildFile; fileRef = 7B32EE0596F3E33D121673D07A89E425 /* Swifter.framework */; };
		074786065ED0E1BE9BE67760F737DD34 /* GET*|articles|AZ711N008-G11.json in Resources */ = {isa = PBXBuildFile; fileRef = 38E5279F0A11E45EFB61EB6FB162000A /* GET*|articles|AZ711N008-G11.json */; };
		0BD4E3785B8B1992529C13DEC8B1E0BF /* POST*|addresses.json in Resources */ = {isa = PBXBuildFile; fileRef = 9336AFA69D4F4B80A26EED76DFD48E73 /* POST*|addresses.json */; };
		0DDEF5CB582E8362BD50ABBEB8C71B42 /* root.swift in Sources */ = {isa = PBXBuildFile; fileRef = E6A12FDAD29AC96D6E81A64E6D2BDFB5 /* root.swift */; };
		0F11F5F51EC15D10E353C3C9E938CF2E /* Swifter.framework in Copy Frameworks */ = {isa = PBXBuildFile; fileRef = 7B32EE0596F3E33D121673D07A89E425 /* Swifter.framework */; settings = {ATTRIBUTES = (CodeSignOnCopy, RemoveHeadersOnCopy, ); }; };
		133CA35176EC050787C42B168A2767CD /* AtlasMockAPI.swift in Sources */ = {isa = PBXBuildFile; fileRef = 6678498B12532BC9FB37041A2AED1DE4 /* AtlasMockAPI.swift */; };
		15ED1D40026A24C7177E2284DF12769A /* AtlasMockAPI.swift in Sources */ = {isa = PBXBuildFile; fileRef = 6678498B12532BC9FB37041A2AED1DE4 /* AtlasMockAPI.swift */; };
		16B554226571FB6039BDF21AE78D157E /* POST*|orders.json in Resources */ = {isa = PBXBuildFile; fileRef = 93FDDC5BCA83505593A58CA86BFBF851 /* POST*|orders.json */; };
		16F0CA78B871E84EA9528CF169C3F383 /* GET*|articles|AZ711M001-B11.json in Resources */ = {isa = PBXBuildFile; fileRef = F32701B0E244493C8FDB26A6DB3DF08A /* GET*|articles|AZ711M001-B11.json */; };
		24F84FD3FEFF1BD776F51AEB85F45E71 /* Swifter.framework in Frameworks */ = {isa = PBXBuildFile; fileRef = 7B32EE0596F3E33D121673D07A89E425 /* Swifter.framework */; };
		2AB36F7186EB2F5690564F3984DDF6F2 /* Nimble.framework in Copy Frameworks */ = {isa = PBXBuildFile; fileRef = 7F71AA7830F715E66612EE4F3B5B0DE2 /* Nimble.framework */; settings = {ATTRIBUTES = (CodeSignOnCopy, RemoveHeadersOnCopy, ); }; };
		2EBF086F6D93D27F5EFB05CF8BBE843A /* POST*|carts.json in Resources */ = {isa = PBXBuildFile; fileRef = 426274DDC1245E783F3D2560060CB2EF /* POST*|carts.json */; };
		3885B3BD7BEF34D3AC5430379339B952 /* HttpServer.swift in Sources */ = {isa = PBXBuildFile; fileRef = 03FCAE6C2E00BC14146D7A5490970DFD /* HttpServer.swift */; };
		398F5BDE0F8504306DCD314FC9EE0E01 /* POST*|carts.json in Resources */ = {isa = PBXBuildFile; fileRef = 426274DDC1245E783F3D2560060CB2EF /* POST*|carts.json */; };
		428BB791E55116079F156E003D3CB18E /* AtlasMockAPI_macOS.framework in Frameworks */ = {isa = PBXBuildFile; fileRef = C95290F96219584B6ACEAEABDD8E348C /* AtlasMockAPI_macOS.framework */; };
		4CCBF7311FF9CDE42A2FE6702500AC6D /* AtlasMockAPI.framework in Frameworks */ = {isa = PBXBuildFile; fileRef = ABB5A5EE8F076164F43D0AB5ACC9285B /* AtlasMockAPI.framework */; };
		4F84E7DDA8C48A7CF85F05A598E20392 /* GET*|config.json in Resources */ = {isa = PBXBuildFile; fileRef = FAC7C79D277014FC00CD35427E010B0D /* GET*|config.json */; };
		526E809C9051CEB72D9008F994152966 /* GET*|articles|AZ711N00B-Q11.json in Resources */ = {isa = PBXBuildFile; fileRef = B356C121A4909B2F9930388270C0BBD5 /* GET*|articles|AZ711N00B-Q11.json */; };
		57D3AD978D8116B827B77CA671CA08A8 /* NSBundle.swift in Sources */ = {isa = PBXBuildFile; fileRef = 774E15C0298E7554801A950D57B1794B /* NSBundle.swift */; };
		58DE049BBB0978C3AAF39B71FBA2CE83 /* AtlasMockAPI.h in Headers */ = {isa = PBXBuildFile; fileRef = 8E3778589D321DAEEFC3A19E61372FA8 /* AtlasMockAPI.h */; settings = {ATTRIBUTES = (Public, ); }; };
		59745E9F9ECCC552BCF3CF15CEC868E6 /* DELETE*|addresses|6616154.json in Resources */ = {isa = PBXBuildFile; fileRef = FD8102294BD62829FFA7EDF717C73963 /* DELETE*|addresses|6616154.json */; };
		5A99D969BDCDFF6E6392E35A8A0AB686 /* GET*|articles|AZ711M001-B11.json in Resources */ = {isa = PBXBuildFile; fileRef = F32701B0E244493C8FDB26A6DB3DF08A /* GET*|articles|AZ711M001-B11.json */; };
		5FAEBA073DD6471F3C7E0A3F11DCD238 /* PUT*|addresses|6702748.json in Resources */ = {isa = PBXBuildFile; fileRef = B13055DF8EA83B50E99C79CD3B654526 /* PUT*|addresses|6702748.json */; };
		61CBC6DA4A10A98808ADCE594E11F929 /* AtlasMockAPI-macOS.h in Headers */ = {isa = PBXBuildFile; fileRef = F7C2FA3A57F587B64A91D179D83BE578 /* AtlasMockAPI-macOS.h */; settings = {ATTRIBUTES = (Public, ); }; };
		62AA590E05B22760911A9BC40F74317C /* !customer-auth.json in Resources */ = {isa = PBXBuildFile; fileRef = 190ADDFC8C36495A6C2B51B58DE206F4 /* !customer-auth.json */; };
		64407C519CB0060BBB74B492DCFA5692 /* GET*|articles|AD541L009-G11.json in Resources */ = {isa = PBXBuildFile; fileRef = A804306971AB4D86B763854CFAF41D68 /* GET*|articles|AD541L009-G11.json */; };
		64DA112F4AA804031B27C1D2A3842C49 /* DELETE*|addresses|6702759.json in Resources */ = {isa = PBXBuildFile; fileRef = CACE4447528604E65E39575522445766 /* DELETE*|addresses|6702759.json */; };
		65522A93EA15FE48ED165C3A8BDB6E2F /* DELETE*|addresses|6702748.json in Resources */ = {isa = PBXBuildFile; fileRef = FB1DF45B612B010DA36687458D5AAD11 /* DELETE*|addresses|6702748.json */; };
		66B64BA96DE6813191ABC6DB68478691 /* GET*|articles|AZ711N008-G11.json in Resources */ = {isa = PBXBuildFile; fileRef = 38E5279F0A11E45EFB61EB6FB162000A /* GET*|articles|AZ711N008-G11.json */; };
		67ADE51755468A8D087D4A51AB1EF4E9 /* SwiftHTTP.framework in Copy Frameworks */ = {isa = PBXBuildFile; fileRef = AC9521FB6EAEE2BD391841437FC0C671 /* SwiftHTTP.framework */; settings = {ATTRIBUTES = (CodeSignOnCopy, RemoveHeadersOnCopy, ); }; };
		68DB45EEDB9F7397A40E0E4498573BC2 /* SwiftHTTP.framework in Frameworks */ = {isa = PBXBuildFile; fileRef = AC9521FB6EAEE2BD391841437FC0C671 /* SwiftHTTP.framework */; };
		69638C8F4C743864D4481FA6941E71B1 /* Swifter.framework in Copy Frameworks */ = {isa = PBXBuildFile; fileRef = 7B32EE0596F3E33D121673D07A89E425 /* Swifter.framework */; settings = {ATTRIBUTES = (CodeSignOnCopy, RemoveHeadersOnCopy, ); }; };
		6B8D00F6A8A7623EDC6C802B0ACF2DB1 /* authorize.swift in Sources */ = {isa = PBXBuildFile; fileRef = 515C868CEC51956D7AB4E80D708654BC /* authorize.swift */; };
		6D87BC6A19E87B21AD6A5D948A029491 /* GET*|addresses.json in Resources */ = {isa = PBXBuildFile; fileRef = 2BEBFF894CA6322C4F0CBA0352C30C5D /* GET*|addresses.json */; };
		70F190676FB4911CAF3A7482D5D6FDDB /* GET*|articles|LA254E005-Q11.json in Resources */ = {isa = PBXBuildFile; fileRef = 6943EFC2A304C00CD2041024D11F5CEE /* GET*|articles|LA254E005-Q11.json */; };
		752AD4DC7CCCA0A5BE46A02D5AC5C848 /* customer.swift in Sources */ = {isa = PBXBuildFile; fileRef = FE50F14CF22BB8970E3EA7156738A8D5 /* customer.swift */; };
		79068FCC902009E12A3E43E7A2895902 /* !customer-auth.json in Resources */ = {isa = PBXBuildFile; fileRef = 190ADDFC8C36495A6C2B51B58DE206F4 /* !customer-auth.json */; };
		79B050A23B1CDDF51B8B7B2AA5FAF073 /* static-jsons.swift in Sources */ = {isa = PBXBuildFile; fileRef = CA560C48D8E31572681D63D800308B84 /* static-jsons.swift */; };
		8720D2B0604EE9F3D556997AABD433D1 /* PUT*|checkouts|CHECKOUT_ID.json in Resources */ = {isa = PBXBuildFile; fileRef = 36179885761B049B1F4CBF0168DCE1BC /* PUT*|checkouts|CHECKOUT_ID.json */; };
		89D06E86E5BD432FBCB4F4A722DBF3EA /* PUT*|addresses|6616154.json in Resources */ = {isa = PBXBuildFile; fileRef = A18D1A78AC6C343752EAD271C4A781C7 /* PUT*|addresses|6616154.json */; };
		89E334C4AD5ADBBA39AB8084DAF56777 /* POST*|checkouts.json in Resources */ = {isa = PBXBuildFile; fileRef = 3A268438741376FB9F4283CC387897E0 /* POST*|checkouts.json */; };
		8C0A1DDC60263E290447A34FA0311555 /* PUT*|checkouts|CHECKOUT_ID.json in Resources */ = {isa = PBXBuildFile; fileRef = 36179885761B049B1F4CBF0168DCE1BC /* PUT*|checkouts|CHECKOUT_ID.json */; };
		91404B744633CD79FA84CD4E5643CF33 /* GET*|articles.json in Resources */ = {isa = PBXBuildFile; fileRef = 925056144BC88164B2CFDCEBE2F0C7E7 /* GET*|articles.json */; };
		91A99DCEFA53765A6EEF392B70F4A6B6 /* PUT*|addresses|6702759.json in Resources */ = {isa = PBXBuildFile; fileRef = 9357FF0817E1AA2916AF7F354DF65687 /* PUT*|addresses|6702759.json */; };
		944AD23A63779DE8CFEFC4AB722450B0 /* PUT*|addresses|6702748.json in Resources */ = {isa = PBXBuildFile; fileRef = B13055DF8EA83B50E99C79CD3B654526 /* PUT*|addresses|6702748.json */; };
		954FFC519C9EBAA5D1CB75962B52B28C /* PUT*|addresses|6702759.json in Resources */ = {isa = PBXBuildFile; fileRef = 9357FF0817E1AA2916AF7F354DF65687 /* PUT*|addresses|6702759.json */; };
		95E82407BC871E74D62BF55165FC985D /* DELETE*|addresses|6702748.json in Resources */ = {isa = PBXBuildFile; fileRef = FB1DF45B612B010DA36687458D5AAD11 /* DELETE*|addresses|6702748.json */; };
		96338B478A13E048917D0CC270DFB297 /* GET*|articles|AZ711N00B-Q11.json in Resources */ = {isa = PBXBuildFile; fileRef = B356C121A4909B2F9930388270C0BBD5 /* GET*|articles|AZ711N00B-Q11.json */; };
		9ACA16D03DD1902554009DDFD445D481 /* GET*|articles|MK151F00E-Q11.json in Resources */ = {isa = PBXBuildFile; fileRef = EE841A5E3AF50F26A2453D96398B0547 /* GET*|articles|MK151F00E-Q11.json */; };
		9C0578DBD80EB3FB52CF65220A86FF0E /* SwiftyJSON.framework in Copy Frameworks */ = {isa = PBXBuildFile; fileRef = 72C51F2F8B90A76F70E31896FC0E81C5 /* SwiftyJSON.framework */; settings = {ATTRIBUTES = (CodeSignOnCopy, RemoveHeadersOnCopy, ); }; };
		A016235CBE6482153D3A5F8C24FA6F28 /* GET*|articles|GU121D08Z-Q11.json in Resources */ = {isa = PBXBuildFile; fileRef = C5FCC3D9537682DB7EA877FCBE602EA8 /* GET*|articles|GU121D08Z-Q11.json */; };
		A389EBF5652D8E081DFFAB10B876A866 /* redirect.swift in Sources */ = {isa = PBXBuildFile; fileRef = 9224E46FC82BA4A977234267FF02A75E /* redirect.swift */; };
		A4F77C9721AA1F2F41838E45A99CECDD /* GET*|addresses.json in Resources */ = {isa = PBXBuildFile; fileRef = 2BEBFF894CA6322C4F0CBA0352C30C5D /* GET*|addresses.json */; };
		A59F076590A5B06814D2F6466416E978 /* !customer-not-auth.json in Resources */ = {isa = PBXBuildFile; fileRef = A2292C0F231C12E7007FBD34A78D6FE9 /* !customer-not-auth.json */; };
		AA70A196673623B812B5A0379184BA41 /* GET*|articles|EV451G023-Q11.json in Resources */ = {isa = PBXBuildFile; fileRef = 85BC90121A75EE5E58D7451EDFC484AB /* GET*|articles|EV451G023-Q11.json */; };
		AD45008504E2DF00E0A3A55E5D87C6EB /* GET*|articles|L2711E002-Q11.json in Resources */ = {isa = PBXBuildFile; fileRef = 357236E33FB5593BDA0C34D7C3B85BD5 /* GET*|articles|L2711E002-Q11.json */; };
		B343C35805059D57DD16B6B97D5EE277 /* static-jsons.swift in Sources */ = {isa = PBXBuildFile; fileRef = CA560C48D8E31572681D63D800308B84 /* static-jsons.swift */; };
		B46B06697F314D57BD1DF910A06E4F07 /* GET*|articles|MK151F00E-Q11.json in Resources */ = {isa = PBXBuildFile; fileRef = EE841A5E3AF50F26A2453D96398B0547 /* GET*|articles|MK151F00E-Q11.json */; };
		B91AB4810221943184693E3627A04116 /* authorize.swift in Sources */ = {isa = PBXBuildFile; fileRef = 515C868CEC51956D7AB4E80D708654BC /* authorize.swift */; };
		BD308837CE08A9B3B952473D0C55AB0F /* HttpServer.swift in Sources */ = {isa = PBXBuildFile; fileRef = 03FCAE6C2E00BC14146D7A5490970DFD /* HttpServer.swift */; };
		BF50E1DA5EA3750B9AFF46474B056A0F /* GET*|articles|GU121D08Z-Q11.json in Resources */ = {isa = PBXBuildFile; fileRef = C5FCC3D9537682DB7EA877FCBE602EA8 /* GET*|articles|GU121D08Z-Q11.json */; };
		C194886D6A3ADDEB65DD6A4F0013B3EA /* main.swift in Sources */ = {isa = PBXBuildFile; fileRef = C3DAE00CB3FFDF2325A917AA51178BF3 /* main.swift */; };
		C30BD07A02D2618DE3D48036E6102342 /* Nimble.framework in Frameworks */ = {isa = PBXBuildFile; fileRef = 7F71AA7830F715E66612EE4F3B5B0DE2 /* Nimble.framework */; };
		C4A293F0816EC3ED403DA8E026911B80 /* GET*|articles|EV451G023-Q11.json in Resources */ = {isa = PBXBuildFile; fileRef = 85BC90121A75EE5E58D7451EDFC484AB /* GET*|articles|EV451G023-Q11.json */; };
		C5CBE46A0AEFB9F4A475A41F506425B6 /* SwiftyJSON.framework in Frameworks */ = {isa = PBXBuildFile; fileRef = 72C51F2F8B90A76F70E31896FC0E81C5 /* SwiftyJSON.framework */; };
		C84F01DDE46BF77B5EE6B09C5267430A /* GET*|config.json in Resources */ = {isa = PBXBuildFile; fileRef = FAC7C79D277014FC00CD35427E010B0D /* GET*|config.json */; };
		C85677CF1DE7D0C335AC48FE83C3654E /* NSBundle.swift in Sources */ = {isa = PBXBuildFile; fileRef = 774E15C0298E7554801A950D57B1794B /* NSBundle.swift */; };
		C99FC86A69D4DDD92972D6EB08D1CC98 /* redirect.swift in Sources */ = {isa = PBXBuildFile; fileRef = 9224E46FC82BA4A977234267FF02A75E /* redirect.swift */; };
		CA6498F26AEEB6234C38A69E0FBDF21E /* AtlasMockAPITests.swift in Sources */ = {isa = PBXBuildFile; fileRef = 916DA4EC8C6CDF184EA2662AFB5E1DD2 /* AtlasMockAPITests.swift */; };
		CC12AA5E162093CEC65F03A8A0749C91 /* GET*|articles|AZ711N007-Q11.json in Resources */ = {isa = PBXBuildFile; fileRef = 05EDDC5E2CE54875F0EE7F306148DAFB /* GET*|articles|AZ711N007-Q11.json */; };
		D211C1C8117223512F18F44451819653 /* GET*|articles|AZ711N007-Q11.json in Resources */ = {isa = PBXBuildFile; fileRef = 05EDDC5E2CE54875F0EE7F306148DAFB /* GET*|articles|AZ711N007-Q11.json */; };
		DFCA1DE95AC6227FF82D62DAA4E54AF6 /* customer.swift in Sources */ = {isa = PBXBuildFile; fileRef = FE50F14CF22BB8970E3EA7156738A8D5 /* customer.swift */; };
		E024C19B67B72FE2ACD29FA4B504238B /* POST*|addresses.json in Resources */ = {isa = PBXBuildFile; fileRef = 9336AFA69D4F4B80A26EED76DFD48E73 /* POST*|addresses.json */; };
		E0DE531EED316FE416C6599BF0527D4D /* POST*|orders.json in Resources */ = {isa = PBXBuildFile; fileRef = 93FDDC5BCA83505593A58CA86BFBF851 /* POST*|orders.json */; };
		E28A5D0ADC4B5EDD2AE14AC2AEFBF52A /* root.swift in Sources */ = {isa = PBXBuildFile; fileRef = E6A12FDAD29AC96D6E81A64E6D2BDFB5 /* root.swift */; };
		E2A7B55242AD7320ED0238122456560D /* GET*|articles|LA254E005-Q11.json in Resources */ = {isa = PBXBuildFile; fileRef = 6943EFC2A304C00CD2041024D11F5CEE /* GET*|articles|LA254E005-Q11.json */; };
		E3706147D5957DF65BA2DBE530B64D8C /* POST*|address-checks.json in Resources */ = {isa = PBXBuildFile; fileRef = 2841CC657D79D120D56C0C0B83CC3B86 /* POST*|address-checks.json */; };
		E5979D25A11A7A1BDA83D0FC1B63402F /* GET*|articles|L2711E002-Q11.json in Resources */ = {isa = PBXBuildFile; fileRef = 357236E33FB5593BDA0C34D7C3B85BD5 /* GET*|articles|L2711E002-Q11.json */; };
		E5EA6B0AA33ED7FB2824EC819970B2ED /* DELETE*|addresses|6702759.json in Resources */ = {isa = PBXBuildFile; fileRef = CACE4447528604E65E39575522445766 /* DELETE*|addresses|6702759.json */; };
		E9DAF9722397E88CA29D63AFC5105B59 /* !customer-not-auth.json in Resources */ = {isa = PBXBuildFile; fileRef = A2292C0F231C12E7007FBD34A78D6FE9 /* !customer-not-auth.json */; };
		F250E16CBA2E2CEED4E3DE7EFF2D74A7 /* DELETE*|addresses|6616154.json in Resources */ = {isa = PBXBuildFile; fileRef = FD8102294BD62829FFA7EDF717C73963 /* DELETE*|addresses|6616154.json */; };
		F567261BA44CE78FB4591C87F874918D /* PUT*|addresses|6616154.json in Resources */ = {isa = PBXBuildFile; fileRef = A18D1A78AC6C343752EAD271C4A781C7 /* PUT*|addresses|6616154.json */; };
		F58A3868199FCF758BAFBF169270FF60 /* GET*|articles.json in Resources */ = {isa = PBXBuildFile; fileRef = 925056144BC88164B2CFDCEBE2F0C7E7 /* GET*|articles.json */; };
		F8586B67C272BAB25648D8B37F2DF4ED /* POST*|checkouts.json in Resources */ = {isa = PBXBuildFile; fileRef = 3A268438741376FB9F4283CC387897E0 /* POST*|checkouts.json */; };
		F9BF26EEB1340EF7A3AFAE31DFA35F37 /* Swifter.framework in Frameworks */ = {isa = PBXBuildFile; fileRef = 7B32EE0596F3E33D121673D07A89E425 /* Swifter.framework */; };
		FD8928084A5B5260D43B5826E9B543A9 /* Swifter.framework in Copy Frameworks */ = {isa = PBXBuildFile; fileRef = 7B32EE0596F3E33D121673D07A89E425 /* Swifter.framework */; settings = {ATTRIBUTES = (CodeSignOnCopy, RemoveHeadersOnCopy, ); }; };
/* End PBXBuildFile section */

/* Begin PBXContainerItemProxy section */
		3D0DF065AB1DD13B6B3D6AFB44615575 /* PBXContainerItemProxy */ = {
			isa = PBXContainerItemProxy;
			containerPortal = D1A4913A3B1FAAEE35F16BA0FFC04918 /* Project object */;
			proxyType = 1;
			remoteGlobalIDString = 6EAF48CE510DEB8F61900BF8679179AD;
			remoteInfo = AtlasMockAPI;
		};
		A46302D29385CD289E7FB1F75FA36B86 /* PBXContainerItemProxy */ = {
			isa = PBXContainerItemProxy;
			containerPortal = D1A4913A3B1FAAEE35F16BA0FFC04918 /* Project object */;
			proxyType = 1;
			remoteGlobalIDString = 58B0805E1157966FBFE26FEC1A22DE00;
			remoteInfo = "AtlasMockAPI-macOS";
		};
/* End PBXContainerItemProxy section */

/* Begin PBXCopyFilesBuildPhase section */
		01643B800A9D48BCFF9D47B1DBF74F3E /* Copy Frameworks */ = {
			isa = PBXCopyFilesBuildPhase;
			buildActionMask = 2147483647;
			dstPath = "";
			dstSubfolderSpec = 10;
			files = (
				FD8928084A5B5260D43B5826E9B543A9 /* Swifter.framework in Copy Frameworks */,
				9C0578DBD80EB3FB52CF65220A86FF0E /* SwiftyJSON.framework in Copy Frameworks */,
				67ADE51755468A8D087D4A51AB1EF4E9 /* SwiftHTTP.framework in Copy Frameworks */,
				2AB36F7186EB2F5690564F3984DDF6F2 /* Nimble.framework in Copy Frameworks */,
			);
			name = "Copy Frameworks";
			runOnlyForDeploymentPostprocessing = 0;
		};
		8BF1A3ED0CBA0E0760946391693F2296 /* Copy Frameworks */ = {
			isa = PBXCopyFilesBuildPhase;
			buildActionMask = 2147483647;
			dstPath = "";
			dstSubfolderSpec = 10;
			files = (
				0F11F5F51EC15D10E353C3C9E938CF2E /* Swifter.framework in Copy Frameworks */,
			);
			name = "Copy Frameworks";
			runOnlyForDeploymentPostprocessing = 0;
		};
		945EF19FE403EB822D161DDFE61A3420 /* Copy Frameworks */ = {
			isa = PBXCopyFilesBuildPhase;
			buildActionMask = 2147483647;
			dstPath = "";
			dstSubfolderSpec = 10;
			files = (
				69638C8F4C743864D4481FA6941E71B1 /* Swifter.framework in Copy Frameworks */,
			);
			name = "Copy Frameworks";
			runOnlyForDeploymentPostprocessing = 0;
		};
		D9D775116F2146A86CA716374E9A021F /* Copy Frameworks */ = {
			isa = PBXCopyFilesBuildPhase;
			buildActionMask = 2147483647;
			dstPath = "";
			dstSubfolderSpec = 10;
			files = (
			);
			name = "Copy Frameworks";
			runOnlyForDeploymentPostprocessing = 0;
		};
/* End PBXCopyFilesBuildPhase section */

/* Begin PBXFileReference section */
		00A19F915A836EDF5ECDA01CD0F136B0 /* Info.plist */ = {isa = PBXFileReference; lastKnownFileType = text.plist.xml; path = Info.plist; sourceTree = "<group>"; };
		03FCAE6C2E00BC14146D7A5490970DFD /* HttpServer.swift */ = {isa = PBXFileReference; fileEncoding = 4; lastKnownFileType = sourcecode.swift; path = HttpServer.swift; sourceTree = "<group>"; };
		05EDDC5E2CE54875F0EE7F306148DAFB /* GET*|articles|AZ711N007-Q11.json */ = {isa = PBXFileReference; fileEncoding = 4; lastKnownFileType = text.json; path = "GET*|articles|AZ711N007-Q11.json"; sourceTree = "<group>"; };
		190ADDFC8C36495A6C2B51B58DE206F4 /* !customer-auth.json */ = {isa = PBXFileReference; fileEncoding = 4; lastKnownFileType = text.json; path = "!customer-auth.json"; sourceTree = "<group>"; };
		25AA9D7CAAB78B0F3310F0CBD901FEBC /* Info.plist */ = {isa = PBXFileReference; lastKnownFileType = text.plist.xml; path = Info.plist; sourceTree = "<group>"; };
		2841CC657D79D120D56C0C0B83CC3B86 /* POST*|address-checks.json */ = {isa = PBXFileReference; fileEncoding = 4; lastKnownFileType = text.json; path = "POST*|address-checks.json"; sourceTree = "<group>"; };
		2BEBFF894CA6322C4F0CBA0352C30C5D /* GET*|addresses.json */ = {isa = PBXFileReference; fileEncoding = 4; lastKnownFileType = text.json; path = "GET*|addresses.json"; sourceTree = "<group>"; };
		2F233AE2A48887D4F5E1D37453A3E21F /* AtlasMockAPIRunner */ = {isa = PBXFileReference; explicitFileType = "compiled.mach-o.executable"; includeInIndex = 0; path = AtlasMockAPIRunner; sourceTree = BUILT_PRODUCTS_DIR; };
		357236E33FB5593BDA0C34D7C3B85BD5 /* GET*|articles|L2711E002-Q11.json */ = {isa = PBXFileReference; fileEncoding = 4; lastKnownFileType = text.json; path = "GET*|articles|L2711E002-Q11.json"; sourceTree = "<group>"; };
		36179885761B049B1F4CBF0168DCE1BC /* PUT*|checkouts|CHECKOUT_ID.json */ = {isa = PBXFileReference; fileEncoding = 4; lastKnownFileType = text.json; path = "PUT*|checkouts|CHECKOUT_ID.json"; sourceTree = "<group>"; };
		38E5279F0A11E45EFB61EB6FB162000A /* GET*|articles|AZ711N008-G11.json */ = {isa = PBXFileReference; fileEncoding = 4; lastKnownFileType = text.json; path = "GET*|articles|AZ711N008-G11.json"; sourceTree = "<group>"; };
		3A268438741376FB9F4283CC387897E0 /* POST*|checkouts.json */ = {isa = PBXFileReference; fileEncoding = 4; lastKnownFileType = text.json; path = "POST*|checkouts.json"; sourceTree = "<group>"; };
		426274DDC1245E783F3D2560060CB2EF /* POST*|carts.json */ = {isa = PBXFileReference; fileEncoding = 4; lastKnownFileType = text.json; path = "POST*|carts.json"; sourceTree = "<group>"; };
		515C868CEC51956D7AB4E80D708654BC /* authorize.swift */ = {isa = PBXFileReference; fileEncoding = 4; lastKnownFileType = sourcecode.swift; path = authorize.swift; sourceTree = "<group>"; };
		6678498B12532BC9FB37041A2AED1DE4 /* AtlasMockAPI.swift */ = {isa = PBXFileReference; fileEncoding = 4; lastKnownFileType = sourcecode.swift; path = AtlasMockAPI.swift; sourceTree = "<group>"; };
		6943EFC2A304C00CD2041024D11F5CEE /* GET*|articles|LA254E005-Q11.json */ = {isa = PBXFileReference; fileEncoding = 4; lastKnownFileType = text.json; path = "GET*|articles|LA254E005-Q11.json"; sourceTree = "<group>"; };
		72C51F2F8B90A76F70E31896FC0E81C5 /* SwiftyJSON.framework */ = {isa = PBXFileReference; lastKnownFileType = wrapper.framework; name = SwiftyJSON.framework; path = ../Carthage/Build/iOS/SwiftyJSON.framework; sourceTree = "<group>"; };
		774E15C0298E7554801A950D57B1794B /* NSBundle.swift */ = {isa = PBXFileReference; fileEncoding = 4; lastKnownFileType = sourcecode.swift; path = NSBundle.swift; sourceTree = "<group>"; };
		7B32EE0596F3E33D121673D07A89E425 /* Swifter.framework */ = {isa = PBXFileReference; lastKnownFileType = wrapper.framework; name = Swifter.framework; path = ../Carthage/Build/iOS/Swifter.framework; sourceTree = "<group>"; };
		7F71AA7830F715E66612EE4F3B5B0DE2 /* Nimble.framework */ = {isa = PBXFileReference; lastKnownFileType = wrapper.framework; name = Nimble.framework; path = ../Carthage/Build/iOS/Nimble.framework; sourceTree = "<group>"; };
		85BC90121A75EE5E58D7451EDFC484AB /* GET*|articles|EV451G023-Q11.json */ = {isa = PBXFileReference; fileEncoding = 4; lastKnownFileType = text.json; path = "GET*|articles|EV451G023-Q11.json"; sourceTree = "<group>"; };
		8E3778589D321DAEEFC3A19E61372FA8 /* AtlasMockAPI.h */ = {isa = PBXFileReference; lastKnownFileType = sourcecode.c.h; path = AtlasMockAPI.h; sourceTree = "<group>"; };
		916DA4EC8C6CDF184EA2662AFB5E1DD2 /* AtlasMockAPITests.swift */ = {isa = PBXFileReference; lastKnownFileType = sourcecode.swift; path = AtlasMockAPITests.swift; sourceTree = "<group>"; };
		9224E46FC82BA4A977234267FF02A75E /* redirect.swift */ = {isa = PBXFileReference; fileEncoding = 4; lastKnownFileType = sourcecode.swift; path = redirect.swift; sourceTree = "<group>"; };
		925056144BC88164B2CFDCEBE2F0C7E7 /* GET*|articles.json */ = {isa = PBXFileReference; fileEncoding = 4; lastKnownFileType = text.json; path = "GET*|articles.json"; sourceTree = "<group>"; };
		9336AFA69D4F4B80A26EED76DFD48E73 /* POST*|addresses.json */ = {isa = PBXFileReference; fileEncoding = 4; lastKnownFileType = text.json; path = "POST*|addresses.json"; sourceTree = "<group>"; };
		9357FF0817E1AA2916AF7F354DF65687 /* PUT*|addresses|6702759.json */ = {isa = PBXFileReference; fileEncoding = 4; lastKnownFileType = text.json; path = "PUT*|addresses|6702759.json"; sourceTree = "<group>"; };
		93FDDC5BCA83505593A58CA86BFBF851 /* POST*|orders.json */ = {isa = PBXFileReference; fileEncoding = 4; lastKnownFileType = text.json; path = "POST*|orders.json"; sourceTree = "<group>"; };
		A18D1A78AC6C343752EAD271C4A781C7 /* PUT*|addresses|6616154.json */ = {isa = PBXFileReference; fileEncoding = 4; lastKnownFileType = text.json; path = "PUT*|addresses|6616154.json"; sourceTree = "<group>"; };
		A2292C0F231C12E7007FBD34A78D6FE9 /* !customer-not-auth.json */ = {isa = PBXFileReference; fileEncoding = 4; lastKnownFileType = text.json; path = "!customer-not-auth.json"; sourceTree = "<group>"; };
		A804306971AB4D86B763854CFAF41D68 /* GET*|articles|AD541L009-G11.json */ = {isa = PBXFileReference; fileEncoding = 4; lastKnownFileType = text.json; path = "GET*|articles|AD541L009-G11.json"; sourceTree = "<group>"; };
		AB2917E6A279B62A34C89CF1270C36FE /* Info.plist */ = {isa = PBXFileReference; lastKnownFileType = text.plist.xml; path = Info.plist; sourceTree = "<group>"; };
		ABB5A5EE8F076164F43D0AB5ACC9285B /* AtlasMockAPI.framework */ = {isa = PBXFileReference; explicitFileType = wrapper.framework; includeInIndex = 0; path = AtlasMockAPI.framework; sourceTree = BUILT_PRODUCTS_DIR; };
		AC9521FB6EAEE2BD391841437FC0C671 /* SwiftHTTP.framework */ = {isa = PBXFileReference; lastKnownFileType = wrapper.framework; name = SwiftHTTP.framework; path = ../Carthage/Build/iOS/SwiftHTTP.framework; sourceTree = "<group>"; };
		B13055DF8EA83B50E99C79CD3B654526 /* PUT*|addresses|6702748.json */ = {isa = PBXFileReference; fileEncoding = 4; lastKnownFileType = text.json; path = "PUT*|addresses|6702748.json"; sourceTree = "<group>"; };
		B3478D1ADA6EF6092385EAE781DD3CD6 /* AtlasMockAPITests.xctest */ = {isa = PBXFileReference; explicitFileType = wrapper.cfbundle; includeInIndex = 0; path = AtlasMockAPITests.xctest; sourceTree = BUILT_PRODUCTS_DIR; };
		B356C121A4909B2F9930388270C0BBD5 /* GET*|articles|AZ711N00B-Q11.json */ = {isa = PBXFileReference; fileEncoding = 4; lastKnownFileType = text.json; path = "GET*|articles|AZ711N00B-Q11.json"; sourceTree = "<group>"; };
		C3DAE00CB3FFDF2325A917AA51178BF3 /* main.swift */ = {isa = PBXFileReference; lastKnownFileType = sourcecode.swift; path = main.swift; sourceTree = "<group>"; };
		C5FCC3D9537682DB7EA877FCBE602EA8 /* GET*|articles|GU121D08Z-Q11.json */ = {isa = PBXFileReference; fileEncoding = 4; lastKnownFileType = text.json; path = "GET*|articles|GU121D08Z-Q11.json"; sourceTree = "<group>"; };
		C95290F96219584B6ACEAEABDD8E348C /* AtlasMockAPI_macOS.framework */ = {isa = PBXFileReference; explicitFileType = wrapper.framework; includeInIndex = 0; path = AtlasMockAPI_macOS.framework; sourceTree = BUILT_PRODUCTS_DIR; };
		CA560C48D8E31572681D63D800308B84 /* static-jsons.swift */ = {isa = PBXFileReference; fileEncoding = 4; lastKnownFileType = sourcecode.swift; path = "static-jsons.swift"; sourceTree = "<group>"; };
		CACE4447528604E65E39575522445766 /* DELETE*|addresses|6702759.json */ = {isa = PBXFileReference; fileEncoding = 4; lastKnownFileType = text.json; path = "DELETE*|addresses|6702759.json"; sourceTree = "<group>"; };
		E6A12FDAD29AC96D6E81A64E6D2BDFB5 /* root.swift */ = {isa = PBXFileReference; fileEncoding = 4; lastKnownFileType = sourcecode.swift; path = root.swift; sourceTree = "<group>"; };
		EE841A5E3AF50F26A2453D96398B0547 /* GET*|articles|MK151F00E-Q11.json */ = {isa = PBXFileReference; fileEncoding = 4; lastKnownFileType = text.json; path = "GET*|articles|MK151F00E-Q11.json"; sourceTree = "<group>"; };
		F32701B0E244493C8FDB26A6DB3DF08A /* GET*|articles|AZ711M001-B11.json */ = {isa = PBXFileReference; fileEncoding = 4; lastKnownFileType = text.json; path = "GET*|articles|AZ711M001-B11.json"; sourceTree = "<group>"; };
		F7C2FA3A57F587B64A91D179D83BE578 /* AtlasMockAPI-macOS.h */ = {isa = PBXFileReference; lastKnownFileType = sourcecode.c.h; path = "AtlasMockAPI-macOS.h"; sourceTree = "<group>"; };
		FAC7C79D277014FC00CD35427E010B0D /* GET*|config.json */ = {isa = PBXFileReference; fileEncoding = 4; lastKnownFileType = text.json; path = "GET*|config.json"; sourceTree = "<group>"; };
		FB1DF45B612B010DA36687458D5AAD11 /* DELETE*|addresses|6702748.json */ = {isa = PBXFileReference; fileEncoding = 4; lastKnownFileType = text.json; path = "DELETE*|addresses|6702748.json"; sourceTree = "<group>"; };
		FD8102294BD62829FFA7EDF717C73963 /* DELETE*|addresses|6616154.json */ = {isa = PBXFileReference; fileEncoding = 4; lastKnownFileType = text.json; path = "DELETE*|addresses|6616154.json"; sourceTree = "<group>"; };
		FE50F14CF22BB8970E3EA7156738A8D5 /* customer.swift */ = {isa = PBXFileReference; fileEncoding = 4; lastKnownFileType = sourcecode.swift; path = customer.swift; sourceTree = "<group>"; };
/* End PBXFileReference section */

/* Begin PBXFrameworksBuildPhase section */
		2117E19425F890D95FFDFBC2F67FEFE1 /* Frameworks */ = {
			isa = PBXFrameworksBuildPhase;
			buildActionMask = 2147483647;
			files = (
				24F84FD3FEFF1BD776F51AEB85F45E71 /* Swifter.framework in Frameworks */,
			);
			runOnlyForDeploymentPostprocessing = 0;
		};
		3957F266FB066E06C1AB0AEAFD351969 /* Frameworks */ = {
			isa = PBXFrameworksBuildPhase;
			buildActionMask = 2147483647;
			files = (
				428BB791E55116079F156E003D3CB18E /* AtlasMockAPI_macOS.framework in Frameworks */,
			);
			runOnlyForDeploymentPostprocessing = 0;
		};
		868FF0AC05FA271650856175FFC087CE /* Frameworks */ = {
			isa = PBXFrameworksBuildPhase;
			buildActionMask = 2147483647;
			files = (
				F9BF26EEB1340EF7A3AFAE31DFA35F37 /* Swifter.framework in Frameworks */,
			);
			runOnlyForDeploymentPostprocessing = 0;
		};
		91087F81C6347149DD329EBA1B5A5AC4 /* Frameworks */ = {
			isa = PBXFrameworksBuildPhase;
			buildActionMask = 2147483647;
			files = (
				065999EA890699562784FBA7EEE69A15 /* Swifter.framework in Frameworks */,
				4CCBF7311FF9CDE42A2FE6702500AC6D /* AtlasMockAPI.framework in Frameworks */,
				C5CBE46A0AEFB9F4A475A41F506425B6 /* SwiftyJSON.framework in Frameworks */,
				68DB45EEDB9F7397A40E0E4498573BC2 /* SwiftHTTP.framework in Frameworks */,
				C30BD07A02D2618DE3D48036E6102342 /* Nimble.framework in Frameworks */,
			);
			runOnlyForDeploymentPostprocessing = 0;
		};
/* End PBXFrameworksBuildPhase section */

/* Begin PBXGroup section */
		0A1CBE50F363F556537814A86627215A /* articles */ = {
			isa = PBXGroup;
			children = (
				925056144BC88164B2CFDCEBE2F0C7E7 /* GET*|articles.json */,
				A804306971AB4D86B763854CFAF41D68 /* GET*|articles|AD541L009-G11.json */,
				F32701B0E244493C8FDB26A6DB3DF08A /* GET*|articles|AZ711M001-B11.json */,
				05EDDC5E2CE54875F0EE7F306148DAFB /* GET*|articles|AZ711N007-Q11.json */,
				38E5279F0A11E45EFB61EB6FB162000A /* GET*|articles|AZ711N008-G11.json */,
				B356C121A4909B2F9930388270C0BBD5 /* GET*|articles|AZ711N00B-Q11.json */,
				85BC90121A75EE5E58D7451EDFC484AB /* GET*|articles|EV451G023-Q11.json */,
				C5FCC3D9537682DB7EA877FCBE602EA8 /* GET*|articles|GU121D08Z-Q11.json */,
				357236E33FB5593BDA0C34D7C3B85BD5 /* GET*|articles|L2711E002-Q11.json */,
				6943EFC2A304C00CD2041024D11F5CEE /* GET*|articles|LA254E005-Q11.json */,
				EE841A5E3AF50F26A2453D96398B0547 /* GET*|articles|MK151F00E-Q11.json */,
			);
			name = articles;
			sourceTree = "<group>";
		};
		0DC62517D000B8E79FF5E23D5F513E03 /* AtlasMockAPIRunner */ = {
			isa = PBXGroup;
			children = (
				C3DAE00CB3FFDF2325A917AA51178BF3 /* main.swift */,
			);
			path = AtlasMockAPIRunner;
			sourceTree = "<group>";
		};
		213093A7EB673251D6646FE5B965AA13 /* Products */ = {
			isa = PBXGroup;
			children = (
				2F233AE2A48887D4F5E1D37453A3E21F /* AtlasMockAPIRunner */,
				ABB5A5EE8F076164F43D0AB5ACC9285B /* AtlasMockAPI.framework */,
				B3478D1ADA6EF6092385EAE781DD3CD6 /* AtlasMockAPITests.xctest */,
				C95290F96219584B6ACEAEABDD8E348C /* AtlasMockAPI_macOS.framework */,
			);
			name = Products;
			sourceTree = "<group>";
		};
		22775B74F794A94E0C3F99E378217865 /* Others */ = {
			isa = PBXGroup;
			children = (
				8E3778589D321DAEEFC3A19E61372FA8 /* AtlasMockAPI.h */,
				25AA9D7CAAB78B0F3310F0CBD901FEBC /* Info.plist */,
			);
			name = Others;
			sourceTree = "<group>";
		};
		292EF08474999FF81013D57FA1742381 /* checkouts */ = {
			isa = PBXGroup;
			children = (
				3A268438741376FB9F4283CC387897E0 /* POST*|checkouts.json */,
				36179885761B049B1F4CBF0168DCE1BC /* PUT*|checkouts|CHECKOUT_ID.json */,
			);
			name = checkouts;
			sourceTree = "<group>";
		};
		412391EBEC3B473DDB47B1B3C3AC4976 /* addresses */ = {
			isa = PBXGroup;
			children = (
				FD8102294BD62829FFA7EDF717C73963 /* DELETE*|addresses|6616154.json */,
				FB1DF45B612B010DA36687458D5AAD11 /* DELETE*|addresses|6702748.json */,
				CACE4447528604E65E39575522445766 /* DELETE*|addresses|6702759.json */,
				2BEBFF894CA6322C4F0CBA0352C30C5D /* GET*|addresses.json */,
				9336AFA69D4F4B80A26EED76DFD48E73 /* POST*|addresses.json */,
				A18D1A78AC6C343752EAD271C4A781C7 /* PUT*|addresses|6616154.json */,
				B13055DF8EA83B50E99C79CD3B654526 /* PUT*|addresses|6702748.json */,
				9357FF0817E1AA2916AF7F354DF65687 /* PUT*|addresses|6702759.json */,
			);
			name = addresses;
			sourceTree = "<group>";
		};
		79D6218341E757DDDD2E75B04AC88C9D /* Frameworks */ = {
			isa = PBXGroup;
			children = (
				7B32EE0596F3E33D121673D07A89E425 /* Swifter.framework */,
				72C51F2F8B90A76F70E31896FC0E81C5 /* SwiftyJSON.framework */,
				AC9521FB6EAEE2BD391841437FC0C671 /* SwiftHTTP.framework */,
				7F71AA7830F715E66612EE4F3B5B0DE2 /* Nimble.framework */,
			);
			name = Frameworks;
			sourceTree = "<group>";
		};
		9C08D20CC26D285554B00A206F697AE6 = {
			isa = PBXGroup;
			children = (
				79D6218341E757DDDD2E75B04AC88C9D /* Frameworks */,
				B8B6C1CD32875C2F19DFA52EEAC7B323 /* AtlasMockAPI */,
				F09E383836BC69C7BA22BCB1FA1CB8C2 /* AtlasMockAPI-macOS */,
				0DC62517D000B8E79FF5E23D5F513E03 /* AtlasMockAPIRunner */,
				DF46618ABE71B0C1E4DBCE4393FF845F /* AtlasMockAPITests */,
				213093A7EB673251D6646FE5B965AA13 /* Products */,
			);
			sourceTree = "<group>";
		};
		B6A6815EF71ABAAC076120F34411C258 /* Endpoints */ = {
			isa = PBXGroup;
			children = (
				515C868CEC51956D7AB4E80D708654BC /* authorize.swift */,
				9224E46FC82BA4A977234267FF02A75E /* redirect.swift */,
				FE50F14CF22BB8970E3EA7156738A8D5 /* customer.swift */,
				E6A12FDAD29AC96D6E81A64E6D2BDFB5 /* root.swift */,
				CA560C48D8E31572681D63D800308B84 /* static-jsons.swift */,
			);
			path = Endpoints;
			sourceTree = "<group>";
		};
		B8B6C1CD32875C2F19DFA52EEAC7B323 /* AtlasMockAPI */ = {
			isa = PBXGroup;
			children = (
				B6A6815EF71ABAAC076120F34411C258 /* Endpoints */,
				EC3974C4DBAB12AD129AA49F272977D3 /* JSON */,
				22775B74F794A94E0C3F99E378217865 /* Others */,
				6678498B12532BC9FB37041A2AED1DE4 /* AtlasMockAPI.swift */,
				03FCAE6C2E00BC14146D7A5490970DFD /* HttpServer.swift */,
				774E15C0298E7554801A950D57B1794B /* NSBundle.swift */,
			);
			path = AtlasMockAPI;
			sourceTree = "<group>";
		};
		DF46618ABE71B0C1E4DBCE4393FF845F /* AtlasMockAPITests */ = {
			isa = PBXGroup;
			children = (
				916DA4EC8C6CDF184EA2662AFB5E1DD2 /* AtlasMockAPITests.swift */,
				00A19F915A836EDF5ECDA01CD0F136B0 /* Info.plist */,
			);
			path = AtlasMockAPITests;
			sourceTree = "<group>";
		};
		EAA321F578A454B4DEDA57566636FDA9 /* customer */ = {
			isa = PBXGroup;
			children = (
				190ADDFC8C36495A6C2B51B58DE206F4 /* !customer-auth.json */,
				A2292C0F231C12E7007FBD34A78D6FE9 /* !customer-not-auth.json */,
			);
			name = customer;
			sourceTree = "<group>";
		};
		EC3974C4DBAB12AD129AA49F272977D3 /* JSON */ = {
			isa = PBXGroup;
			children = (
				EAA321F578A454B4DEDA57566636FDA9 /* customer */,
				412391EBEC3B473DDB47B1B3C3AC4976 /* addresses */,
				0A1CBE50F363F556537814A86627215A /* articles */,
				292EF08474999FF81013D57FA1742381 /* checkouts */,
				FAC7C79D277014FC00CD35427E010B0D /* GET*|config.json */,
				2841CC657D79D120D56C0C0B83CC3B86 /* POST*|address-checks.json */,
				426274DDC1245E783F3D2560060CB2EF /* POST*|carts.json */,
				93FDDC5BCA83505593A58CA86BFBF851 /* POST*|orders.json */,
			);
			path = JSON;
			sourceTree = "<group>";
		};
		F09E383836BC69C7BA22BCB1FA1CB8C2 /* AtlasMockAPI-macOS */ = {
			isa = PBXGroup;
			children = (
				F7C2FA3A57F587B64A91D179D83BE578 /* AtlasMockAPI-macOS.h */,
				AB2917E6A279B62A34C89CF1270C36FE /* Info.plist */,
			);
			path = "AtlasMockAPI-macOS";
			sourceTree = "<group>";
		};
/* End PBXGroup section */

/* Begin PBXHeadersBuildPhase section */
		1FEF0AEFA0BC15615A01637D612A3C17 /* Headers */ = {
			isa = PBXHeadersBuildPhase;
			buildActionMask = 2147483647;
			files = (
				61CBC6DA4A10A98808ADCE594E11F929 /* AtlasMockAPI-macOS.h in Headers */,
			);
			runOnlyForDeploymentPostprocessing = 0;
		};
		4F41407169E3805F8A3D761A30699AD9 /* Headers */ = {
			isa = PBXHeadersBuildPhase;
			buildActionMask = 2147483647;
			files = (
				58DE049BBB0978C3AAF39B71FBA2CE83 /* AtlasMockAPI.h in Headers */,
			);
			runOnlyForDeploymentPostprocessing = 0;
		};
/* End PBXHeadersBuildPhase section */

/* Begin PBXNativeTarget section */
		14551B70B682E9E7A87A9DECCA0A62CB /* AtlasMockAPIRunner */ = {
			isa = PBXNativeTarget;
			buildConfigurationList = 9071A4A1390F719EF977619D5D7D74C5 /* Build configuration list for PBXNativeTarget "AtlasMockAPIRunner" */;
			buildPhases = (
				766389356730A2107E342F05B0C052CE /* Sources */,
				D9D775116F2146A86CA716374E9A021F /* Copy Frameworks */,
				3957F266FB066E06C1AB0AEAFD351969 /* Frameworks */,
			);
			buildRules = (
			);
			dependencies = (
				00806491841538516FF0CDA209849F27 /* PBXTargetDependency */,
			);
			name = AtlasMockAPIRunner;
			productName = AtlasMockAPIRunner;
			productReference = 2F233AE2A48887D4F5E1D37453A3E21F /* AtlasMockAPIRunner */;
			productType = "com.apple.product-type.tool";
		};
		58B0805E1157966FBFE26FEC1A22DE00 /* AtlasMockAPI_macOS */ = {
			isa = PBXNativeTarget;
			buildConfigurationList = CC77D3FB4E9189AC8C8ADE788FD2F6B3 /* Build configuration list for PBXNativeTarget "AtlasMockAPI_macOS" */;
			buildPhases = (
				07A0B37466973FA3BFEC7CC246C67C37 /* Sources */,
				8BF1A3ED0CBA0E0760946391693F2296 /* Copy Frameworks */,
				2117E19425F890D95FFDFBC2F67FEFE1 /* Frameworks */,
				1FEF0AEFA0BC15615A01637D612A3C17 /* Headers */,
				0069569426BCDACFEB1BF56D32F02FF1 /* Resources */,
			);
			buildRules = (
			);
			dependencies = (
			);
			name = AtlasMockAPI_macOS;
			productName = "AtlasMockAPI-macOS";
			productReference = C95290F96219584B6ACEAEABDD8E348C /* AtlasMockAPI_macOS.framework */;
			productType = "com.apple.product-type.framework";
		};
		6EAF48CE510DEB8F61900BF8679179AD /* AtlasMockAPI */ = {
			isa = PBXNativeTarget;
			buildConfigurationList = 49E92B076E10EA3CECC807AC33E062E1 /* Build configuration list for PBXNativeTarget "AtlasMockAPI" */;
			buildPhases = (
				E3AD1D62363A76BA2EFD58A52EDD17C0 /* Swift Lint */,
				945EF19FE403EB822D161DDFE61A3420 /* Copy Frameworks */,
				72CAD5EDFAE8421EB65FAC1CF2803730 /* Sources */,
				868FF0AC05FA271650856175FFC087CE /* Frameworks */,
				4F41407169E3805F8A3D761A30699AD9 /* Headers */,
				FCFED3607B83296D634210857E902F0C /* Resources */,
			);
			buildRules = (
			);
			dependencies = (
			);
			name = AtlasMockAPI;
			productName = AtlasMockAPI;
			productReference = ABB5A5EE8F076164F43D0AB5ACC9285B /* AtlasMockAPI.framework */;
			productType = "com.apple.product-type.framework";
		};
		7A9DE536D7A7A1DEA013E619E317542B /* AtlasMockAPITests */ = {
			isa = PBXNativeTarget;
			buildConfigurationList = A5323214607B578F6C83D374C4C1A923 /* Build configuration list for PBXNativeTarget "AtlasMockAPITests" */;
			buildPhases = (
				01643B800A9D48BCFF9D47B1DBF74F3E /* Copy Frameworks */,
				D5BC00F004FC7F6BC25E7AB3107D3055 /* Sources */,
				91087F81C6347149DD329EBA1B5A5AC4 /* Frameworks */,
				77A1F8C421E60992CDF352E523B3B7BE /* Resources */,
			);
			buildRules = (
			);
			dependencies = (
				4D8B59171624A87DB106534B04EC05D0 /* PBXTargetDependency */,
			);
			name = AtlasMockAPITests;
			productName = AtlasMockAPITests;
			productReference = B3478D1ADA6EF6092385EAE781DD3CD6 /* AtlasMockAPITests.xctest */;
			productType = "com.apple.product-type.bundle.unit-test";
		};
/* End PBXNativeTarget section */

/* Begin PBXProject section */
		D1A4913A3B1FAAEE35F16BA0FFC04918 /* Project object */ = {
			isa = PBXProject;
			attributes = {
				LastSwiftUpdateCheck = 0730;
				LastUpgradeCheck = 0810;
				ORGANIZATIONNAME = "Zalando SE";
				TargetAttributes = {
					14551B70B682E9E7A87A9DECCA0A62CB = {
						CreatedOnToolsVersion = 7.3.1;
					};
					58B0805E1157966FBFE26FEC1A22DE00 = {
						CreatedOnToolsVersion = 7.3.1;
					};
					6EAF48CE510DEB8F61900BF8679179AD = {
						CreatedOnToolsVersion = 7.3.1;
						DevelopmentTeamName = "Zalando AG";
						LastSwiftMigration = 0810;
						ProvisioningStyle = Automatic;
					};
					7A9DE536D7A7A1DEA013E619E317542B = {
						CreatedOnToolsVersion = 7.3.1;
						DevelopmentTeam = J67E9B6234;
						LastSwiftMigration = 0810;
						ProvisioningStyle = Automatic;
					};
				};
			};
			buildConfigurationList = 73B63BBE0C784753FBE8D127CBF0E89E /* Build configuration list for PBXProject "AtlasMockAPI" */;
			compatibilityVersion = "Xcode 8.0";
			developmentRegion = English;
			hasScannedForEncodings = 0;
			knownRegions = (
				en,
			);
			mainGroup = 9C08D20CC26D285554B00A206F697AE6;
			productRefGroup = 213093A7EB673251D6646FE5B965AA13 /* Products */;
			projectDirPath = "";
			projectRoot = "";
			targets = (
				6EAF48CE510DEB8F61900BF8679179AD /* AtlasMockAPI */,
				58B0805E1157966FBFE26FEC1A22DE00 /* AtlasMockAPI_macOS */,
				7A9DE536D7A7A1DEA013E619E317542B /* AtlasMockAPITests */,
				14551B70B682E9E7A87A9DECCA0A62CB /* AtlasMockAPIRunner */,
			);
		};
/* End PBXProject section */

/* Begin PBXResourcesBuildPhase section */
		0069569426BCDACFEB1BF56D32F02FF1 /* Resources */ = {
			isa = PBXResourcesBuildPhase;
			buildActionMask = 2147483647;
			files = (
				62AA590E05B22760911A9BC40F74317C /* !customer-auth.json in Resources */,
				E9DAF9722397E88CA29D63AFC5105B59 /* !customer-not-auth.json in Resources */,
				F250E16CBA2E2CEED4E3DE7EFF2D74A7 /* DELETE*|addresses|6616154.json in Resources */,
				65522A93EA15FE48ED165C3A8BDB6E2F /* DELETE*|addresses|6702748.json in Resources */,
				E5EA6B0AA33ED7FB2824EC819970B2ED /* DELETE*|addresses|6702759.json in Resources */,
				A4F77C9721AA1F2F41838E45A99CECDD /* GET*|addresses.json in Resources */,
				91404B744633CD79FA84CD4E5643CF33 /* GET*|articles.json in Resources */,
				030BAC267ECE5552034894F8727BC4C0 /* GET*|articles|AD541L009-G11.json in Resources */,
				5A99D969BDCDFF6E6392E35A8A0AB686 /* GET*|articles|AZ711M001-B11.json in Resources */,
				CC12AA5E162093CEC65F03A8A0749C91 /* GET*|articles|AZ711N007-Q11.json in Resources */,
				66B64BA96DE6813191ABC6DB68478691 /* GET*|articles|AZ711N008-G11.json in Resources */,
				96338B478A13E048917D0CC270DFB297 /* GET*|articles|AZ711N00B-Q11.json in Resources */,
				C4A293F0816EC3ED403DA8E026911B80 /* GET*|articles|EV451G023-Q11.json in Resources */,
				A016235CBE6482153D3A5F8C24FA6F28 /* GET*|articles|GU121D08Z-Q11.json in Resources */,
				E5979D25A11A7A1BDA83D0FC1B63402F /* GET*|articles|L2711E002-Q11.json in Resources */,
				70F190676FB4911CAF3A7482D5D6FDDB /* GET*|articles|LA254E005-Q11.json in Resources */,
				B46B06697F314D57BD1DF910A06E4F07 /* GET*|articles|MK151F00E-Q11.json in Resources */,
				C84F01DDE46BF77B5EE6B09C5267430A /* GET*|config.json in Resources */,
				062E4BE07D2AC78A1CFA23BE1DA14633 /* POST*|address-checks.json in Resources */,
				E024C19B67B72FE2ACD29FA4B504238B /* POST*|addresses.json in Resources */,
				2EBF086F6D93D27F5EFB05CF8BBE843A /* POST*|carts.json in Resources */,
				F8586B67C272BAB25648D8B37F2DF4ED /* POST*|checkouts.json in Resources */,
				16B554226571FB6039BDF21AE78D157E /* POST*|orders.json in Resources */,
				89D06E86E5BD432FBCB4F4A722DBF3EA /* PUT*|addresses|6616154.json in Resources */,
				944AD23A63779DE8CFEFC4AB722450B0 /* PUT*|addresses|6702748.json in Resources */,
				91A99DCEFA53765A6EEF392B70F4A6B6 /* PUT*|addresses|6702759.json in Resources */,
				8C0A1DDC60263E290447A34FA0311555 /* PUT*|checkouts|CHECKOUT_ID.json in Resources */,
			);
			runOnlyForDeploymentPostprocessing = 0;
		};
		77A1F8C421E60992CDF352E523B3B7BE /* Resources */ = {
			isa = PBXResourcesBuildPhase;
			buildActionMask = 2147483647;
			files = (
			);
			runOnlyForDeploymentPostprocessing = 0;
		};
		FCFED3607B83296D634210857E902F0C /* Resources */ = {
			isa = PBXResourcesBuildPhase;
			buildActionMask = 2147483647;
			files = (
				79068FCC902009E12A3E43E7A2895902 /* !customer-auth.json in Resources */,
				A59F076590A5B06814D2F6466416E978 /* !customer-not-auth.json in Resources */,
				59745E9F9ECCC552BCF3CF15CEC868E6 /* DELETE*|addresses|6616154.json in Resources */,
				95E82407BC871E74D62BF55165FC985D /* DELETE*|addresses|6702748.json in Resources */,
				64DA112F4AA804031B27C1D2A3842C49 /* DELETE*|addresses|6702759.json in Resources */,
				6D87BC6A19E87B21AD6A5D948A029491 /* GET*|addresses.json in Resources */,
				F58A3868199FCF758BAFBF169270FF60 /* GET*|articles.json in Resources */,
				64407C519CB0060BBB74B492DCFA5692 /* GET*|articles|AD541L009-G11.json in Resources */,
				16F0CA78B871E84EA9528CF169C3F383 /* GET*|articles|AZ711M001-B11.json in Resources */,
				D211C1C8117223512F18F44451819653 /* GET*|articles|AZ711N007-Q11.json in Resources */,
				074786065ED0E1BE9BE67760F737DD34 /* GET*|articles|AZ711N008-G11.json in Resources */,
				526E809C9051CEB72D9008F994152966 /* GET*|articles|AZ711N00B-Q11.json in Resources */,
				AA70A196673623B812B5A0379184BA41 /* GET*|articles|EV451G023-Q11.json in Resources */,
				BF50E1DA5EA3750B9AFF46474B056A0F /* GET*|articles|GU121D08Z-Q11.json in Resources */,
				AD45008504E2DF00E0A3A55E5D87C6EB /* GET*|articles|L2711E002-Q11.json in Resources */,
				E2A7B55242AD7320ED0238122456560D /* GET*|articles|LA254E005-Q11.json in Resources */,
				9ACA16D03DD1902554009DDFD445D481 /* GET*|articles|MK151F00E-Q11.json in Resources */,
				4F84E7DDA8C48A7CF85F05A598E20392 /* GET*|config.json in Resources */,
				E3706147D5957DF65BA2DBE530B64D8C /* POST*|address-checks.json in Resources */,
				0BD4E3785B8B1992529C13DEC8B1E0BF /* POST*|addresses.json in Resources */,
				398F5BDE0F8504306DCD314FC9EE0E01 /* POST*|carts.json in Resources */,
				89E334C4AD5ADBBA39AB8084DAF56777 /* POST*|checkouts.json in Resources */,
				E0DE531EED316FE416C6599BF0527D4D /* POST*|orders.json in Resources */,
				F567261BA44CE78FB4591C87F874918D /* PUT*|addresses|6616154.json in Resources */,
				5FAEBA073DD6471F3C7E0A3F11DCD238 /* PUT*|addresses|6702748.json in Resources */,
				954FFC519C9EBAA5D1CB75962B52B28C /* PUT*|addresses|6702759.json in Resources */,
				8720D2B0604EE9F3D556997AABD433D1 /* PUT*|checkouts|CHECKOUT_ID.json in Resources */,
			);
			runOnlyForDeploymentPostprocessing = 0;
		};
/* End PBXResourcesBuildPhase section */

/* Begin PBXShellScriptBuildPhase section */
		E3AD1D62363A76BA2EFD58A52EDD17C0 /* Swift Lint */ = {
			isa = PBXShellScriptBuildPhase;
			buildActionMask = 2147483647;
			files = (
			);
			inputPaths = (
			);
			name = "Swift Lint";
			outputPaths = (
			);
			runOnlyForDeploymentPostprocessing = 0;
			shellPath = /bin/sh;
			shellScript = "if [[ -z \"$ATLAS_SKIP_SWIFT_LINT\" ]]; then\n  eval \"$(/usr/bin/which -s rbenv && rbenv init -)\"\n  ${PROJECT_DIR}/../calypso.rb lint check ${PROJECT_DIR}/${TARGET_NAME}\nfi";
			showEnvVarsInLog = 0;
		};
/* End PBXShellScriptBuildPhase section */

/* Begin PBXSourcesBuildPhase section */
		07A0B37466973FA3BFEC7CC246C67C37 /* Sources */ = {
			isa = PBXSourcesBuildPhase;
			buildActionMask = 2147483647;
			files = (
				15ED1D40026A24C7177E2284DF12769A /* AtlasMockAPI.swift in Sources */,
				3885B3BD7BEF34D3AC5430379339B952 /* HttpServer.swift in Sources */,
				C85677CF1DE7D0C335AC48FE83C3654E /* NSBundle.swift in Sources */,
				C99FC86A69D4DDD92972D6EB08D1CC98 /* redirect.swift in Sources */,
				B91AB4810221943184693E3627A04116 /* authorize.swift in Sources */,
				DFCA1DE95AC6227FF82D62DAA4E54AF6 /* customer.swift in Sources */,
				E28A5D0ADC4B5EDD2AE14AC2AEFBF52A /* root.swift in Sources */,
				79B050A23B1CDDF51B8B7B2AA5FAF073 /* static-jsons.swift in Sources */,
			);
			runOnlyForDeploymentPostprocessing = 0;
		};
		72CAD5EDFAE8421EB65FAC1CF2803730 /* Sources */ = {
			isa = PBXSourcesBuildPhase;
			buildActionMask = 2147483647;
			files = (
				133CA35176EC050787C42B168A2767CD /* AtlasMockAPI.swift in Sources */,
				BD308837CE08A9B3B952473D0C55AB0F /* HttpServer.swift in Sources */,
				57D3AD978D8116B827B77CA671CA08A8 /* NSBundle.swift in Sources */,
				6B8D00F6A8A7623EDC6C802B0ACF2DB1 /* authorize.swift in Sources */,
				752AD4DC7CCCA0A5BE46A02D5AC5C848 /* customer.swift in Sources */,
				0DDEF5CB582E8362BD50ABBEB8C71B42 /* root.swift in Sources */,
				A389EBF5652D8E081DFFAB10B876A866 /* redirect.swift in Sources */,
				B343C35805059D57DD16B6B97D5EE277 /* static-jsons.swift in Sources */,
			);
			runOnlyForDeploymentPostprocessing = 0;
		};
		766389356730A2107E342F05B0C052CE /* Sources */ = {
			isa = PBXSourcesBuildPhase;
			buildActionMask = 2147483647;
			files = (
				C194886D6A3ADDEB65DD6A4F0013B3EA /* main.swift in Sources */,
			);
			runOnlyForDeploymentPostprocessing = 0;
		};
		D5BC00F004FC7F6BC25E7AB3107D3055 /* Sources */ = {
			isa = PBXSourcesBuildPhase;
			buildActionMask = 2147483647;
			files = (
				CA6498F26AEEB6234C38A69E0FBDF21E /* AtlasMockAPITests.swift in Sources */,
			);
			runOnlyForDeploymentPostprocessing = 0;
		};
/* End PBXSourcesBuildPhase section */

/* Begin PBXTargetDependency section */
		00806491841538516FF0CDA209849F27 /* PBXTargetDependency */ = {
			isa = PBXTargetDependency;
			target = 58B0805E1157966FBFE26FEC1A22DE00 /* AtlasMockAPI_macOS */;
			targetProxy = A46302D29385CD289E7FB1F75FA36B86 /* PBXContainerItemProxy */;
		};
		4D8B59171624A87DB106534B04EC05D0 /* PBXTargetDependency */ = {
			isa = PBXTargetDependency;
			target = 6EAF48CE510DEB8F61900BF8679179AD /* AtlasMockAPI */;
			targetProxy = 3D0DF065AB1DD13B6B3D6AFB44615575 /* PBXContainerItemProxy */;
		};
/* End PBXTargetDependency section */

/* Begin XCBuildConfiguration section */
		152A6353EDAE4B2C7D12C8D9979DCF95 /* Debug */ = {
			isa = XCBuildConfiguration;
			buildSettings = {
				ALWAYS_EMBED_SWIFT_STANDARD_LIBRARIES = YES;
				CODE_SIGN_IDENTITY = "-";
				COMBINE_HIDPI_IMAGES = YES;
				DEFINES_MODULE = YES;
				DYLIB_COMPATIBILITY_VERSION = 1;
				DYLIB_CURRENT_VERSION = 1;
				DYLIB_INSTALL_NAME_BASE = "@rpath";
				FRAMEWORK_SEARCH_PATHS = "$(PROJECT_DIR)/../Carthage/Build/Mac";
				FRAMEWORK_VERSION = A;
				INFOPLIST_FILE = "AtlasMockAPI-macOS/Info.plist";
				INSTALL_PATH = "$(LOCAL_LIBRARY_DIR)/Frameworks";
				LD_RUNPATH_SEARCH_PATHS = "$(inherited) @executable_path/../Frameworks @loader_path/Frameworks";
				MACOSX_DEPLOYMENT_TARGET = 10.11;
				PRODUCT_BUNDLE_IDENTIFIER = "de.zalando.atlas.AtlasMockAPI-macOS";
				PRODUCT_NAME = "$(TARGET_NAME)";
				SDKROOT = macosx;
				SKIP_INSTALL = YES;
			};
			name = Debug;
		};
		24656566BB8B11C1A8F89813F97D638C /* Release */ = {
			isa = XCBuildConfiguration;
			buildSettings = {
				ALWAYS_SEARCH_USER_PATHS = NO;
				CLANG_ANALYZER_NONNULL = YES;
				CLANG_CXX_LANGUAGE_STANDARD = "gnu++0x";
				CLANG_CXX_LIBRARY = "libc++";
				CLANG_ENABLE_MODULES = YES;
				CLANG_ENABLE_OBJC_ARC = YES;
				CLANG_WARN_BOOL_CONVERSION = YES;
				CLANG_WARN_CONSTANT_CONVERSION = YES;
				CLANG_WARN_DIRECT_OBJC_ISA_USAGE = YES_ERROR;
				CLANG_WARN_EMPTY_BODY = YES;
				CLANG_WARN_ENUM_CONVERSION = YES;
				CLANG_WARN_INT_CONVERSION = YES;
				CLANG_WARN_OBJC_ROOT_CLASS = YES_ERROR;
				CLANG_WARN_UNREACHABLE_CODE = YES;
				CLANG_WARN__DUPLICATE_METHOD_MATCH = YES;
				"CODE_SIGN_IDENTITY[sdk=iphoneos*]" = "iPhone Developer";
				COPY_PHASE_STRIP = NO;
				CURRENT_PROJECT_VERSION = 1;
				DEBUG_INFORMATION_FORMAT = "dwarf-with-dsym";
				ENABLE_NS_ASSERTIONS = NO;
				ENABLE_STRICT_OBJC_MSGSEND = YES;
				GCC_C_LANGUAGE_STANDARD = gnu99;
				GCC_NO_COMMON_BLOCKS = YES;
				GCC_WARN_64_TO_32_BIT_CONVERSION = YES;
				GCC_WARN_ABOUT_RETURN_TYPE = YES_ERROR;
				GCC_WARN_UNDECLARED_SELECTOR = YES;
				GCC_WARN_UNINITIALIZED_AUTOS = YES_AGGRESSIVE;
				GCC_WARN_UNUSED_FUNCTION = YES;
				GCC_WARN_UNUSED_VARIABLE = YES;
				INSTALL_GROUP = everyone;
				IPHONEOS_DEPLOYMENT_TARGET = 9.0;
				MTL_ENABLE_DEBUG_INFO = NO;
				SDKROOT = iphoneos;
				SWIFT_OPTIMIZATION_LEVEL = "-Owholemodule";
				SWIFT_VERSION = 2.3;
				TARGETED_DEVICE_FAMILY = "1,2";
				VALIDATE_PRODUCT = YES;
				VERSIONING_SYSTEM = "apple-generic";
				VERSION_INFO_PREFIX = "";
			};
			name = Release;
		};
		283815C620A2ABAF63B8A93633B96B1A /* Debug */ = {
			isa = XCBuildConfiguration;
			buildSettings = {
				CLANG_ENABLE_MODULES = YES;
				"CODE_SIGN_IDENTITY[sdk=iphoneos*]" = "";
				DEFINES_MODULE = YES;
				DEVELOPMENT_TEAM = "";
				DYLIB_COMPATIBILITY_VERSION = 1;
				DYLIB_CURRENT_VERSION = 1;
				DYLIB_INSTALL_NAME_BASE = "@rpath";
				FRAMEWORK_SEARCH_PATHS = (
					"$(inherited)",
					"$(PROJECT_DIR)/../Carthage/Build/iOS",
				);
				HEADER_SEARCH_PATHS = "${SRCROOT}/../Carthage/Build/iOS/Swifter.framework";
				INFOPLIST_FILE = AtlasMockAPI/Info.plist;
				INSTALL_PATH = "$(LOCAL_LIBRARY_DIR)/Frameworks";
				LD_RUNPATH_SEARCH_PATHS = "$(inherited) @executable_path/Frameworks @loader_path/Frameworks";
				PRODUCT_BUNDLE_IDENTIFIER = de.zalando.AtlasMockAPI;
				PRODUCT_NAME = "$(TARGET_NAME)";
				SKIP_INSTALL = YES;
				SWIFT_OPTIMIZATION_LEVEL = "-Onone";
				SWIFT_VERSION = 3.0;
			};
			name = Debug;
		};
		507802F994773260B4B4CBFA6D0568BE /* Release */ = {
			isa = XCBuildConfiguration;
			buildSettings = {
				CLANG_ENABLE_MODULES = YES;
				"CODE_SIGN_IDENTITY[sdk=iphoneos*]" = "";
				DEFINES_MODULE = YES;
				DEVELOPMENT_TEAM = "";
				DYLIB_COMPATIBILITY_VERSION = 1;
				DYLIB_CURRENT_VERSION = 1;
				DYLIB_INSTALL_NAME_BASE = "@rpath";
				FRAMEWORK_SEARCH_PATHS = (
					"$(inherited)",
					"$(PROJECT_DIR)/../Carthage/Build/iOS",
				);
				GCC_OPTIMIZATION_LEVEL = 0;
				HEADER_SEARCH_PATHS = "${SRCROOT}/../Carthage/Build/iOS/Swifter.framework";
				INFOPLIST_FILE = AtlasMockAPI/Info.plist;
				INSTALL_PATH = "$(LOCAL_LIBRARY_DIR)/Frameworks";
				LD_RUNPATH_SEARCH_PATHS = "$(inherited) @executable_path/Frameworks @loader_path/Frameworks";
				PRODUCT_BUNDLE_IDENTIFIER = de.zalando.AtlasMockAPI;
				PRODUCT_NAME = "$(TARGET_NAME)";
				SKIP_INSTALL = YES;
				SWIFT_VERSION = 3.0;
			};
			name = Release;
		};
		5517D36F0441335FBFA0C9083AA21A52 /* Debug */ = {
			isa = XCBuildConfiguration;
			buildSettings = {
				CODE_SIGN_IDENTITY = "-";
				FRAMEWORK_SEARCH_PATHS = "$(PROJECT_DIR)/../Carthage/Build/Mac";
				MACOSX_DEPLOYMENT_TARGET = 10.11;
				PRODUCT_NAME = "$(TARGET_NAME)";
				SDKROOT = macosx;
			};
			name = Debug;
		};
		6D5025E11D007D7308DD5D676A033C17 /* Debug */ = {
			isa = XCBuildConfiguration;
			buildSettings = {
				"CODE_SIGN_IDENTITY[sdk=iphoneos*]" = "iPhone Developer";
				DEVELOPMENT_TEAM = J67E9B6234;
				FRAMEWORK_SEARCH_PATHS = "$(PROJECT_DIR)/../Carthage/Build/iOS";
				INFOPLIST_FILE = AtlasMockAPITests/Info.plist;
				LD_RUNPATH_SEARCH_PATHS = "$(inherited) @executable_path/Frameworks @loader_path/Frameworks";
				PRODUCT_BUNDLE_IDENTIFIER = de.zalando.AtlasMockAPITests;
				PRODUCT_NAME = "$(TARGET_NAME)";
				SWIFT_VERSION = 3.0;
			};
			name = Debug;
		};
		8939BFDEA5B89AABEE0FC62F8E577471 /* Release */ = {
			isa = XCBuildConfiguration;
			buildSettings = {
				CODE_SIGN_IDENTITY = "-";
				FRAMEWORK_SEARCH_PATHS = "$(PROJECT_DIR)/../Carthage/Build/Mac";
				MACOSX_DEPLOYMENT_TARGET = 10.11;
				PRODUCT_NAME = "$(TARGET_NAME)";
				SDKROOT = macosx;
			};
			name = Release;
		};
		B8047CB412BA864C57F717E96D92F02D /* Release */ = {
			isa = XCBuildConfiguration;
			buildSettings = {
				ALWAYS_EMBED_SWIFT_STANDARD_LIBRARIES = YES;
				CODE_SIGN_IDENTITY = "-";
				COMBINE_HIDPI_IMAGES = YES;
				DEFINES_MODULE = YES;
				DYLIB_COMPATIBILITY_VERSION = 1;
				DYLIB_CURRENT_VERSION = 1;
				DYLIB_INSTALL_NAME_BASE = "@rpath";
				FRAMEWORK_SEARCH_PATHS = "$(PROJECT_DIR)/../Carthage/Build/Mac";
				FRAMEWORK_VERSION = A;
				INFOPLIST_FILE = "AtlasMockAPI-macOS/Info.plist";
				INSTALL_PATH = "$(LOCAL_LIBRARY_DIR)/Frameworks";
				LD_RUNPATH_SEARCH_PATHS = "$(inherited) @executable_path/../Frameworks @loader_path/Frameworks";
				MACOSX_DEPLOYMENT_TARGET = 10.11;
				PRODUCT_BUNDLE_IDENTIFIER = "de.zalando.atlas.AtlasMockAPI-macOS";
				PRODUCT_NAME = "$(TARGET_NAME)";
				SDKROOT = macosx;
				SKIP_INSTALL = YES;
			};
			name = Release;
		};
		F88E3D3D64E2E4380314D7B8D488B390 /* Release */ = {
			isa = XCBuildConfiguration;
			buildSettings = {
				"CODE_SIGN_IDENTITY[sdk=iphoneos*]" = "iPhone Developer";
				DEVELOPMENT_TEAM = J67E9B6234;
				FRAMEWORK_SEARCH_PATHS = "$(PROJECT_DIR)/../Carthage/Build/iOS";
				INFOPLIST_FILE = AtlasMockAPITests/Info.plist;
				LD_RUNPATH_SEARCH_PATHS = "$(inherited) @executable_path/Frameworks @loader_path/Frameworks";
				PRODUCT_BUNDLE_IDENTIFIER = de.zalando.AtlasMockAPITests;
				PRODUCT_NAME = "$(TARGET_NAME)";
				SWIFT_OPTIMIZATION_LEVEL = "-Owholemodule";
				SWIFT_VERSION = 3.0;
			};
			name = Release;
		};
		FDEBA5D22CFC26FE58A9C206FA91116F /* Debug */ = {
			isa = XCBuildConfiguration;
			buildSettings = {
				ALWAYS_SEARCH_USER_PATHS = NO;
				CLANG_ANALYZER_NONNULL = YES;
				CLANG_CXX_LANGUAGE_STANDARD = "gnu++0x";
				CLANG_CXX_LIBRARY = "libc++";
				CLANG_ENABLE_MODULES = YES;
				CLANG_ENABLE_OBJC_ARC = YES;
				CLANG_WARN_BOOL_CONVERSION = YES;
				CLANG_WARN_CONSTANT_CONVERSION = YES;
				CLANG_WARN_DIRECT_OBJC_ISA_USAGE = YES_ERROR;
				CLANG_WARN_EMPTY_BODY = YES;
				CLANG_WARN_ENUM_CONVERSION = YES;
				CLANG_WARN_INFINITE_RECURSION = YES;
				CLANG_WARN_INT_CONVERSION = YES;
				CLANG_WARN_OBJC_ROOT_CLASS = YES_ERROR;
				CLANG_WARN_SUSPICIOUS_MOVE = YES;
				CLANG_WARN_UNREACHABLE_CODE = YES;
				CLANG_WARN__DUPLICATE_METHOD_MATCH = YES;
				"CODE_SIGN_IDENTITY[sdk=iphoneos*]" = "iPhone Developer";
				COPY_PHASE_STRIP = NO;
				CURRENT_PROJECT_VERSION = 1;
				DEBUG_INFORMATION_FORMAT = dwarf;
				ENABLE_STRICT_OBJC_MSGSEND = YES;
				ENABLE_TESTABILITY = YES;
				GCC_C_LANGUAGE_STANDARD = gnu99;
				GCC_DYNAMIC_NO_PIC = NO;
				GCC_NO_COMMON_BLOCKS = YES;
				GCC_OPTIMIZATION_LEVEL = 0;
				GCC_PREPROCESSOR_DEFINITIONS = (
					"DEBUG=1",
					"$(inherited)",
				);
				GCC_WARN_64_TO_32_BIT_CONVERSION = YES;
				GCC_WARN_ABOUT_RETURN_TYPE = YES_ERROR;
				GCC_WARN_UNDECLARED_SELECTOR = YES;
				GCC_WARN_UNINITIALIZED_AUTOS = YES_AGGRESSIVE;
				GCC_WARN_UNUSED_FUNCTION = YES;
				GCC_WARN_UNUSED_VARIABLE = YES;
				INSTALL_GROUP = everyone;
				IPHONEOS_DEPLOYMENT_TARGET = 9.0;
				MTL_ENABLE_DEBUG_INFO = YES;
				ONLY_ACTIVE_ARCH = YES;
				OTHER_SWIFT_FLAGS = "$(inherited) -DDEBUG";
				SDKROOT = iphoneos;
				SWIFT_OPTIMIZATION_LEVEL = "-Onone";
				SWIFT_VERSION = 2.3;
				TARGETED_DEVICE_FAMILY = "1,2";
				VERSIONING_SYSTEM = "apple-generic";
				VERSION_INFO_PREFIX = "";
			};
			name = Debug;
		};
/* End XCBuildConfiguration section */

/* Begin XCConfigurationList section */
		49E92B076E10EA3CECC807AC33E062E1 /* Build configuration list for PBXNativeTarget "AtlasMockAPI" */ = {
			isa = XCConfigurationList;
			buildConfigurations = (
				283815C620A2ABAF63B8A93633B96B1A /* Debug */,
				507802F994773260B4B4CBFA6D0568BE /* Release */,
			);
			defaultConfigurationIsVisible = 0;
			defaultConfigurationName = Release;
		};
		73B63BBE0C784753FBE8D127CBF0E89E /* Build configuration list for PBXProject "AtlasMockAPI" */ = {
			isa = XCConfigurationList;
			buildConfigurations = (
				FDEBA5D22CFC26FE58A9C206FA91116F /* Debug */,
				24656566BB8B11C1A8F89813F97D638C /* Release */,
			);
			defaultConfigurationIsVisible = 0;
			defaultConfigurationName = Release;
		};
		9071A4A1390F719EF977619D5D7D74C5 /* Build configuration list for PBXNativeTarget "AtlasMockAPIRunner" */ = {
			isa = XCConfigurationList;
			buildConfigurations = (
				5517D36F0441335FBFA0C9083AA21A52 /* Debug */,
				8939BFDEA5B89AABEE0FC62F8E577471 /* Release */,
			);
			defaultConfigurationIsVisible = 0;
			defaultConfigurationName = Release;
		};
		A5323214607B578F6C83D374C4C1A923 /* Build configuration list for PBXNativeTarget "AtlasMockAPITests" */ = {
			isa = XCConfigurationList;
			buildConfigurations = (
				6D5025E11D007D7308DD5D676A033C17 /* Debug */,
				F88E3D3D64E2E4380314D7B8D488B390 /* Release */,
			);
			defaultConfigurationIsVisible = 0;
			defaultConfigurationName = Release;
		};
		CC77D3FB4E9189AC8C8ADE788FD2F6B3 /* Build configuration list for PBXNativeTarget "AtlasMockAPI_macOS" */ = {
			isa = XCConfigurationList;
			buildConfigurations = (
				152A6353EDAE4B2C7D12C8D9979DCF95 /* Debug */,
				B8047CB412BA864C57F717E96D92F02D /* Release */,
			);
			defaultConfigurationIsVisible = 0;
			defaultConfigurationName = Release;
		};
/* End XCConfigurationList section */
	};
	rootObject = D1A4913A3B1FAAEE35F16BA0FFC04918 /* Project object */;
}
